
Microsoft Visual Studio Solution File, Format Version 12.00
# Visual Studio 15
VisualStudioVersion = 15.0.26430.14
MinimumVisualStudioVersion = 10.0.40219.1
Project("{D954291E-2A0B-460D-934E-DC6B0785DB48}") = "Project_Plutus", "Project Plutus\Project_Plutus\Project_Plutus.shproj", "{AB988999-BEE3-4070-8755-A27D7187C568}"
EndProject
Project("{FAE04EC0-301F-11D3-BF4B-00C04F79EFBC}") = "Project_Plutus.Android", "Project Plutus\Project_Plutus.Android\Project_Plutus.Android.csproj", "{E8C83BC8-9997-4B16-A85B-0296A4A87BED}"
EndProject
Project("{FAE04EC0-301F-11D3-BF4B-00C04F79EFBC}") = "Project_Plutus.iOS", "Project Plutus\Project_Plutus.iOS\Project_Plutus.iOS.csproj", "{5C4557DD-B199-46A1-86B3-0AE980A3FE99}"
EndProject
Project("{FAE04EC0-301F-11D3-BF4B-00C04F79EFBC}") = "Project_Plutus.UWP", "Project Plutus\Project_Plutus.UWP\Project_Plutus.UWP.csproj", "{54A43757-BAA6-4213-ABC3-573DE9BA4F67}"
EndProject
Global
	GlobalSection(SharedMSBuildProjectFiles) = preSolution
		Project Plutus\Project_Plutus\Project_Plutus.projitems*{5c4557dd-b199-46a1-86b3-0ae980a3fe99}*SharedItemsImports = 4
		Project Plutus\Project_Plutus\Project_Plutus.projitems*{ab988999-bee3-4070-8755-a27d7187c568}*SharedItemsImports = 13
	EndGlobalSection
	GlobalSection(SolutionConfigurationPlatforms) = preSolution
		Debug|Any CPU = Debug|Any CPU
		Debug|ARM = Debug|ARM
		Debug|iPhone = Debug|iPhone
		Debug|iPhoneSimulator = Debug|iPhoneSimulator
		Debug|x64 = Debug|x64
		Debug|x86 = Debug|x86
		Release|Any CPU = Release|Any CPU
		Release|ARM = Release|ARM
		Release|iPhone = Release|iPhone
		Release|iPhoneSimulator = Release|iPhoneSimulator
		Release|x64 = Release|x64
		Release|x86 = Release|x86
	EndGlobalSection
	GlobalSection(ProjectConfigurationPlatforms) = postSolution
		{E8C83BC8-9997-4B16-A85B-0296A4A87BED}.Debug|Any CPU.ActiveCfg = Debug|Any CPU
		{E8C83BC8-9997-4B16-A85B-0296A4A87BED}.Debug|Any CPU.Build.0 = Debug|Any CPU
		{E8C83BC8-9997-4B16-A85B-0296A4A87BED}.Debug|Any CPU.Deploy.0 = Debug|Any CPU
		{E8C83BC8-9997-4B16-A85B-0296A4A87BED}.Debug|ARM.ActiveCfg = Debug|Any CPU
		{E8C83BC8-9997-4B16-A85B-0296A4A87BED}.Debug|ARM.Build.0 = Debug|Any CPU
		{E8C83BC8-9997-4B16-A85B-0296A4A87BED}.Debug|ARM.Deploy.0 = Debug|Any CPU
		{E8C83BC8-9997-4B16-A85B-0296A4A87BED}.Debug|iPhone.ActiveCfg = Debug|Any CPU
		{E8C83BC8-9997-4B16-A85B-0296A4A87BED}.Debug|iPhone.Build.0 = Debug|Any CPU
		{E8C83BC8-9997-4B16-A85B-0296A4A87BED}.Debug|iPhone.Deploy.0 = Debug|Any CPU
		{E8C83BC8-9997-4B16-A85B-0296A4A87BED}.Debug|iPhoneSimulator.ActiveCfg = Debug|Any CPU
		{E8C83BC8-9997-4B16-A85B-0296A4A87BED}.Debug|iPhoneSimulator.Build.0 = Debug|Any CPU
		{E8C83BC8-9997-4B16-A85B-0296A4A87BED}.Debug|iPhoneSimulator.Deploy.0 = Debug|Any CPU
		{E8C83BC8-9997-4B16-A85B-0296A4A87BED}.Debug|x64.ActiveCfg = Debug|Any CPU
		{E8C83BC8-9997-4B16-A85B-0296A4A87BED}.Debug|x64.Build.0 = Debug|Any CPU
		{E8C83BC8-9997-4B16-A85B-0296A4A87BED}.Debug|x64.Deploy.0 = Debug|Any CPU
		{E8C83BC8-9997-4B16-A85B-0296A4A87BED}.Debug|x86.ActiveCfg = Debug|Any CPU
		{E8C83BC8-9997-4B16-A85B-0296A4A87BED}.Debug|x86.Build.0 = Debug|Any CPU
		{E8C83BC8-9997-4B16-A85B-0296A4A87BED}.Debug|x86.Deploy.0 = Debug|Any CPU
		{E8C83BC8-9997-4B16-A85B-0296A4A87BED}.Release|Any CPU.ActiveCfg = Release|Any CPU
		{E8C83BC8-9997-4B16-A85B-0296A4A87BED}.Release|Any CPU.Build.0 = Release|Any CPU
		{E8C83BC8-9997-4B16-A85B-0296A4A87BED}.Release|Any CPU.Deploy.0 = Release|Any CPU
		{E8C83BC8-9997-4B16-A85B-0296A4A87BED}.Release|ARM.ActiveCfg = Release|Any CPU
		{E8C83BC8-9997-4B16-A85B-0296A4A87BED}.Release|ARM.Build.0 = Release|Any CPU
		{E8C83BC8-9997-4B16-A85B-0296A4A87BED}.Release|ARM.Deploy.0 = Release|Any CPU
		{E8C83BC8-9997-4B16-A85B-0296A4A87BED}.Release|iPhone.ActiveCfg = Release|Any CPU
		{E8C83BC8-9997-4B16-A85B-0296A4A87BED}.Release|iPhone.Build.0 = Release|Any CPU
		{E8C83BC8-9997-4B16-A85B-0296A4A87BED}.Release|iPhone.Deploy.0 = Release|Any CPU
		{E8C83BC8-9997-4B16-A85B-0296A4A87BED}.Release|iPhoneSimulator.ActiveCfg = Release|Any CPU
		{E8C83BC8-9997-4B16-A85B-0296A4A87BED}.Release|iPhoneSimulator.Build.0 = Release|Any CPU
		{E8C83BC8-9997-4B16-A85B-0296A4A87BED}.Release|iPhoneSimulator.Deploy.0 = Release|Any CPU
		{E8C83BC8-9997-4B16-A85B-0296A4A87BED}.Release|x64.ActiveCfg = Release|Any CPU
		{E8C83BC8-9997-4B16-A85B-0296A4A87BED}.Release|x64.Build.0 = Release|Any CPU
		{E8C83BC8-9997-4B16-A85B-0296A4A87BED}.Release|x64.Deploy.0 = Release|Any CPU
		{E8C83BC8-9997-4B16-A85B-0296A4A87BED}.Release|x86.ActiveCfg = Release|Any CPU
		{E8C83BC8-9997-4B16-A85B-0296A4A87BED}.Release|x86.Build.0 = Release|Any CPU
		{E8C83BC8-9997-4B16-A85B-0296A4A87BED}.Release|x86.Deploy.0 = Release|Any CPU
		{5C4557DD-B199-46A1-86B3-0AE980A3FE99}.Debug|Any CPU.ActiveCfg = Debug|iPhone
		{5C4557DD-B199-46A1-86B3-0AE980A3FE99}.Debug|ARM.ActiveCfg = Debug|iPhone
		{5C4557DD-B199-46A1-86B3-0AE980A3FE99}.Debug|iPhone.ActiveCfg = Debug|iPhone
		{5C4557DD-B199-46A1-86B3-0AE980A3FE99}.Debug|iPhone.Build.0 = Debug|iPhone
		{5C4557DD-B199-46A1-86B3-0AE980A3FE99}.Debug|iPhoneSimulator.ActiveCfg = Debug|iPhoneSimulator
		{5C4557DD-B199-46A1-86B3-0AE980A3FE99}.Debug|iPhoneSimulator.Build.0 = Debug|iPhoneSimulator
		{5C4557DD-B199-46A1-86B3-0AE980A3FE99}.Debug|x64.ActiveCfg = Debug|iPhone
		{5C4557DD-B199-46A1-86B3-0AE980A3FE99}.Debug|x86.ActiveCfg = Debug|iPhone
		{5C4557DD-B199-46A1-86B3-0AE980A3FE99}.Release|Any CPU.ActiveCfg = Release|iPhone
		{5C4557DD-B199-46A1-86B3-0AE980A3FE99}.Release|ARM.ActiveCfg = Release|iPhone
		{5C4557DD-B199-46A1-86B3-0AE980A3FE99}.Release|iPhone.ActiveCfg = Release|iPhone
		{5C4557DD-B199-46A1-86B3-0AE980A3FE99}.Release|iPhone.Build.0 = Release|iPhone
		{5C4557DD-B199-46A1-86B3-0AE980A3FE99}.Release|iPhoneSimulator.ActiveCfg = Release|iPhoneSimulator
		{5C4557DD-B199-46A1-86B3-0AE980A3FE99}.Release|iPhoneSimulator.Build.0 = Release|iPhoneSimulator
		{5C4557DD-B199-46A1-86B3-0AE980A3FE99}.Release|x64.ActiveCfg = Release|iPhone
		{5C4557DD-B199-46A1-86B3-0AE980A3FE99}.Release|x86.ActiveCfg = Release|iPhone
		{54A43757-BAA6-4213-ABC3-573DE9BA4F67}.Debug|Any CPU.ActiveCfg = Debug|x86
		{54A43757-BAA6-4213-ABC3-573DE9BA4F67}.Debug|ARM.ActiveCfg = Debug|ARM
		{54A43757-BAA6-4213-ABC3-573DE9BA4F67}.Debug|ARM.Build.0 = Debug|ARM
		{54A43757-BAA6-4213-ABC3-573DE9BA4F67}.Debug|ARM.Deploy.0 = Debug|ARM
		{54A43757-BAA6-4213-ABC3-573DE9BA4F67}.Debug|iPhone.ActiveCfg = Debug|x86
		{54A43757-BAA6-4213-ABC3-573DE9BA4F67}.Debug|iPhoneSimulator.ActiveCfg = Debug|x86
		{54A43757-BAA6-4213-ABC3-573DE9BA4F67}.Debug|x64.ActiveCfg = Debug|x64
		{54A43757-BAA6-4213-ABC3-573DE9BA4F67}.Debug|x64.Build.0 = Debug|x64
		{54A43757-BAA6-4213-ABC3-573DE9BA4F67}.Debug|x64.Deploy.0 = Debug|x64
		{54A43757-BAA6-4213-ABC3-573DE9BA4F67}.Debug|x86.ActiveCfg = Debug|x86
		{54A43757-BAA6-4213-ABC3-573DE9BA4F67}.Debug|x86.Build.0 = Debug|x86
		{54A43757-BAA6-4213-ABC3-573DE9BA4F67}.Debug|x86.Deploy.0 = Debug|x86
		{54A43757-BAA6-4213-ABC3-573DE9BA4F67}.Release|Any CPU.ActiveCfg = Release|x86
		{54A43757-BAA6-4213-ABC3-573DE9BA4F67}.Release|ARM.ActiveCfg = Release|ARM
		{54A43757-BAA6-4213-ABC3-573DE9BA4F67}.Release|ARM.Build.0 = Release|ARM
		{54A43757-BAA6-4213-ABC3-573DE9BA4F67}.Release|ARM.Deploy.0 = Release|ARM
		{54A43757-BAA6-4213-ABC3-573DE9BA4F67}.Release|iPhone.ActiveCfg = Release|x86
		{54A43757-BAA6-4213-ABC3-573DE9BA4F67}.Release|iPhoneSimulator.ActiveCfg = Release|x86
		{54A43757-BAA6-4213-ABC3-573DE9BA4F67}.Release|x64.ActiveCfg = Release|x64
		{54A43757-BAA6-4213-ABC3-573DE9BA4F67}.Release|x64.Build.0 = Release|x64
		{54A43757-BAA6-4213-ABC3-573DE9BA4F67}.Release|x64.Deploy.0 = Release|x64
		{54A43757-BAA6-4213-ABC3-573DE9BA4F67}.Release|x86.ActiveCfg = Release|x86
		{54A43757-BAA6-4213-ABC3-573DE9BA4F67}.Release|x86.Build.0 = Release|x86
		{54A43757-BAA6-4213-ABC3-573DE9BA4F67}.Release|x86.Deploy.0 = Release|x86
	EndGlobalSection
	GlobalSection(SolutionProperties) = preSolution
		HideSolutionNode = FALSE
	EndGlobalSection
EndGlobal
