
Microsoft Visual Studio Solution File, Format Version 12.00
# Visual Studio 15
VisualStudioVersion = 15.0.27130.2036
MinimumVisualStudioVersion = 10.0.40219.1
Project("{FAE04EC0-301F-11D3-BF4B-00C04F79EFBC}") = "Plutus.Android", "Plutus\Plutus.Android\Plutus.Android.csproj", "{E5838BC8-D859-4941-9696-6E600AB87F8A}"
EndProject
Project("{FAE04EC0-301F-11D3-BF4B-00C04F79EFBC}") = "Plutus.iOS", "Plutus\Plutus.iOS\Plutus.iOS.csproj", "{E3FADFE3-6F51-4444-B3D2-74EBD9E726B9}"
EndProject
Project("{FAE04EC0-301F-11D3-BF4B-00C04F79EFBC}") = "Plutus.UWP", "Plutus\Plutus.UWP\Plutus.UWP.csproj", "{49127650-D6CD-40C0-B237-1C510D7BC702}"
	ProjectSection(ProjectDependencies) = postProject
		{4D9BF699-7F59-47D9-A439-569971035F9E} = {4D9BF699-7F59-47D9-A439-569971035F9E}
	EndProjectSection
EndProject
Project("{FAE04EC0-301F-11D3-BF4B-00C04F79EFBC}") = "I18N_L10N", "I18N_L10N\I18N_L10N.csproj", "{67F9D3A8-F71E-4428-913F-C37AE82CDB24}"
EndProject
Project("{FAE04EC0-301F-11D3-BF4B-00C04F79EFBC}") = "CustomViews", "CustomViews\CustomViews.csproj", "{695A73EB-1295-4DEF-9C89-D324720428DB}"
EndProject
Project("{FAE04EC0-301F-11D3-BF4B-00C04F79EFBC}") = "POSIntegration", "POSIntegration\POSIntegration.csproj", "{4D9BF699-7F59-47D9-A439-569971035F9E}"
EndProject
Project("{9A19103F-16F7-4668-BE54-9A1E7A4F7556}") = "Database", "Database\Database.csproj", "{45D390E4-AE4A-4776-A141-0B8D2DD7E9FC}"
EndProject
Project("{9A19103F-16F7-4668-BE54-9A1E7A4F7556}") = "Database.Migations.Startup", "Database.Migations.Startup\Database.Migations.Startup.csproj", "{6FC4C0F6-B40B-48D4-BF3D-2A34A2E81BC8}"
EndProject
Project("{2150E333-8FDC-42A3-9474-1A3956D46DE8}") = "Solution Items", "Solution Items", "{D6642C1F-EB5A-405B-A178-344B7EA9F407}"
	ProjectSection(SolutionItems) = preProject
		Nuget.config = Nuget.config
	EndProjectSection
EndProject
Project("{D954291E-2A0B-460D-934E-DC6B0785DB48}") = "Plutus", "Plutus\Plutus\Plutus.shproj", "{4ECB5881-9E0A-44E3-8DEC-27E419B54A18}"
EndProject
Global
	GlobalSection(SharedMSBuildProjectFiles) = preSolution
		Plutus\Plutus\Plutus.projitems*{49127650-d6cd-40c0-b237-1c510d7bc702}*SharedItemsImports = 4
		Plutus\Plutus\Plutus.projitems*{4ecb5881-9e0a-44e3-8dec-27e419b54a18}*SharedItemsImports = 13
		Plutus\Plutus\Plutus.projitems*{e3fadfe3-6f51-4444-b3d2-74ebd9e726b9}*SharedItemsImports = 4
		Plutus\Plutus\Plutus.projitems*{e5838bc8-d859-4941-9696-6e600ab87f8a}*SharedItemsImports = 4
	EndGlobalSection
	GlobalSection(SolutionConfigurationPlatforms) = preSolution
		Ad-Hoc|Any CPU = Ad-Hoc|Any CPU
		Ad-Hoc|ARM = Ad-Hoc|ARM
		Ad-Hoc|iPhone = Ad-Hoc|iPhone
		Ad-Hoc|iPhoneSimulator = Ad-Hoc|iPhoneSimulator
		Ad-Hoc|x64 = Ad-Hoc|x64
		Ad-Hoc|x86 = Ad-Hoc|x86
		AppStore|Any CPU = AppStore|Any CPU
		AppStore|ARM = AppStore|ARM
		AppStore|iPhone = AppStore|iPhone
		AppStore|iPhoneSimulator = AppStore|iPhoneSimulator
		AppStore|x64 = AppStore|x64
		AppStore|x86 = AppStore|x86
		Debug|Any CPU = Debug|Any CPU
		Debug|ARM = Debug|ARM
		Debug|iPhone = Debug|iPhone
		Debug|iPhoneSimulator = Debug|iPhoneSimulator
		Debug|x64 = Debug|x64
		Debug|x86 = Debug|x86
		Release|Any CPU = Release|Any CPU
		Release|ARM = Release|ARM
		Release|iPhone = Release|iPhone
		Release|iPhoneSimulator = Release|iPhoneSimulator
		Release|x64 = Release|x64
		Release|x86 = Release|x86
	EndGlobalSection
	GlobalSection(ProjectConfigurationPlatforms) = postSolution
		{E5838BC8-D859-4941-9696-6E600AB87F8A}.Ad-Hoc|Any CPU.ActiveCfg = Release|Any CPU
		{E5838BC8-D859-4941-9696-6E600AB87F8A}.Ad-Hoc|Any CPU.Build.0 = Release|Any CPU
		{E5838BC8-D859-4941-9696-6E600AB87F8A}.Ad-Hoc|Any CPU.Deploy.0 = Release|Any CPU
		{E5838BC8-D859-4941-9696-6E600AB87F8A}.Ad-Hoc|ARM.ActiveCfg = Release|Any CPU
		{E5838BC8-D859-4941-9696-6E600AB87F8A}.Ad-Hoc|ARM.Build.0 = Release|Any CPU
		{E5838BC8-D859-4941-9696-6E600AB87F8A}.Ad-Hoc|ARM.Deploy.0 = Release|Any CPU
		{E5838BC8-D859-4941-9696-6E600AB87F8A}.Ad-Hoc|iPhone.ActiveCfg = Release|Any CPU
		{E5838BC8-D859-4941-9696-6E600AB87F8A}.Ad-Hoc|iPhone.Build.0 = Release|Any CPU
		{E5838BC8-D859-4941-9696-6E600AB87F8A}.Ad-Hoc|iPhone.Deploy.0 = Release|Any CPU
		{E5838BC8-D859-4941-9696-6E600AB87F8A}.Ad-Hoc|iPhoneSimulator.ActiveCfg = Release|Any CPU
		{E5838BC8-D859-4941-9696-6E600AB87F8A}.Ad-Hoc|iPhoneSimulator.Build.0 = Release|Any CPU
		{E5838BC8-D859-4941-9696-6E600AB87F8A}.Ad-Hoc|iPhoneSimulator.Deploy.0 = Release|Any CPU
		{E5838BC8-D859-4941-9696-6E600AB87F8A}.Ad-Hoc|x64.ActiveCfg = Release|Any CPU
		{E5838BC8-D859-4941-9696-6E600AB87F8A}.Ad-Hoc|x64.Build.0 = Release|Any CPU
		{E5838BC8-D859-4941-9696-6E600AB87F8A}.Ad-Hoc|x64.Deploy.0 = Release|Any CPU
		{E5838BC8-D859-4941-9696-6E600AB87F8A}.Ad-Hoc|x86.ActiveCfg = Release|Any CPU
		{E5838BC8-D859-4941-9696-6E600AB87F8A}.Ad-Hoc|x86.Build.0 = Release|Any CPU
		{E5838BC8-D859-4941-9696-6E600AB87F8A}.Ad-Hoc|x86.Deploy.0 = Release|Any CPU
		{E5838BC8-D859-4941-9696-6E600AB87F8A}.AppStore|Any CPU.ActiveCfg = Release|Any CPU
		{E5838BC8-D859-4941-9696-6E600AB87F8A}.AppStore|Any CPU.Build.0 = Release|Any CPU
		{E5838BC8-D859-4941-9696-6E600AB87F8A}.AppStore|Any CPU.Deploy.0 = Release|Any CPU
		{E5838BC8-D859-4941-9696-6E600AB87F8A}.AppStore|ARM.ActiveCfg = Release|Any CPU
		{E5838BC8-D859-4941-9696-6E600AB87F8A}.AppStore|ARM.Build.0 = Release|Any CPU
		{E5838BC8-D859-4941-9696-6E600AB87F8A}.AppStore|ARM.Deploy.0 = Release|Any CPU
		{E5838BC8-D859-4941-9696-6E600AB87F8A}.AppStore|iPhone.ActiveCfg = Release|Any CPU
		{E5838BC8-D859-4941-9696-6E600AB87F8A}.AppStore|iPhone.Build.0 = Release|Any CPU
		{E5838BC8-D859-4941-9696-6E600AB87F8A}.AppStore|iPhone.Deploy.0 = Release|Any CPU
		{E5838BC8-D859-4941-9696-6E600AB87F8A}.AppStore|iPhoneSimulator.ActiveCfg = Release|Any CPU
		{E5838BC8-D859-4941-9696-6E600AB87F8A}.AppStore|iPhoneSimulator.Build.0 = Release|Any CPU
		{E5838BC8-D859-4941-9696-6E600AB87F8A}.AppStore|iPhoneSimulator.Deploy.0 = Release|Any CPU
		{E5838BC8-D859-4941-9696-6E600AB87F8A}.AppStore|x64.ActiveCfg = Release|Any CPU
		{E5838BC8-D859-4941-9696-6E600AB87F8A}.AppStore|x64.Build.0 = Release|Any CPU
		{E5838BC8-D859-4941-9696-6E600AB87F8A}.AppStore|x64.Deploy.0 = Release|Any CPU
		{E5838BC8-D859-4941-9696-6E600AB87F8A}.AppStore|x86.ActiveCfg = Release|Any CPU
		{E5838BC8-D859-4941-9696-6E600AB87F8A}.AppStore|x86.Build.0 = Release|Any CPU
		{E5838BC8-D859-4941-9696-6E600AB87F8A}.AppStore|x86.Deploy.0 = Release|Any CPU
		{E5838BC8-D859-4941-9696-6E600AB87F8A}.Debug|Any CPU.ActiveCfg = Debug|Any CPU
		{E5838BC8-D859-4941-9696-6E600AB87F8A}.Debug|Any CPU.Build.0 = Debug|Any CPU
		{E5838BC8-D859-4941-9696-6E600AB87F8A}.Debug|Any CPU.Deploy.0 = Debug|Any CPU
		{E5838BC8-D859-4941-9696-6E600AB87F8A}.Debug|ARM.ActiveCfg = Debug|Any CPU
		{E5838BC8-D859-4941-9696-6E600AB87F8A}.Debug|ARM.Build.0 = Debug|Any CPU
		{E5838BC8-D859-4941-9696-6E600AB87F8A}.Debug|ARM.Deploy.0 = Debug|Any CPU
		{E5838BC8-D859-4941-9696-6E600AB87F8A}.Debug|iPhone.ActiveCfg = Debug|Any CPU
		{E5838BC8-D859-4941-9696-6E600AB87F8A}.Debug|iPhone.Build.0 = Debug|Any CPU
		{E5838BC8-D859-4941-9696-6E600AB87F8A}.Debug|iPhone.Deploy.0 = Debug|Any CPU
		{E5838BC8-D859-4941-9696-6E600AB87F8A}.Debug|iPhoneSimulator.ActiveCfg = Debug|Any CPU
		{E5838BC8-D859-4941-9696-6E600AB87F8A}.Debug|iPhoneSimulator.Build.0 = Debug|Any CPU
		{E5838BC8-D859-4941-9696-6E600AB87F8A}.Debug|iPhoneSimulator.Deploy.0 = Debug|Any CPU
		{E5838BC8-D859-4941-9696-6E600AB87F8A}.Debug|x64.ActiveCfg = Debug|Any CPU
		{E5838BC8-D859-4941-9696-6E600AB87F8A}.Debug|x64.Build.0 = Debug|Any CPU
		{E5838BC8-D859-4941-9696-6E600AB87F8A}.Debug|x64.Deploy.0 = Debug|Any CPU
		{E5838BC8-D859-4941-9696-6E600AB87F8A}.Debug|x86.ActiveCfg = Debug|Any CPU
		{E5838BC8-D859-4941-9696-6E600AB87F8A}.Debug|x86.Build.0 = Debug|Any CPU
		{E5838BC8-D859-4941-9696-6E600AB87F8A}.Debug|x86.Deploy.0 = Debug|Any CPU
		{E5838BC8-D859-4941-9696-6E600AB87F8A}.Release|Any CPU.ActiveCfg = Release|Any CPU
		{E5838BC8-D859-4941-9696-6E600AB87F8A}.Release|Any CPU.Build.0 = Release|Any CPU
		{E5838BC8-D859-4941-9696-6E600AB87F8A}.Release|Any CPU.Deploy.0 = Release|Any CPU
		{E5838BC8-D859-4941-9696-6E600AB87F8A}.Release|ARM.ActiveCfg = Release|Any CPU
		{E5838BC8-D859-4941-9696-6E600AB87F8A}.Release|ARM.Build.0 = Release|Any CPU
		{E5838BC8-D859-4941-9696-6E600AB87F8A}.Release|ARM.Deploy.0 = Release|Any CPU
		{E5838BC8-D859-4941-9696-6E600AB87F8A}.Release|iPhone.ActiveCfg = Release|Any CPU
		{E5838BC8-D859-4941-9696-6E600AB87F8A}.Release|iPhone.Build.0 = Release|Any CPU
		{E5838BC8-D859-4941-9696-6E600AB87F8A}.Release|iPhone.Deploy.0 = Release|Any CPU
		{E5838BC8-D859-4941-9696-6E600AB87F8A}.Release|iPhoneSimulator.ActiveCfg = Release|Any CPU
		{E5838BC8-D859-4941-9696-6E600AB87F8A}.Release|iPhoneSimulator.Build.0 = Release|Any CPU
		{E5838BC8-D859-4941-9696-6E600AB87F8A}.Release|iPhoneSimulator.Deploy.0 = Release|Any CPU
		{E5838BC8-D859-4941-9696-6E600AB87F8A}.Release|x64.ActiveCfg = Release|Any CPU
		{E5838BC8-D859-4941-9696-6E600AB87F8A}.Release|x64.Build.0 = Release|Any CPU
		{E5838BC8-D859-4941-9696-6E600AB87F8A}.Release|x64.Deploy.0 = Release|Any CPU
		{E5838BC8-D859-4941-9696-6E600AB87F8A}.Release|x86.ActiveCfg = Release|Any CPU
		{E5838BC8-D859-4941-9696-6E600AB87F8A}.Release|x86.Build.0 = Release|Any CPU
		{E5838BC8-D859-4941-9696-6E600AB87F8A}.Release|x86.Deploy.0 = Release|Any CPU
		{E3FADFE3-6F51-4444-B3D2-74EBD9E726B9}.Ad-Hoc|Any CPU.ActiveCfg = Ad-Hoc|iPhone
		{E3FADFE3-6F51-4444-B3D2-74EBD9E726B9}.Ad-Hoc|ARM.ActiveCfg = Ad-Hoc|iPhone
		{E3FADFE3-6F51-4444-B3D2-74EBD9E726B9}.Ad-Hoc|iPhone.ActiveCfg = Ad-Hoc|iPhone
		{E3FADFE3-6F51-4444-B3D2-74EBD9E726B9}.Ad-Hoc|iPhone.Build.0 = Ad-Hoc|iPhone
		{E3FADFE3-6F51-4444-B3D2-74EBD9E726B9}.Ad-Hoc|iPhoneSimulator.ActiveCfg = Ad-Hoc|iPhoneSimulator
		{E3FADFE3-6F51-4444-B3D2-74EBD9E726B9}.Ad-Hoc|iPhoneSimulator.Build.0 = Ad-Hoc|iPhoneSimulator
		{E3FADFE3-6F51-4444-B3D2-74EBD9E726B9}.Ad-Hoc|x64.ActiveCfg = Ad-Hoc|iPhone
		{E3FADFE3-6F51-4444-B3D2-74EBD9E726B9}.Ad-Hoc|x86.ActiveCfg = Ad-Hoc|iPhone
		{E3FADFE3-6F51-4444-B3D2-74EBD9E726B9}.AppStore|Any CPU.ActiveCfg = AppStore|iPhone
		{E3FADFE3-6F51-4444-B3D2-74EBD9E726B9}.AppStore|ARM.ActiveCfg = AppStore|iPhone
		{E3FADFE3-6F51-4444-B3D2-74EBD9E726B9}.AppStore|iPhone.ActiveCfg = AppStore|iPhone
		{E3FADFE3-6F51-4444-B3D2-74EBD9E726B9}.AppStore|iPhone.Build.0 = AppStore|iPhone
		{E3FADFE3-6F51-4444-B3D2-74EBD9E726B9}.AppStore|iPhoneSimulator.ActiveCfg = AppStore|iPhoneSimulator
		{E3FADFE3-6F51-4444-B3D2-74EBD9E726B9}.AppStore|iPhoneSimulator.Build.0 = AppStore|iPhoneSimulator
		{E3FADFE3-6F51-4444-B3D2-74EBD9E726B9}.AppStore|x64.ActiveCfg = AppStore|iPhone
		{E3FADFE3-6F51-4444-B3D2-74EBD9E726B9}.AppStore|x86.ActiveCfg = AppStore|iPhone
		{E3FADFE3-6F51-4444-B3D2-74EBD9E726B9}.Debug|Any CPU.ActiveCfg = Debug|iPhone
		{E3FADFE3-6F51-4444-B3D2-74EBD9E726B9}.Debug|Any CPU.Build.0 = Debug|iPhone
		{E3FADFE3-6F51-4444-B3D2-74EBD9E726B9}.Debug|ARM.ActiveCfg = Debug|iPhone
		{E3FADFE3-6F51-4444-B3D2-74EBD9E726B9}.Debug|iPhone.ActiveCfg = Debug|iPhone
		{E3FADFE3-6F51-4444-B3D2-74EBD9E726B9}.Debug|iPhone.Build.0 = Debug|iPhone
		{E3FADFE3-6F51-4444-B3D2-74EBD9E726B9}.Debug|iPhoneSimulator.ActiveCfg = Debug|iPhoneSimulator
		{E3FADFE3-6F51-4444-B3D2-74EBD9E726B9}.Debug|iPhoneSimulator.Build.0 = Debug|iPhoneSimulator
		{E3FADFE3-6F51-4444-B3D2-74EBD9E726B9}.Debug|x64.ActiveCfg = Debug|iPhone
		{E3FADFE3-6F51-4444-B3D2-74EBD9E726B9}.Debug|x86.ActiveCfg = Debug|iPhone
		{E3FADFE3-6F51-4444-B3D2-74EBD9E726B9}.Release|Any CPU.ActiveCfg = Release|iPhone
		{E3FADFE3-6F51-4444-B3D2-74EBD9E726B9}.Release|ARM.ActiveCfg = Release|iPhone
		{E3FADFE3-6F51-4444-B3D2-74EBD9E726B9}.Release|iPhone.ActiveCfg = Release|iPhone
		{E3FADFE3-6F51-4444-B3D2-74EBD9E726B9}.Release|iPhone.Build.0 = Release|iPhone
		{E3FADFE3-6F51-4444-B3D2-74EBD9E726B9}.Release|iPhoneSimulator.ActiveCfg = Release|iPhoneSimulator
		{E3FADFE3-6F51-4444-B3D2-74EBD9E726B9}.Release|iPhoneSimulator.Build.0 = Release|iPhoneSimulator
		{E3FADFE3-6F51-4444-B3D2-74EBD9E726B9}.Release|x64.ActiveCfg = Release|iPhone
		{E3FADFE3-6F51-4444-B3D2-74EBD9E726B9}.Release|x86.ActiveCfg = Release|iPhone
		{49127650-D6CD-40C0-B237-1C510D7BC702}.Ad-Hoc|Any CPU.ActiveCfg = Release|x86
		{49127650-D6CD-40C0-B237-1C510D7BC702}.Ad-Hoc|Any CPU.Build.0 = Release|x86
		{49127650-D6CD-40C0-B237-1C510D7BC702}.Ad-Hoc|Any CPU.Deploy.0 = Release|x86
		{49127650-D6CD-40C0-B237-1C510D7BC702}.Ad-Hoc|ARM.ActiveCfg = Release|ARM
		{49127650-D6CD-40C0-B237-1C510D7BC702}.Ad-Hoc|ARM.Build.0 = Release|ARM
		{49127650-D6CD-40C0-B237-1C510D7BC702}.Ad-Hoc|ARM.Deploy.0 = Release|ARM
		{49127650-D6CD-40C0-B237-1C510D7BC702}.Ad-Hoc|iPhone.ActiveCfg = Release|x86
		{49127650-D6CD-40C0-B237-1C510D7BC702}.Ad-Hoc|iPhone.Build.0 = Release|x86
		{49127650-D6CD-40C0-B237-1C510D7BC702}.Ad-Hoc|iPhone.Deploy.0 = Release|x86
		{49127650-D6CD-40C0-B237-1C510D7BC702}.Ad-Hoc|iPhoneSimulator.ActiveCfg = Release|x86
		{49127650-D6CD-40C0-B237-1C510D7BC702}.Ad-Hoc|iPhoneSimulator.Build.0 = Release|x86
		{49127650-D6CD-40C0-B237-1C510D7BC702}.Ad-Hoc|iPhoneSimulator.Deploy.0 = Release|x86
		{49127650-D6CD-40C0-B237-1C510D7BC702}.Ad-Hoc|x64.ActiveCfg = Release|x64
		{49127650-D6CD-40C0-B237-1C510D7BC702}.Ad-Hoc|x64.Build.0 = Release|x64
		{49127650-D6CD-40C0-B237-1C510D7BC702}.Ad-Hoc|x64.Deploy.0 = Release|x64
		{49127650-D6CD-40C0-B237-1C510D7BC702}.Ad-Hoc|x86.ActiveCfg = Release|x86
		{49127650-D6CD-40C0-B237-1C510D7BC702}.Ad-Hoc|x86.Build.0 = Release|x86
		{49127650-D6CD-40C0-B237-1C510D7BC702}.Ad-Hoc|x86.Deploy.0 = Release|x86
		{49127650-D6CD-40C0-B237-1C510D7BC702}.AppStore|Any CPU.ActiveCfg = Release|x86
		{49127650-D6CD-40C0-B237-1C510D7BC702}.AppStore|Any CPU.Build.0 = Release|x86
		{49127650-D6CD-40C0-B237-1C510D7BC702}.AppStore|Any CPU.Deploy.0 = Release|x86
		{49127650-D6CD-40C0-B237-1C510D7BC702}.AppStore|ARM.ActiveCfg = Release|ARM
		{49127650-D6CD-40C0-B237-1C510D7BC702}.AppStore|ARM.Build.0 = Release|ARM
		{49127650-D6CD-40C0-B237-1C510D7BC702}.AppStore|ARM.Deploy.0 = Release|ARM
		{49127650-D6CD-40C0-B237-1C510D7BC702}.AppStore|iPhone.ActiveCfg = Release|x86
		{49127650-D6CD-40C0-B237-1C510D7BC702}.AppStore|iPhone.Build.0 = Release|x86
		{49127650-D6CD-40C0-B237-1C510D7BC702}.AppStore|iPhone.Deploy.0 = Release|x86
		{49127650-D6CD-40C0-B237-1C510D7BC702}.AppStore|iPhoneSimulator.ActiveCfg = Release|x86
		{49127650-D6CD-40C0-B237-1C510D7BC702}.AppStore|iPhoneSimulator.Build.0 = Release|x86
		{49127650-D6CD-40C0-B237-1C510D7BC702}.AppStore|iPhoneSimulator.Deploy.0 = Release|x86
		{49127650-D6CD-40C0-B237-1C510D7BC702}.AppStore|x64.ActiveCfg = Release|x64
		{49127650-D6CD-40C0-B237-1C510D7BC702}.AppStore|x64.Build.0 = Release|x64
		{49127650-D6CD-40C0-B237-1C510D7BC702}.AppStore|x64.Deploy.0 = Release|x64
		{49127650-D6CD-40C0-B237-1C510D7BC702}.AppStore|x86.ActiveCfg = Release|x86
		{49127650-D6CD-40C0-B237-1C510D7BC702}.AppStore|x86.Build.0 = Release|x86
		{49127650-D6CD-40C0-B237-1C510D7BC702}.AppStore|x86.Deploy.0 = Release|x86
		{49127650-D6CD-40C0-B237-1C510D7BC702}.Debug|Any CPU.ActiveCfg = Debug|x86
		{49127650-D6CD-40C0-B237-1C510D7BC702}.Debug|Any CPU.Build.0 = Debug|x86
		{49127650-D6CD-40C0-B237-1C510D7BC702}.Debug|Any CPU.Deploy.0 = Debug|x86
		{49127650-D6CD-40C0-B237-1C510D7BC702}.Debug|ARM.ActiveCfg = Debug|ARM
		{49127650-D6CD-40C0-B237-1C510D7BC702}.Debug|ARM.Build.0 = Debug|ARM
		{49127650-D6CD-40C0-B237-1C510D7BC702}.Debug|ARM.Deploy.0 = Debug|ARM
		{49127650-D6CD-40C0-B237-1C510D7BC702}.Debug|iPhone.ActiveCfg = Debug|x86
		{49127650-D6CD-40C0-B237-1C510D7BC702}.Debug|iPhone.Build.0 = Debug|x86
		{49127650-D6CD-40C0-B237-1C510D7BC702}.Debug|iPhone.Deploy.0 = Debug|x86
		{49127650-D6CD-40C0-B237-1C510D7BC702}.Debug|iPhoneSimulator.ActiveCfg = Debug|x86
		{49127650-D6CD-40C0-B237-1C510D7BC702}.Debug|iPhoneSimulator.Deploy.0 = Debug|x86
		{49127650-D6CD-40C0-B237-1C510D7BC702}.Debug|x64.ActiveCfg = Debug|x64
		{49127650-D6CD-40C0-B237-1C510D7BC702}.Debug|x64.Build.0 = Debug|x64
		{49127650-D6CD-40C0-B237-1C510D7BC702}.Debug|x64.Deploy.0 = Debug|x64
		{49127650-D6CD-40C0-B237-1C510D7BC702}.Debug|x86.ActiveCfg = Debug|x86
		{49127650-D6CD-40C0-B237-1C510D7BC702}.Debug|x86.Build.0 = Debug|x86
		{49127650-D6CD-40C0-B237-1C510D7BC702}.Debug|x86.Deploy.0 = Debug|x86
		{49127650-D6CD-40C0-B237-1C510D7BC702}.Release|Any CPU.ActiveCfg = Release|x86
		{49127650-D6CD-40C0-B237-1C510D7BC702}.Release|Any CPU.Build.0 = Release|x86
		{49127650-D6CD-40C0-B237-1C510D7BC702}.Release|Any CPU.Deploy.0 = Release|x86
		{49127650-D6CD-40C0-B237-1C510D7BC702}.Release|ARM.ActiveCfg = Release|ARM
		{49127650-D6CD-40C0-B237-1C510D7BC702}.Release|ARM.Build.0 = Release|ARM
		{49127650-D6CD-40C0-B237-1C510D7BC702}.Release|ARM.Deploy.0 = Release|ARM
		{49127650-D6CD-40C0-B237-1C510D7BC702}.Release|iPhone.ActiveCfg = Release|x86
		{49127650-D6CD-40C0-B237-1C510D7BC702}.Release|iPhoneSimulator.ActiveCfg = Release|x86
		{49127650-D6CD-40C0-B237-1C510D7BC702}.Release|x64.ActiveCfg = Release|x64
		{49127650-D6CD-40C0-B237-1C510D7BC702}.Release|x64.Build.0 = Release|x64
		{49127650-D6CD-40C0-B237-1C510D7BC702}.Release|x64.Deploy.0 = Release|x64
		{49127650-D6CD-40C0-B237-1C510D7BC702}.Release|x86.ActiveCfg = Release|x86
		{49127650-D6CD-40C0-B237-1C510D7BC702}.Release|x86.Build.0 = Release|x86
		{49127650-D6CD-40C0-B237-1C510D7BC702}.Release|x86.Deploy.0 = Release|x86
		{67F9D3A8-F71E-4428-913F-C37AE82CDB24}.Ad-Hoc|Any CPU.ActiveCfg = Release|Any CPU
		{67F9D3A8-F71E-4428-913F-C37AE82CDB24}.Ad-Hoc|Any CPU.Build.0 = Release|Any CPU
		{67F9D3A8-F71E-4428-913F-C37AE82CDB24}.Ad-Hoc|ARM.ActiveCfg = Release|Any CPU
		{67F9D3A8-F71E-4428-913F-C37AE82CDB24}.Ad-Hoc|ARM.Build.0 = Release|Any CPU
		{67F9D3A8-F71E-4428-913F-C37AE82CDB24}.Ad-Hoc|iPhone.ActiveCfg = Release|Any CPU
		{67F9D3A8-F71E-4428-913F-C37AE82CDB24}.Ad-Hoc|iPhone.Build.0 = Release|Any CPU
		{67F9D3A8-F71E-4428-913F-C37AE82CDB24}.Ad-Hoc|iPhoneSimulator.ActiveCfg = Release|Any CPU
		{67F9D3A8-F71E-4428-913F-C37AE82CDB24}.Ad-Hoc|iPhoneSimulator.Build.0 = Release|Any CPU
		{67F9D3A8-F71E-4428-913F-C37AE82CDB24}.Ad-Hoc|x64.ActiveCfg = Release|Any CPU
		{67F9D3A8-F71E-4428-913F-C37AE82CDB24}.Ad-Hoc|x64.Build.0 = Release|Any CPU
		{67F9D3A8-F71E-4428-913F-C37AE82CDB24}.Ad-Hoc|x86.ActiveCfg = Release|Any CPU
		{67F9D3A8-F71E-4428-913F-C37AE82CDB24}.Ad-Hoc|x86.Build.0 = Release|Any CPU
		{67F9D3A8-F71E-4428-913F-C37AE82CDB24}.AppStore|Any CPU.ActiveCfg = Release|Any CPU
		{67F9D3A8-F71E-4428-913F-C37AE82CDB24}.AppStore|Any CPU.Build.0 = Release|Any CPU
		{67F9D3A8-F71E-4428-913F-C37AE82CDB24}.AppStore|ARM.ActiveCfg = Release|Any CPU
		{67F9D3A8-F71E-4428-913F-C37AE82CDB24}.AppStore|ARM.Build.0 = Release|Any CPU
		{67F9D3A8-F71E-4428-913F-C37AE82CDB24}.AppStore|iPhone.ActiveCfg = Release|Any CPU
		{67F9D3A8-F71E-4428-913F-C37AE82CDB24}.AppStore|iPhone.Build.0 = Release|Any CPU
		{67F9D3A8-F71E-4428-913F-C37AE82CDB24}.AppStore|iPhoneSimulator.ActiveCfg = Release|Any CPU
		{67F9D3A8-F71E-4428-913F-C37AE82CDB24}.AppStore|iPhoneSimulator.Build.0 = Release|Any CPU
		{67F9D3A8-F71E-4428-913F-C37AE82CDB24}.AppStore|x64.ActiveCfg = Release|Any CPU
		{67F9D3A8-F71E-4428-913F-C37AE82CDB24}.AppStore|x64.Build.0 = Release|Any CPU
		{67F9D3A8-F71E-4428-913F-C37AE82CDB24}.AppStore|x86.ActiveCfg = Release|Any CPU
		{67F9D3A8-F71E-4428-913F-C37AE82CDB24}.AppStore|x86.Build.0 = Release|Any CPU
		{67F9D3A8-F71E-4428-913F-C37AE82CDB24}.Debug|Any CPU.ActiveCfg = Debug|Any CPU
		{67F9D3A8-F71E-4428-913F-C37AE82CDB24}.Debug|Any CPU.Build.0 = Debug|Any CPU
		{67F9D3A8-F71E-4428-913F-C37AE82CDB24}.Debug|ARM.ActiveCfg = Debug|Any CPU
		{67F9D3A8-F71E-4428-913F-C37AE82CDB24}.Debug|ARM.Build.0 = Debug|Any CPU
		{67F9D3A8-F71E-4428-913F-C37AE82CDB24}.Debug|iPhone.ActiveCfg = Debug|Any CPU
		{67F9D3A8-F71E-4428-913F-C37AE82CDB24}.Debug|iPhone.Build.0 = Debug|Any CPU
		{67F9D3A8-F71E-4428-913F-C37AE82CDB24}.Debug|iPhoneSimulator.ActiveCfg = Debug|Any CPU
		{67F9D3A8-F71E-4428-913F-C37AE82CDB24}.Debug|iPhoneSimulator.Build.0 = Debug|Any CPU
		{67F9D3A8-F71E-4428-913F-C37AE82CDB24}.Debug|x64.ActiveCfg = Debug|Any CPU
		{67F9D3A8-F71E-4428-913F-C37AE82CDB24}.Debug|x64.Build.0 = Debug|Any CPU
		{67F9D3A8-F71E-4428-913F-C37AE82CDB24}.Debug|x86.ActiveCfg = Debug|Any CPU
		{67F9D3A8-F71E-4428-913F-C37AE82CDB24}.Debug|x86.Build.0 = Debug|Any CPU
		{67F9D3A8-F71E-4428-913F-C37AE82CDB24}.Release|Any CPU.ActiveCfg = Release|Any CPU
		{67F9D3A8-F71E-4428-913F-C37AE82CDB24}.Release|Any CPU.Build.0 = Release|Any CPU
		{67F9D3A8-F71E-4428-913F-C37AE82CDB24}.Release|ARM.ActiveCfg = Release|Any CPU
		{67F9D3A8-F71E-4428-913F-C37AE82CDB24}.Release|ARM.Build.0 = Release|Any CPU
		{67F9D3A8-F71E-4428-913F-C37AE82CDB24}.Release|iPhone.ActiveCfg = Release|Any CPU
		{67F9D3A8-F71E-4428-913F-C37AE82CDB24}.Release|iPhone.Build.0 = Release|Any CPU
		{67F9D3A8-F71E-4428-913F-C37AE82CDB24}.Release|iPhoneSimulator.ActiveCfg = Release|Any CPU
		{67F9D3A8-F71E-4428-913F-C37AE82CDB24}.Release|iPhoneSimulator.Build.0 = Release|Any CPU
		{67F9D3A8-F71E-4428-913F-C37AE82CDB24}.Release|x64.ActiveCfg = Release|Any CPU
		{67F9D3A8-F71E-4428-913F-C37AE82CDB24}.Release|x64.Build.0 = Release|Any CPU
		{67F9D3A8-F71E-4428-913F-C37AE82CDB24}.Release|x86.ActiveCfg = Release|Any CPU
		{67F9D3A8-F71E-4428-913F-C37AE82CDB24}.Release|x86.Build.0 = Release|Any CPU
		{695A73EB-1295-4DEF-9C89-D324720428DB}.Ad-Hoc|Any CPU.ActiveCfg = Release|Any CPU
		{695A73EB-1295-4DEF-9C89-D324720428DB}.Ad-Hoc|Any CPU.Build.0 = Release|Any CPU
		{695A73EB-1295-4DEF-9C89-D324720428DB}.Ad-Hoc|ARM.ActiveCfg = Release|Any CPU
		{695A73EB-1295-4DEF-9C89-D324720428DB}.Ad-Hoc|ARM.Build.0 = Release|Any CPU
		{695A73EB-1295-4DEF-9C89-D324720428DB}.Ad-Hoc|iPhone.ActiveCfg = Release|Any CPU
		{695A73EB-1295-4DEF-9C89-D324720428DB}.Ad-Hoc|iPhone.Build.0 = Release|Any CPU
		{695A73EB-1295-4DEF-9C89-D324720428DB}.Ad-Hoc|iPhoneSimulator.ActiveCfg = Release|Any CPU
		{695A73EB-1295-4DEF-9C89-D324720428DB}.Ad-Hoc|iPhoneSimulator.Build.0 = Release|Any CPU
		{695A73EB-1295-4DEF-9C89-D324720428DB}.Ad-Hoc|x64.ActiveCfg = Release|Any CPU
		{695A73EB-1295-4DEF-9C89-D324720428DB}.Ad-Hoc|x64.Build.0 = Release|Any CPU
		{695A73EB-1295-4DEF-9C89-D324720428DB}.Ad-Hoc|x86.ActiveCfg = Release|Any CPU
		{695A73EB-1295-4DEF-9C89-D324720428DB}.Ad-Hoc|x86.Build.0 = Release|Any CPU
		{695A73EB-1295-4DEF-9C89-D324720428DB}.AppStore|Any CPU.ActiveCfg = Release|Any CPU
		{695A73EB-1295-4DEF-9C89-D324720428DB}.AppStore|Any CPU.Build.0 = Release|Any CPU
		{695A73EB-1295-4DEF-9C89-D324720428DB}.AppStore|ARM.ActiveCfg = Release|Any CPU
		{695A73EB-1295-4DEF-9C89-D324720428DB}.AppStore|ARM.Build.0 = Release|Any CPU
		{695A73EB-1295-4DEF-9C89-D324720428DB}.AppStore|iPhone.ActiveCfg = Release|Any CPU
		{695A73EB-1295-4DEF-9C89-D324720428DB}.AppStore|iPhone.Build.0 = Release|Any CPU
		{695A73EB-1295-4DEF-9C89-D324720428DB}.AppStore|iPhoneSimulator.ActiveCfg = Release|Any CPU
		{695A73EB-1295-4DEF-9C89-D324720428DB}.AppStore|iPhoneSimulator.Build.0 = Release|Any CPU
		{695A73EB-1295-4DEF-9C89-D324720428DB}.AppStore|x64.ActiveCfg = Release|Any CPU
		{695A73EB-1295-4DEF-9C89-D324720428DB}.AppStore|x64.Build.0 = Release|Any CPU
		{695A73EB-1295-4DEF-9C89-D324720428DB}.AppStore|x86.ActiveCfg = Release|Any CPU
		{695A73EB-1295-4DEF-9C89-D324720428DB}.AppStore|x86.Build.0 = Release|Any CPU
		{695A73EB-1295-4DEF-9C89-D324720428DB}.Debug|Any CPU.ActiveCfg = Debug|Any CPU
		{695A73EB-1295-4DEF-9C89-D324720428DB}.Debug|Any CPU.Build.0 = Debug|Any CPU
		{695A73EB-1295-4DEF-9C89-D324720428DB}.Debug|ARM.ActiveCfg = Debug|Any CPU
		{695A73EB-1295-4DEF-9C89-D324720428DB}.Debug|ARM.Build.0 = Debug|Any CPU
		{695A73EB-1295-4DEF-9C89-D324720428DB}.Debug|iPhone.ActiveCfg = Debug|Any CPU
		{695A73EB-1295-4DEF-9C89-D324720428DB}.Debug|iPhone.Build.0 = Debug|Any CPU
		{695A73EB-1295-4DEF-9C89-D324720428DB}.Debug|iPhoneSimulator.ActiveCfg = Debug|Any CPU
		{695A73EB-1295-4DEF-9C89-D324720428DB}.Debug|iPhoneSimulator.Build.0 = Debug|Any CPU
		{695A73EB-1295-4DEF-9C89-D324720428DB}.Debug|x64.ActiveCfg = Debug|Any CPU
		{695A73EB-1295-4DEF-9C89-D324720428DB}.Debug|x64.Build.0 = Debug|Any CPU
		{695A73EB-1295-4DEF-9C89-D324720428DB}.Debug|x86.ActiveCfg = Debug|Any CPU
		{695A73EB-1295-4DEF-9C89-D324720428DB}.Debug|x86.Build.0 = Debug|Any CPU
		{695A73EB-1295-4DEF-9C89-D324720428DB}.Release|Any CPU.ActiveCfg = Release|Any CPU
		{695A73EB-1295-4DEF-9C89-D324720428DB}.Release|Any CPU.Build.0 = Release|Any CPU
		{695A73EB-1295-4DEF-9C89-D324720428DB}.Release|ARM.ActiveCfg = Release|Any CPU
		{695A73EB-1295-4DEF-9C89-D324720428DB}.Release|ARM.Build.0 = Release|Any CPU
		{695A73EB-1295-4DEF-9C89-D324720428DB}.Release|iPhone.ActiveCfg = Release|Any CPU
		{695A73EB-1295-4DEF-9C89-D324720428DB}.Release|iPhone.Build.0 = Release|Any CPU
		{695A73EB-1295-4DEF-9C89-D324720428DB}.Release|iPhoneSimulator.ActiveCfg = Release|Any CPU
		{695A73EB-1295-4DEF-9C89-D324720428DB}.Release|iPhoneSimulator.Build.0 = Release|Any CPU
		{695A73EB-1295-4DEF-9C89-D324720428DB}.Release|x64.ActiveCfg = Release|Any CPU
		{695A73EB-1295-4DEF-9C89-D324720428DB}.Release|x64.Build.0 = Release|Any CPU
		{695A73EB-1295-4DEF-9C89-D324720428DB}.Release|x86.ActiveCfg = Release|Any CPU
		{695A73EB-1295-4DEF-9C89-D324720428DB}.Release|x86.Build.0 = Release|Any CPU
		{4D9BF699-7F59-47D9-A439-569971035F9E}.Ad-Hoc|Any CPU.ActiveCfg = Release|Any CPU
		{4D9BF699-7F59-47D9-A439-569971035F9E}.Ad-Hoc|Any CPU.Build.0 = Release|Any CPU
		{4D9BF699-7F59-47D9-A439-569971035F9E}.Ad-Hoc|ARM.ActiveCfg = Release|Any CPU
		{4D9BF699-7F59-47D9-A439-569971035F9E}.Ad-Hoc|ARM.Build.0 = Release|Any CPU
		{4D9BF699-7F59-47D9-A439-569971035F9E}.Ad-Hoc|iPhone.ActiveCfg = Release|Any CPU
		{4D9BF699-7F59-47D9-A439-569971035F9E}.Ad-Hoc|iPhone.Build.0 = Release|Any CPU
		{4D9BF699-7F59-47D9-A439-569971035F9E}.Ad-Hoc|iPhoneSimulator.ActiveCfg = Release|Any CPU
		{4D9BF699-7F59-47D9-A439-569971035F9E}.Ad-Hoc|iPhoneSimulator.Build.0 = Release|Any CPU
		{4D9BF699-7F59-47D9-A439-569971035F9E}.Ad-Hoc|x64.ActiveCfg = Release|Any CPU
		{4D9BF699-7F59-47D9-A439-569971035F9E}.Ad-Hoc|x64.Build.0 = Release|Any CPU
		{4D9BF699-7F59-47D9-A439-569971035F9E}.Ad-Hoc|x86.ActiveCfg = Release|Any CPU
		{4D9BF699-7F59-47D9-A439-569971035F9E}.Ad-Hoc|x86.Build.0 = Release|Any CPU
		{4D9BF699-7F59-47D9-A439-569971035F9E}.AppStore|Any CPU.ActiveCfg = Release|Any CPU
		{4D9BF699-7F59-47D9-A439-569971035F9E}.AppStore|Any CPU.Build.0 = Release|Any CPU
		{4D9BF699-7F59-47D9-A439-569971035F9E}.AppStore|ARM.ActiveCfg = Release|Any CPU
		{4D9BF699-7F59-47D9-A439-569971035F9E}.AppStore|ARM.Build.0 = Release|Any CPU
		{4D9BF699-7F59-47D9-A439-569971035F9E}.AppStore|iPhone.ActiveCfg = Release|Any CPU
		{4D9BF699-7F59-47D9-A439-569971035F9E}.AppStore|iPhone.Build.0 = Release|Any CPU
		{4D9BF699-7F59-47D9-A439-569971035F9E}.AppStore|iPhoneSimulator.ActiveCfg = Release|Any CPU
		{4D9BF699-7F59-47D9-A439-569971035F9E}.AppStore|iPhoneSimulator.Build.0 = Release|Any CPU
		{4D9BF699-7F59-47D9-A439-569971035F9E}.AppStore|x64.ActiveCfg = Release|Any CPU
		{4D9BF699-7F59-47D9-A439-569971035F9E}.AppStore|x64.Build.0 = Release|Any CPU
		{4D9BF699-7F59-47D9-A439-569971035F9E}.AppStore|x86.ActiveCfg = Release|Any CPU
		{4D9BF699-7F59-47D9-A439-569971035F9E}.AppStore|x86.Build.0 = Release|Any CPU
		{4D9BF699-7F59-47D9-A439-569971035F9E}.Debug|Any CPU.ActiveCfg = Debug|Any CPU
		{4D9BF699-7F59-47D9-A439-569971035F9E}.Debug|Any CPU.Build.0 = Debug|Any CPU
		{4D9BF699-7F59-47D9-A439-569971035F9E}.Debug|ARM.ActiveCfg = Debug|Any CPU
		{4D9BF699-7F59-47D9-A439-569971035F9E}.Debug|ARM.Build.0 = Debug|Any CPU
		{4D9BF699-7F59-47D9-A439-569971035F9E}.Debug|iPhone.ActiveCfg = Debug|Any CPU
		{4D9BF699-7F59-47D9-A439-569971035F9E}.Debug|iPhone.Build.0 = Debug|Any CPU
		{4D9BF699-7F59-47D9-A439-569971035F9E}.Debug|iPhoneSimulator.ActiveCfg = Debug|Any CPU
		{4D9BF699-7F59-47D9-A439-569971035F9E}.Debug|iPhoneSimulator.Build.0 = Debug|Any CPU
		{4D9BF699-7F59-47D9-A439-569971035F9E}.Debug|x64.ActiveCfg = Debug|Any CPU
		{4D9BF699-7F59-47D9-A439-569971035F9E}.Debug|x64.Build.0 = Debug|Any CPU
		{4D9BF699-7F59-47D9-A439-569971035F9E}.Debug|x86.ActiveCfg = Debug|Any CPU
		{4D9BF699-7F59-47D9-A439-569971035F9E}.Debug|x86.Build.0 = Debug|Any CPU
		{4D9BF699-7F59-47D9-A439-569971035F9E}.Release|Any CPU.ActiveCfg = Release|Any CPU
		{4D9BF699-7F59-47D9-A439-569971035F9E}.Release|Any CPU.Build.0 = Release|Any CPU
		{4D9BF699-7F59-47D9-A439-569971035F9E}.Release|ARM.ActiveCfg = Release|Any CPU
		{4D9BF699-7F59-47D9-A439-569971035F9E}.Release|ARM.Build.0 = Release|Any CPU
		{4D9BF699-7F59-47D9-A439-569971035F9E}.Release|iPhone.ActiveCfg = Release|Any CPU
		{4D9BF699-7F59-47D9-A439-569971035F9E}.Release|iPhone.Build.0 = Release|Any CPU
		{4D9BF699-7F59-47D9-A439-569971035F9E}.Release|iPhoneSimulator.ActiveCfg = Release|Any CPU
		{4D9BF699-7F59-47D9-A439-569971035F9E}.Release|iPhoneSimulator.Build.0 = Release|Any CPU
		{4D9BF699-7F59-47D9-A439-569971035F9E}.Release|x64.ActiveCfg = Release|Any CPU
		{4D9BF699-7F59-47D9-A439-569971035F9E}.Release|x64.Build.0 = Release|Any CPU
		{4D9BF699-7F59-47D9-A439-569971035F9E}.Release|x86.ActiveCfg = Release|Any CPU
		{4D9BF699-7F59-47D9-A439-569971035F9E}.Release|x86.Build.0 = Release|Any CPU
		{45D390E4-AE4A-4776-A141-0B8D2DD7E9FC}.Ad-Hoc|Any CPU.ActiveCfg = Debug|Any CPU
		{45D390E4-AE4A-4776-A141-0B8D2DD7E9FC}.Ad-Hoc|Any CPU.Build.0 = Debug|Any CPU
		{45D390E4-AE4A-4776-A141-0B8D2DD7E9FC}.Ad-Hoc|ARM.ActiveCfg = Debug|Any CPU
		{45D390E4-AE4A-4776-A141-0B8D2DD7E9FC}.Ad-Hoc|ARM.Build.0 = Debug|Any CPU
		{45D390E4-AE4A-4776-A141-0B8D2DD7E9FC}.Ad-Hoc|iPhone.ActiveCfg = Debug|Any CPU
		{45D390E4-AE4A-4776-A141-0B8D2DD7E9FC}.Ad-Hoc|iPhone.Build.0 = Debug|Any CPU
		{45D390E4-AE4A-4776-A141-0B8D2DD7E9FC}.Ad-Hoc|iPhoneSimulator.ActiveCfg = Debug|Any CPU
		{45D390E4-AE4A-4776-A141-0B8D2DD7E9FC}.Ad-Hoc|iPhoneSimulator.Build.0 = Debug|Any CPU
		{45D390E4-AE4A-4776-A141-0B8D2DD7E9FC}.Ad-Hoc|x64.ActiveCfg = Debug|Any CPU
		{45D390E4-AE4A-4776-A141-0B8D2DD7E9FC}.Ad-Hoc|x64.Build.0 = Debug|Any CPU
		{45D390E4-AE4A-4776-A141-0B8D2DD7E9FC}.Ad-Hoc|x86.ActiveCfg = Debug|Any CPU
		{45D390E4-AE4A-4776-A141-0B8D2DD7E9FC}.Ad-Hoc|x86.Build.0 = Debug|Any CPU
		{45D390E4-AE4A-4776-A141-0B8D2DD7E9FC}.AppStore|Any CPU.ActiveCfg = Debug|Any CPU
		{45D390E4-AE4A-4776-A141-0B8D2DD7E9FC}.AppStore|Any CPU.Build.0 = Debug|Any CPU
		{45D390E4-AE4A-4776-A141-0B8D2DD7E9FC}.AppStore|ARM.ActiveCfg = Debug|Any CPU
		{45D390E4-AE4A-4776-A141-0B8D2DD7E9FC}.AppStore|ARM.Build.0 = Debug|Any CPU
		{45D390E4-AE4A-4776-A141-0B8D2DD7E9FC}.AppStore|iPhone.ActiveCfg = Debug|Any CPU
		{45D390E4-AE4A-4776-A141-0B8D2DD7E9FC}.AppStore|iPhone.Build.0 = Debug|Any CPU
		{45D390E4-AE4A-4776-A141-0B8D2DD7E9FC}.AppStore|iPhoneSimulator.ActiveCfg = Debug|Any CPU
		{45D390E4-AE4A-4776-A141-0B8D2DD7E9FC}.AppStore|iPhoneSimulator.Build.0 = Debug|Any CPU
		{45D390E4-AE4A-4776-A141-0B8D2DD7E9FC}.AppStore|x64.ActiveCfg = Debug|Any CPU
		{45D390E4-AE4A-4776-A141-0B8D2DD7E9FC}.AppStore|x64.Build.0 = Debug|Any CPU
		{45D390E4-AE4A-4776-A141-0B8D2DD7E9FC}.AppStore|x86.ActiveCfg = Debug|Any CPU
		{45D390E4-AE4A-4776-A141-0B8D2DD7E9FC}.AppStore|x86.Build.0 = Debug|Any CPU
		{45D390E4-AE4A-4776-A141-0B8D2DD7E9FC}.Debug|Any CPU.ActiveCfg = Debug|Any CPU
		{45D390E4-AE4A-4776-A141-0B8D2DD7E9FC}.Debug|Any CPU.Build.0 = Debug|Any CPU
		{45D390E4-AE4A-4776-A141-0B8D2DD7E9FC}.Debug|ARM.ActiveCfg = Debug|Any CPU
		{45D390E4-AE4A-4776-A141-0B8D2DD7E9FC}.Debug|ARM.Build.0 = Debug|Any CPU
		{45D390E4-AE4A-4776-A141-0B8D2DD7E9FC}.Debug|iPhone.ActiveCfg = Debug|Any CPU
		{45D390E4-AE4A-4776-A141-0B8D2DD7E9FC}.Debug|iPhone.Build.0 = Debug|Any CPU
		{45D390E4-AE4A-4776-A141-0B8D2DD7E9FC}.Debug|iPhoneSimulator.ActiveCfg = Debug|Any CPU
		{45D390E4-AE4A-4776-A141-0B8D2DD7E9FC}.Debug|iPhoneSimulator.Build.0 = Debug|Any CPU
		{45D390E4-AE4A-4776-A141-0B8D2DD7E9FC}.Debug|x64.ActiveCfg = Debug|Any CPU
		{45D390E4-AE4A-4776-A141-0B8D2DD7E9FC}.Debug|x64.Build.0 = Debug|Any CPU
		{45D390E4-AE4A-4776-A141-0B8D2DD7E9FC}.Debug|x86.ActiveCfg = Debug|Any CPU
		{45D390E4-AE4A-4776-A141-0B8D2DD7E9FC}.Debug|x86.Build.0 = Debug|Any CPU
		{45D390E4-AE4A-4776-A141-0B8D2DD7E9FC}.Release|Any CPU.ActiveCfg = Release|Any CPU
		{45D390E4-AE4A-4776-A141-0B8D2DD7E9FC}.Release|Any CPU.Build.0 = Release|Any CPU
		{45D390E4-AE4A-4776-A141-0B8D2DD7E9FC}.Release|ARM.ActiveCfg = Release|Any CPU
		{45D390E4-AE4A-4776-A141-0B8D2DD7E9FC}.Release|ARM.Build.0 = Release|Any CPU
		{45D390E4-AE4A-4776-A141-0B8D2DD7E9FC}.Release|iPhone.ActiveCfg = Release|Any CPU
		{45D390E4-AE4A-4776-A141-0B8D2DD7E9FC}.Release|iPhone.Build.0 = Release|Any CPU
		{45D390E4-AE4A-4776-A141-0B8D2DD7E9FC}.Release|iPhoneSimulator.ActiveCfg = Release|Any CPU
		{45D390E4-AE4A-4776-A141-0B8D2DD7E9FC}.Release|iPhoneSimulator.Build.0 = Release|Any CPU
		{45D390E4-AE4A-4776-A141-0B8D2DD7E9FC}.Release|x64.ActiveCfg = Release|Any CPU
		{45D390E4-AE4A-4776-A141-0B8D2DD7E9FC}.Release|x64.Build.0 = Release|Any CPU
		{45D390E4-AE4A-4776-A141-0B8D2DD7E9FC}.Release|x86.ActiveCfg = Release|Any CPU
		{45D390E4-AE4A-4776-A141-0B8D2DD7E9FC}.Release|x86.Build.0 = Release|Any CPU
		{6FC4C0F6-B40B-48D4-BF3D-2A34A2E81BC8}.Ad-Hoc|Any CPU.ActiveCfg = Debug|Any CPU
		{6FC4C0F6-B40B-48D4-BF3D-2A34A2E81BC8}.Ad-Hoc|Any CPU.Build.0 = Debug|Any CPU
		{6FC4C0F6-B40B-48D4-BF3D-2A34A2E81BC8}.Ad-Hoc|ARM.ActiveCfg = Debug|Any CPU
		{6FC4C0F6-B40B-48D4-BF3D-2A34A2E81BC8}.Ad-Hoc|ARM.Build.0 = Debug|Any CPU
		{6FC4C0F6-B40B-48D4-BF3D-2A34A2E81BC8}.Ad-Hoc|iPhone.ActiveCfg = Debug|Any CPU
		{6FC4C0F6-B40B-48D4-BF3D-2A34A2E81BC8}.Ad-Hoc|iPhone.Build.0 = Debug|Any CPU
		{6FC4C0F6-B40B-48D4-BF3D-2A34A2E81BC8}.Ad-Hoc|iPhoneSimulator.ActiveCfg = Debug|Any CPU
		{6FC4C0F6-B40B-48D4-BF3D-2A34A2E81BC8}.Ad-Hoc|iPhoneSimulator.Build.0 = Debug|Any CPU
		{6FC4C0F6-B40B-48D4-BF3D-2A34A2E81BC8}.Ad-Hoc|x64.ActiveCfg = Debug|Any CPU
		{6FC4C0F6-B40B-48D4-BF3D-2A34A2E81BC8}.Ad-Hoc|x64.Build.0 = Debug|Any CPU
		{6FC4C0F6-B40B-48D4-BF3D-2A34A2E81BC8}.Ad-Hoc|x86.ActiveCfg = Debug|Any CPU
		{6FC4C0F6-B40B-48D4-BF3D-2A34A2E81BC8}.Ad-Hoc|x86.Build.0 = Debug|Any CPU
		{6FC4C0F6-B40B-48D4-BF3D-2A34A2E81BC8}.AppStore|Any CPU.ActiveCfg = Debug|Any CPU
		{6FC4C0F6-B40B-48D4-BF3D-2A34A2E81BC8}.AppStore|Any CPU.Build.0 = Debug|Any CPU
		{6FC4C0F6-B40B-48D4-BF3D-2A34A2E81BC8}.AppStore|ARM.ActiveCfg = Debug|Any CPU
		{6FC4C0F6-B40B-48D4-BF3D-2A34A2E81BC8}.AppStore|ARM.Build.0 = Debug|Any CPU
		{6FC4C0F6-B40B-48D4-BF3D-2A34A2E81BC8}.AppStore|iPhone.ActiveCfg = Debug|Any CPU
		{6FC4C0F6-B40B-48D4-BF3D-2A34A2E81BC8}.AppStore|iPhone.Build.0 = Debug|Any CPU
		{6FC4C0F6-B40B-48D4-BF3D-2A34A2E81BC8}.AppStore|iPhoneSimulator.ActiveCfg = Debug|Any CPU
		{6FC4C0F6-B40B-48D4-BF3D-2A34A2E81BC8}.AppStore|iPhoneSimulator.Build.0 = Debug|Any CPU
		{6FC4C0F6-B40B-48D4-BF3D-2A34A2E81BC8}.AppStore|x64.ActiveCfg = Debug|Any CPU
		{6FC4C0F6-B40B-48D4-BF3D-2A34A2E81BC8}.AppStore|x64.Build.0 = Debug|Any CPU
		{6FC4C0F6-B40B-48D4-BF3D-2A34A2E81BC8}.AppStore|x86.ActiveCfg = Debug|Any CPU
		{6FC4C0F6-B40B-48D4-BF3D-2A34A2E81BC8}.AppStore|x86.Build.0 = Debug|Any CPU
		{6FC4C0F6-B40B-48D4-BF3D-2A34A2E81BC8}.Debug|Any CPU.ActiveCfg = Debug|Any CPU
		{6FC4C0F6-B40B-48D4-BF3D-2A34A2E81BC8}.Debug|Any CPU.Build.0 = Debug|Any CPU
		{6FC4C0F6-B40B-48D4-BF3D-2A34A2E81BC8}.Debug|ARM.ActiveCfg = Debug|Any CPU
		{6FC4C0F6-B40B-48D4-BF3D-2A34A2E81BC8}.Debug|ARM.Build.0 = Debug|Any CPU
		{6FC4C0F6-B40B-48D4-BF3D-2A34A2E81BC8}.Debug|iPhone.ActiveCfg = Debug|Any CPU
		{6FC4C0F6-B40B-48D4-BF3D-2A34A2E81BC8}.Debug|iPhone.Build.0 = Debug|Any CPU
		{6FC4C0F6-B40B-48D4-BF3D-2A34A2E81BC8}.Debug|iPhoneSimulator.ActiveCfg = Debug|Any CPU
		{6FC4C0F6-B40B-48D4-BF3D-2A34A2E81BC8}.Debug|iPhoneSimulator.Build.0 = Debug|Any CPU
		{6FC4C0F6-B40B-48D4-BF3D-2A34A2E81BC8}.Debug|x64.ActiveCfg = Debug|Any CPU
		{6FC4C0F6-B40B-48D4-BF3D-2A34A2E81BC8}.Debug|x64.Build.0 = Debug|Any CPU
		{6FC4C0F6-B40B-48D4-BF3D-2A34A2E81BC8}.Debug|x86.ActiveCfg = Debug|Any CPU
		{6FC4C0F6-B40B-48D4-BF3D-2A34A2E81BC8}.Debug|x86.Build.0 = Debug|Any CPU
		{6FC4C0F6-B40B-48D4-BF3D-2A34A2E81BC8}.Release|Any CPU.ActiveCfg = Release|Any CPU
		{6FC4C0F6-B40B-48D4-BF3D-2A34A2E81BC8}.Release|Any CPU.Build.0 = Release|Any CPU
		{6FC4C0F6-B40B-48D4-BF3D-2A34A2E81BC8}.Release|ARM.ActiveCfg = Release|Any CPU
		{6FC4C0F6-B40B-48D4-BF3D-2A34A2E81BC8}.Release|ARM.Build.0 = Release|Any CPU
		{6FC4C0F6-B40B-48D4-BF3D-2A34A2E81BC8}.Release|iPhone.ActiveCfg = Release|Any CPU
		{6FC4C0F6-B40B-48D4-BF3D-2A34A2E81BC8}.Release|iPhone.Build.0 = Release|Any CPU
		{6FC4C0F6-B40B-48D4-BF3D-2A34A2E81BC8}.Release|iPhoneSimulator.ActiveCfg = Release|Any CPU
		{6FC4C0F6-B40B-48D4-BF3D-2A34A2E81BC8}.Release|iPhoneSimulator.Build.0 = Release|Any CPU
		{6FC4C0F6-B40B-48D4-BF3D-2A34A2E81BC8}.Release|x64.ActiveCfg = Release|Any CPU
		{6FC4C0F6-B40B-48D4-BF3D-2A34A2E81BC8}.Release|x64.Build.0 = Release|Any CPU
		{6FC4C0F6-B40B-48D4-BF3D-2A34A2E81BC8}.Release|x86.ActiveCfg = Release|Any CPU
		{6FC4C0F6-B40B-48D4-BF3D-2A34A2E81BC8}.Release|x86.Build.0 = Release|Any CPU
	EndGlobalSection
	GlobalSection(SolutionProperties) = preSolution
		HideSolutionNode = FALSE
	EndGlobalSection
	GlobalSection(ExtensibilityGlobals) = postSolution
		SolutionGuid = {E380D658-A835-41C0-A63A-D65A9C92844F}
		RESX_AutoCreateNewLanguageFiles = True
		RESX_NeutralResourcesLanguage = en-GB
		RESX_ShowPerformanceTraces = True
	EndGlobalSection
EndGlobal
