
Microsoft Visual Studio Solution File, Format Version 12.00
# Visual Studio Version 16
VisualStudioVersion = 16.0.29209.62
MinimumVisualStudioVersion = 10.0.40219.1
Project("{FAE04EC0-301F-11D3-BF4B-00C04F79EFBC}") = "CustomViews", "CustomViews\CustomViews.csproj", "{695A73EB-1295-4DEF-9C89-D324720428DB}"
EndProject
Project("{FAE04EC0-301F-11D3-BF4B-00C04F79EFBC}") = "POSIntegration", "POSIntegration\POSIntegration.csproj", "{4D9BF699-7F59-47D9-A439-569971035F9E}"
EndProject
Project("{9A19103F-16F7-4668-BE54-9A1E7A4F7556}") = "Database", "Database\Database.csproj", "{45D390E4-AE4A-4776-A141-0B8D2DD7E9FC}"
EndProject
Project("{D954291E-2A0B-460D-934E-DC6B0785DB48}") = "Plutus", "Plutus\Plutus\Plutus.shproj", "{4ECB5881-9E0A-44E3-8DEC-27E419B54A18}"
EndProject
Project("{FAE04EC0-301F-11D3-BF4B-00C04F79EFBC}") = "Plutus.Android", "Plutus\Plutus.Android\Plutus.Android.csproj", "{E5838BC8-D859-4941-9696-6E600AB87F8A}"
EndProject
Project("{FAE04EC0-301F-11D3-BF4B-00C04F79EFBC}") = "Plutus.UWP", "Plutus\Plutus.UWP\Plutus.UWP.csproj", "{49127650-D6CD-40C0-B237-1C510D7BC702}"
EndProject
Project("{FAE04EC0-301F-11D3-BF4B-00C04F79EFBC}") = "Plutus.iOS", "Plutus\Plutus.iOS\Plutus.iOS.csproj", "{E3FADFE3-6F51-4444-B3D2-74EBD9E726B9}"
EndProject
Project("{FAE04EC0-301F-11D3-BF4B-00C04F79EFBC}") = "I18N_L10N", "I18N_L10N\I18N_L10N.csproj", "{67F9D3A8-F71E-4428-913F-C37AE82CDB24}"
EndProject
Project("{9A19103F-16F7-4668-BE54-9A1E7A4F7556}") = "Database.Migrations.Startup", "Database.Migrations.Startup\Database.Migrations.Startup.csproj", "{F1B5E784-2284-488B-8D1C-6A9C2775FED0}"
EndProject
Project("{FAE04EC0-301F-11D3-BF4B-00C04F79EFBC}") = "NatApp.Plutus.Android", "NatApp.Plutus\NatApp.Plutus.Android\NatApp.Plutus.Android.csproj", "{37D8CB29-1A83-4454-AA3F-94A7C64E8F7C}"
EndProject
Project("{FAE04EC0-301F-11D3-BF4B-00C04F79EFBC}") = "NatApp.Plutus.iOS", "NatApp.Plutus\NatApp.Plutus.iOS\NatApp.Plutus.iOS.csproj", "{FEBCC18C-9F1C-42C9-A925-CE9C20F315C4}"
EndProject
Project("{FAE04EC0-301F-11D3-BF4B-00C04F79EFBC}") = "NatApp.Plutus.UWP", "NatApp.Plutus\NatApp.Plutus.UWP\NatApp.Plutus.UWP.csproj", "{FB612C79-1193-48B5-99D9-A3F0F185273A}"
EndProject
Project("{9A19103F-16F7-4668-BE54-9A1E7A4F7556}") = "NatApp.Plutus", "NatApp.Plutus\NatApp.Plutus\NatApp.Plutus.csproj", "{467DACCC-F1CA-4126-ABB1-C724459D21B2}"
EndProject
Project("{9A19103F-16F7-4668-BE54-9A1E7A4F7556}") = "Plutus Database updater", "Plutus Database updater\Plutus Database updater\Plutus Database updater.csproj", "{376EFFA9-0C30-4AA1-BF2B-B744641D1D1F}"
EndProject
Project("{9A19103F-16F7-4668-BE54-9A1E7A4F7556}") = "CommonPOSLibrary", "CommonPOSLibrary\CommonPOSLibrary.csproj", "{D1D47930-CEA0-4A76-AFF1-AC8025E31C8B}"
EndProject
Project("{FAE04EC0-301F-11D3-BF4B-00C04F79EFBC}") = "CoppperToCSV", "CoppperToCSV\CoppperToCSV.csproj", "{B98CFB76-AE5A-43DB-8AEA-5E9AE275F5FA}"
EndProject
Project("{2150E333-8FDC-42A3-9474-1A3956D46DE8}") = "Commons", "Commons", "{963727F9-05FC-4953-9C7D-F456FE69F689}"
EndProject
Project("{2150E333-8FDC-42A3-9474-1A3956D46DE8}") = "OSs", "OSs", "{DC1FABAB-0FC1-407E-B2CE-9033FE08C95C}"
EndProject
Project("{FAE04EC0-301F-11D3-BF4B-00C04F79EFBC}") = "Plutus.Contracts", "Plutus.Contracts\Plutus.Contracts.csproj", "{6860BEFA-E4E5-4563-8FFB-9E94C65A83DC}"
EndProject
Project("{FAE04EC0-301F-11D3-BF4B-00C04F79EFBC}") = "Plutus.Entities", "Plutus.Entities\Plutus.Entities.csproj", "{A0DDA149-1953-40BE-85F4-BAEF3B738C55}"
EndProject
Project("{FAE04EC0-301F-11D3-BF4B-00C04F79EFBC}") = "Plutus.Repository", "Plutus.Repository\Plutus.Repository.csproj", "{67B56BCA-D6D6-4C13-8207-C2C12F6C389E}"
EndProject
Project("{2150E333-8FDC-42A3-9474-1A3956D46DE8}") = "Endpoints", "Endpoints", "{EB58A410-8760-44CC-8AE1-AB2F65E84E9A}"
EndProject
Project("{FAE04EC0-301F-11D3-BF4B-00C04F79EFBC}") = "Plutus.DBService", "Plutus.DBService\Plutus.DBService.csproj", "{1B56105E-6971-4BBF-AF8D-65C1AA207003}"
EndProject
Global
	GlobalSection(SharedMSBuildProjectFiles) = preSolution
		Plutus\Plutus\Plutus.projitems*{49127650-d6cd-40c0-b237-1c510d7bc702}*SharedItemsImports = 4
		Plutus\Plutus\Plutus.projitems*{4ecb5881-9e0a-44e3-8dec-27e419b54a18}*SharedItemsImports = 13
		Plutus\Plutus\Plutus.projitems*{e3fadfe3-6f51-4444-b3d2-74ebd9e726b9}*SharedItemsImports = 4
		Plutus\Plutus\Plutus.projitems*{e5838bc8-d859-4941-9696-6e600ab87f8a}*SharedItemsImports = 4
	EndGlobalSection
	GlobalSection(SolutionConfigurationPlatforms) = preSolution
		Ad-Hoc|Any CPU = Ad-Hoc|Any CPU
		Ad-Hoc|ARM = Ad-Hoc|ARM
		Ad-Hoc|iPhone = Ad-Hoc|iPhone
		Ad-Hoc|iPhoneSimulator = Ad-Hoc|iPhoneSimulator
		Ad-Hoc|x64 = Ad-Hoc|x64
		Ad-Hoc|x86 = Ad-Hoc|x86
		AppStore|Any CPU = AppStore|Any CPU
		AppStore|ARM = AppStore|ARM
		AppStore|iPhone = AppStore|iPhone
		AppStore|iPhoneSimulator = AppStore|iPhoneSimulator
		AppStore|x64 = AppStore|x64
		AppStore|x86 = AppStore|x86
		Debug|Any CPU = Debug|Any CPU
		Debug|ARM = Debug|ARM
		Debug|iPhone = Debug|iPhone
		Debug|iPhoneSimulator = Debug|iPhoneSimulator
		Debug|x64 = Debug|x64
		Debug|x86 = Debug|x86
		Release|Any CPU = Release|Any CPU
		Release|ARM = Release|ARM
		Release|iPhone = Release|iPhone
		Release|iPhoneSimulator = Release|iPhoneSimulator
		Release|x64 = Release|x64
		Release|x86 = Release|x86
	EndGlobalSection
	GlobalSection(ProjectConfigurationPlatforms) = postSolution
		{695A73EB-1295-4DEF-9C89-D324720428DB}.Ad-Hoc|Any CPU.ActiveCfg = Release|Any CPU
		{695A73EB-1295-4DEF-9C89-D324720428DB}.Ad-Hoc|Any CPU.Build.0 = Release|Any CPU
		{695A73EB-1295-4DEF-9C89-D324720428DB}.Ad-Hoc|ARM.ActiveCfg = Release|Any CPU
		{695A73EB-1295-4DEF-9C89-D324720428DB}.Ad-Hoc|ARM.Build.0 = Release|Any CPU
		{695A73EB-1295-4DEF-9C89-D324720428DB}.Ad-Hoc|iPhone.ActiveCfg = Release|Any CPU
		{695A73EB-1295-4DEF-9C89-D324720428DB}.Ad-Hoc|iPhone.Build.0 = Release|Any CPU
		{695A73EB-1295-4DEF-9C89-D324720428DB}.Ad-Hoc|iPhoneSimulator.ActiveCfg = Release|Any CPU
		{695A73EB-1295-4DEF-9C89-D324720428DB}.Ad-Hoc|iPhoneSimulator.Build.0 = Release|Any CPU
		{695A73EB-1295-4DEF-9C89-D324720428DB}.Ad-Hoc|x64.ActiveCfg = Release|Any CPU
		{695A73EB-1295-4DEF-9C89-D324720428DB}.Ad-Hoc|x64.Build.0 = Release|Any CPU
		{695A73EB-1295-4DEF-9C89-D324720428DB}.Ad-Hoc|x86.ActiveCfg = Release|Any CPU
		{695A73EB-1295-4DEF-9C89-D324720428DB}.Ad-Hoc|x86.Build.0 = Release|Any CPU
		{695A73EB-1295-4DEF-9C89-D324720428DB}.AppStore|Any CPU.ActiveCfg = Release|Any CPU
		{695A73EB-1295-4DEF-9C89-D324720428DB}.AppStore|Any CPU.Build.0 = Release|Any CPU
		{695A73EB-1295-4DEF-9C89-D324720428DB}.AppStore|ARM.ActiveCfg = Release|Any CPU
		{695A73EB-1295-4DEF-9C89-D324720428DB}.AppStore|ARM.Build.0 = Release|Any CPU
		{695A73EB-1295-4DEF-9C89-D324720428DB}.AppStore|iPhone.ActiveCfg = Release|Any CPU
		{695A73EB-1295-4DEF-9C89-D324720428DB}.AppStore|iPhone.Build.0 = Release|Any CPU
		{695A73EB-1295-4DEF-9C89-D324720428DB}.AppStore|iPhoneSimulator.ActiveCfg = Release|Any CPU
		{695A73EB-1295-4DEF-9C89-D324720428DB}.AppStore|iPhoneSimulator.Build.0 = Release|Any CPU
		{695A73EB-1295-4DEF-9C89-D324720428DB}.AppStore|x64.ActiveCfg = Release|Any CPU
		{695A73EB-1295-4DEF-9C89-D324720428DB}.AppStore|x64.Build.0 = Release|Any CPU
		{695A73EB-1295-4DEF-9C89-D324720428DB}.AppStore|x86.ActiveCfg = Release|Any CPU
		{695A73EB-1295-4DEF-9C89-D324720428DB}.AppStore|x86.Build.0 = Release|Any CPU
		{695A73EB-1295-4DEF-9C89-D324720428DB}.Debug|Any CPU.ActiveCfg = Debug|Any CPU
		{695A73EB-1295-4DEF-9C89-D324720428DB}.Debug|Any CPU.Build.0 = Debug|Any CPU
		{695A73EB-1295-4DEF-9C89-D324720428DB}.Debug|ARM.ActiveCfg = Debug|Any CPU
		{695A73EB-1295-4DEF-9C89-D324720428DB}.Debug|ARM.Build.0 = Debug|Any CPU
		{695A73EB-1295-4DEF-9C89-D324720428DB}.Debug|iPhone.ActiveCfg = Debug|Any CPU
		{695A73EB-1295-4DEF-9C89-D324720428DB}.Debug|iPhone.Build.0 = Debug|Any CPU
		{695A73EB-1295-4DEF-9C89-D324720428DB}.Debug|iPhoneSimulator.ActiveCfg = Debug|Any CPU
		{695A73EB-1295-4DEF-9C89-D324720428DB}.Debug|iPhoneSimulator.Build.0 = Debug|Any CPU
		{695A73EB-1295-4DEF-9C89-D324720428DB}.Debug|x64.ActiveCfg = Debug|Any CPU
		{695A73EB-1295-4DEF-9C89-D324720428DB}.Debug|x64.Build.0 = Debug|Any CPU
		{695A73EB-1295-4DEF-9C89-D324720428DB}.Debug|x86.ActiveCfg = Debug|Any CPU
		{695A73EB-1295-4DEF-9C89-D324720428DB}.Debug|x86.Build.0 = Debug|Any CPU
		{695A73EB-1295-4DEF-9C89-D324720428DB}.Release|Any CPU.ActiveCfg = Release|Any CPU
		{695A73EB-1295-4DEF-9C89-D324720428DB}.Release|Any CPU.Build.0 = Release|Any CPU
		{695A73EB-1295-4DEF-9C89-D324720428DB}.Release|ARM.ActiveCfg = Release|Any CPU
		{695A73EB-1295-4DEF-9C89-D324720428DB}.Release|ARM.Build.0 = Release|Any CPU
		{695A73EB-1295-4DEF-9C89-D324720428DB}.Release|iPhone.ActiveCfg = Release|Any CPU
		{695A73EB-1295-4DEF-9C89-D324720428DB}.Release|iPhone.Build.0 = Release|Any CPU
		{695A73EB-1295-4DEF-9C89-D324720428DB}.Release|iPhoneSimulator.ActiveCfg = Release|Any CPU
		{695A73EB-1295-4DEF-9C89-D324720428DB}.Release|iPhoneSimulator.Build.0 = Release|Any CPU
		{695A73EB-1295-4DEF-9C89-D324720428DB}.Release|x64.ActiveCfg = Release|Any CPU
		{695A73EB-1295-4DEF-9C89-D324720428DB}.Release|x64.Build.0 = Release|Any CPU
		{695A73EB-1295-4DEF-9C89-D324720428DB}.Release|x86.ActiveCfg = Release|Any CPU
		{695A73EB-1295-4DEF-9C89-D324720428DB}.Release|x86.Build.0 = Release|Any CPU
		{4D9BF699-7F59-47D9-A439-569971035F9E}.Ad-Hoc|Any CPU.ActiveCfg = Release|Any CPU
		{4D9BF699-7F59-47D9-A439-569971035F9E}.Ad-Hoc|Any CPU.Build.0 = Release|Any CPU
		{4D9BF699-7F59-47D9-A439-569971035F9E}.Ad-Hoc|ARM.ActiveCfg = Release|Any CPU
		{4D9BF699-7F59-47D9-A439-569971035F9E}.Ad-Hoc|ARM.Build.0 = Release|Any CPU
		{4D9BF699-7F59-47D9-A439-569971035F9E}.Ad-Hoc|iPhone.ActiveCfg = Release|Any CPU
		{4D9BF699-7F59-47D9-A439-569971035F9E}.Ad-Hoc|iPhone.Build.0 = Release|Any CPU
		{4D9BF699-7F59-47D9-A439-569971035F9E}.Ad-Hoc|iPhoneSimulator.ActiveCfg = Release|Any CPU
		{4D9BF699-7F59-47D9-A439-569971035F9E}.Ad-Hoc|iPhoneSimulator.Build.0 = Release|Any CPU
		{4D9BF699-7F59-47D9-A439-569971035F9E}.Ad-Hoc|x64.ActiveCfg = Release|Any CPU
		{4D9BF699-7F59-47D9-A439-569971035F9E}.Ad-Hoc|x64.Build.0 = Release|Any CPU
		{4D9BF699-7F59-47D9-A439-569971035F9E}.Ad-Hoc|x86.ActiveCfg = Release|Any CPU
		{4D9BF699-7F59-47D9-A439-569971035F9E}.Ad-Hoc|x86.Build.0 = Release|Any CPU
		{4D9BF699-7F59-47D9-A439-569971035F9E}.AppStore|Any CPU.ActiveCfg = Release|Any CPU
		{4D9BF699-7F59-47D9-A439-569971035F9E}.AppStore|Any CPU.Build.0 = Release|Any CPU
		{4D9BF699-7F59-47D9-A439-569971035F9E}.AppStore|ARM.ActiveCfg = Release|Any CPU
		{4D9BF699-7F59-47D9-A439-569971035F9E}.AppStore|ARM.Build.0 = Release|Any CPU
		{4D9BF699-7F59-47D9-A439-569971035F9E}.AppStore|iPhone.ActiveCfg = Release|Any CPU
		{4D9BF699-7F59-47D9-A439-569971035F9E}.AppStore|iPhone.Build.0 = Release|Any CPU
		{4D9BF699-7F59-47D9-A439-569971035F9E}.AppStore|iPhoneSimulator.ActiveCfg = Release|Any CPU
		{4D9BF699-7F59-47D9-A439-569971035F9E}.AppStore|iPhoneSimulator.Build.0 = Release|Any CPU
		{4D9BF699-7F59-47D9-A439-569971035F9E}.AppStore|x64.ActiveCfg = Release|Any CPU
		{4D9BF699-7F59-47D9-A439-569971035F9E}.AppStore|x64.Build.0 = Release|Any CPU
		{4D9BF699-7F59-47D9-A439-569971035F9E}.AppStore|x86.ActiveCfg = Release|Any CPU
		{4D9BF699-7F59-47D9-A439-569971035F9E}.AppStore|x86.Build.0 = Release|Any CPU
		{4D9BF699-7F59-47D9-A439-569971035F9E}.Debug|Any CPU.ActiveCfg = Debug|Any CPU
		{4D9BF699-7F59-47D9-A439-569971035F9E}.Debug|Any CPU.Build.0 = Debug|Any CPU
		{4D9BF699-7F59-47D9-A439-569971035F9E}.Debug|ARM.ActiveCfg = Debug|Any CPU
		{4D9BF699-7F59-47D9-A439-569971035F9E}.Debug|ARM.Build.0 = Debug|Any CPU
		{4D9BF699-7F59-47D9-A439-569971035F9E}.Debug|iPhone.ActiveCfg = Debug|Any CPU
		{4D9BF699-7F59-47D9-A439-569971035F9E}.Debug|iPhone.Build.0 = Debug|Any CPU
		{4D9BF699-7F59-47D9-A439-569971035F9E}.Debug|iPhoneSimulator.ActiveCfg = Debug|Any CPU
		{4D9BF699-7F59-47D9-A439-569971035F9E}.Debug|iPhoneSimulator.Build.0 = Debug|Any CPU
		{4D9BF699-7F59-47D9-A439-569971035F9E}.Debug|x64.ActiveCfg = Debug|Any CPU
		{4D9BF699-7F59-47D9-A439-569971035F9E}.Debug|x64.Build.0 = Debug|Any CPU
		{4D9BF699-7F59-47D9-A439-569971035F9E}.Debug|x86.ActiveCfg = Debug|Any CPU
		{4D9BF699-7F59-47D9-A439-569971035F9E}.Debug|x86.Build.0 = Debug|Any CPU
		{4D9BF699-7F59-47D9-A439-569971035F9E}.Release|Any CPU.ActiveCfg = Release|Any CPU
		{4D9BF699-7F59-47D9-A439-569971035F9E}.Release|Any CPU.Build.0 = Release|Any CPU
		{4D9BF699-7F59-47D9-A439-569971035F9E}.Release|ARM.ActiveCfg = Release|Any CPU
		{4D9BF699-7F59-47D9-A439-569971035F9E}.Release|ARM.Build.0 = Release|Any CPU
		{4D9BF699-7F59-47D9-A439-569971035F9E}.Release|iPhone.ActiveCfg = Release|Any CPU
		{4D9BF699-7F59-47D9-A439-569971035F9E}.Release|iPhone.Build.0 = Release|Any CPU
		{4D9BF699-7F59-47D9-A439-569971035F9E}.Release|iPhoneSimulator.ActiveCfg = Release|Any CPU
		{4D9BF699-7F59-47D9-A439-569971035F9E}.Release|iPhoneSimulator.Build.0 = Release|Any CPU
		{4D9BF699-7F59-47D9-A439-569971035F9E}.Release|x64.ActiveCfg = Release|Any CPU
		{4D9BF699-7F59-47D9-A439-569971035F9E}.Release|x64.Build.0 = Release|Any CPU
		{4D9BF699-7F59-47D9-A439-569971035F9E}.Release|x86.ActiveCfg = Release|Any CPU
		{4D9BF699-7F59-47D9-A439-569971035F9E}.Release|x86.Build.0 = Release|Any CPU
		{45D390E4-AE4A-4776-A141-0B8D2DD7E9FC}.Ad-Hoc|Any CPU.ActiveCfg = Debug|Any CPU
		{45D390E4-AE4A-4776-A141-0B8D2DD7E9FC}.Ad-Hoc|Any CPU.Build.0 = Debug|Any CPU
		{45D390E4-AE4A-4776-A141-0B8D2DD7E9FC}.Ad-Hoc|ARM.ActiveCfg = Debug|Any CPU
		{45D390E4-AE4A-4776-A141-0B8D2DD7E9FC}.Ad-Hoc|ARM.Build.0 = Debug|Any CPU
		{45D390E4-AE4A-4776-A141-0B8D2DD7E9FC}.Ad-Hoc|iPhone.ActiveCfg = Debug|Any CPU
		{45D390E4-AE4A-4776-A141-0B8D2DD7E9FC}.Ad-Hoc|iPhone.Build.0 = Debug|Any CPU
		{45D390E4-AE4A-4776-A141-0B8D2DD7E9FC}.Ad-Hoc|iPhoneSimulator.ActiveCfg = Debug|Any CPU
		{45D390E4-AE4A-4776-A141-0B8D2DD7E9FC}.Ad-Hoc|iPhoneSimulator.Build.0 = Debug|Any CPU
		{45D390E4-AE4A-4776-A141-0B8D2DD7E9FC}.Ad-Hoc|x64.ActiveCfg = Debug|Any CPU
		{45D390E4-AE4A-4776-A141-0B8D2DD7E9FC}.Ad-Hoc|x64.Build.0 = Debug|Any CPU
		{45D390E4-AE4A-4776-A141-0B8D2DD7E9FC}.Ad-Hoc|x86.ActiveCfg = Debug|Any CPU
		{45D390E4-AE4A-4776-A141-0B8D2DD7E9FC}.Ad-Hoc|x86.Build.0 = Debug|Any CPU
		{45D390E4-AE4A-4776-A141-0B8D2DD7E9FC}.AppStore|Any CPU.ActiveCfg = Debug|Any CPU
		{45D390E4-AE4A-4776-A141-0B8D2DD7E9FC}.AppStore|Any CPU.Build.0 = Debug|Any CPU
		{45D390E4-AE4A-4776-A141-0B8D2DD7E9FC}.AppStore|ARM.ActiveCfg = Debug|Any CPU
		{45D390E4-AE4A-4776-A141-0B8D2DD7E9FC}.AppStore|ARM.Build.0 = Debug|Any CPU
		{45D390E4-AE4A-4776-A141-0B8D2DD7E9FC}.AppStore|iPhone.ActiveCfg = Debug|Any CPU
		{45D390E4-AE4A-4776-A141-0B8D2DD7E9FC}.AppStore|iPhone.Build.0 = Debug|Any CPU
		{45D390E4-AE4A-4776-A141-0B8D2DD7E9FC}.AppStore|iPhoneSimulator.ActiveCfg = Debug|Any CPU
		{45D390E4-AE4A-4776-A141-0B8D2DD7E9FC}.AppStore|iPhoneSimulator.Build.0 = Debug|Any CPU
		{45D390E4-AE4A-4776-A141-0B8D2DD7E9FC}.AppStore|x64.ActiveCfg = Debug|Any CPU
		{45D390E4-AE4A-4776-A141-0B8D2DD7E9FC}.AppStore|x64.Build.0 = Debug|Any CPU
		{45D390E4-AE4A-4776-A141-0B8D2DD7E9FC}.AppStore|x86.ActiveCfg = Debug|Any CPU
		{45D390E4-AE4A-4776-A141-0B8D2DD7E9FC}.AppStore|x86.Build.0 = Debug|Any CPU
		{45D390E4-AE4A-4776-A141-0B8D2DD7E9FC}.Debug|Any CPU.ActiveCfg = Debug|Any CPU
		{45D390E4-AE4A-4776-A141-0B8D2DD7E9FC}.Debug|Any CPU.Build.0 = Debug|Any CPU
		{45D390E4-AE4A-4776-A141-0B8D2DD7E9FC}.Debug|ARM.ActiveCfg = Debug|Any CPU
		{45D390E4-AE4A-4776-A141-0B8D2DD7E9FC}.Debug|ARM.Build.0 = Debug|Any CPU
		{45D390E4-AE4A-4776-A141-0B8D2DD7E9FC}.Debug|iPhone.ActiveCfg = Debug|Any CPU
		{45D390E4-AE4A-4776-A141-0B8D2DD7E9FC}.Debug|iPhone.Build.0 = Debug|Any CPU
		{45D390E4-AE4A-4776-A141-0B8D2DD7E9FC}.Debug|iPhoneSimulator.ActiveCfg = Debug|Any CPU
		{45D390E4-AE4A-4776-A141-0B8D2DD7E9FC}.Debug|iPhoneSimulator.Build.0 = Debug|Any CPU
		{45D390E4-AE4A-4776-A141-0B8D2DD7E9FC}.Debug|x64.ActiveCfg = Debug|Any CPU
		{45D390E4-AE4A-4776-A141-0B8D2DD7E9FC}.Debug|x64.Build.0 = Debug|Any CPU
		{45D390E4-AE4A-4776-A141-0B8D2DD7E9FC}.Debug|x86.ActiveCfg = Debug|Any CPU
		{45D390E4-AE4A-4776-A141-0B8D2DD7E9FC}.Debug|x86.Build.0 = Debug|Any CPU
		{45D390E4-AE4A-4776-A141-0B8D2DD7E9FC}.Release|Any CPU.ActiveCfg = Release|Any CPU
		{45D390E4-AE4A-4776-A141-0B8D2DD7E9FC}.Release|Any CPU.Build.0 = Release|Any CPU
		{45D390E4-AE4A-4776-A141-0B8D2DD7E9FC}.Release|ARM.ActiveCfg = Release|Any CPU
		{45D390E4-AE4A-4776-A141-0B8D2DD7E9FC}.Release|ARM.Build.0 = Release|Any CPU
		{45D390E4-AE4A-4776-A141-0B8D2DD7E9FC}.Release|iPhone.ActiveCfg = Release|Any CPU
		{45D390E4-AE4A-4776-A141-0B8D2DD7E9FC}.Release|iPhone.Build.0 = Release|Any CPU
		{45D390E4-AE4A-4776-A141-0B8D2DD7E9FC}.Release|iPhoneSimulator.ActiveCfg = Release|Any CPU
		{45D390E4-AE4A-4776-A141-0B8D2DD7E9FC}.Release|iPhoneSimulator.Build.0 = Release|Any CPU
		{45D390E4-AE4A-4776-A141-0B8D2DD7E9FC}.Release|x64.ActiveCfg = Release|Any CPU
		{45D390E4-AE4A-4776-A141-0B8D2DD7E9FC}.Release|x64.Build.0 = Release|Any CPU
		{45D390E4-AE4A-4776-A141-0B8D2DD7E9FC}.Release|x86.ActiveCfg = Release|Any CPU
		{45D390E4-AE4A-4776-A141-0B8D2DD7E9FC}.Release|x86.Build.0 = Release|Any CPU
		{E5838BC8-D859-4941-9696-6E600AB87F8A}.Ad-Hoc|Any CPU.ActiveCfg = Release|Any CPU
		{E5838BC8-D859-4941-9696-6E600AB87F8A}.Ad-Hoc|Any CPU.Build.0 = Release|Any CPU
		{E5838BC8-D859-4941-9696-6E600AB87F8A}.Ad-Hoc|Any CPU.Deploy.0 = Release|Any CPU
		{E5838BC8-D859-4941-9696-6E600AB87F8A}.Ad-Hoc|ARM.ActiveCfg = Release|Any CPU
		{E5838BC8-D859-4941-9696-6E600AB87F8A}.Ad-Hoc|ARM.Build.0 = Release|Any CPU
		{E5838BC8-D859-4941-9696-6E600AB87F8A}.Ad-Hoc|ARM.Deploy.0 = Release|Any CPU
		{E5838BC8-D859-4941-9696-6E600AB87F8A}.Ad-Hoc|iPhone.ActiveCfg = Release|Any CPU
		{E5838BC8-D859-4941-9696-6E600AB87F8A}.Ad-Hoc|iPhone.Build.0 = Release|Any CPU
		{E5838BC8-D859-4941-9696-6E600AB87F8A}.Ad-Hoc|iPhone.Deploy.0 = Release|Any CPU
		{E5838BC8-D859-4941-9696-6E600AB87F8A}.Ad-Hoc|iPhoneSimulator.ActiveCfg = Release|Any CPU
		{E5838BC8-D859-4941-9696-6E600AB87F8A}.Ad-Hoc|iPhoneSimulator.Build.0 = Release|Any CPU
		{E5838BC8-D859-4941-9696-6E600AB87F8A}.Ad-Hoc|iPhoneSimulator.Deploy.0 = Release|Any CPU
		{E5838BC8-D859-4941-9696-6E600AB87F8A}.Ad-Hoc|x64.ActiveCfg = Release|Any CPU
		{E5838BC8-D859-4941-9696-6E600AB87F8A}.Ad-Hoc|x64.Build.0 = Release|Any CPU
		{E5838BC8-D859-4941-9696-6E600AB87F8A}.Ad-Hoc|x64.Deploy.0 = Release|Any CPU
		{E5838BC8-D859-4941-9696-6E600AB87F8A}.Ad-Hoc|x86.ActiveCfg = Release|Any CPU
		{E5838BC8-D859-4941-9696-6E600AB87F8A}.Ad-Hoc|x86.Build.0 = Release|Any CPU
		{E5838BC8-D859-4941-9696-6E600AB87F8A}.Ad-Hoc|x86.Deploy.0 = Release|Any CPU
		{E5838BC8-D859-4941-9696-6E600AB87F8A}.AppStore|Any CPU.ActiveCfg = Release|Any CPU
		{E5838BC8-D859-4941-9696-6E600AB87F8A}.AppStore|Any CPU.Build.0 = Release|Any CPU
		{E5838BC8-D859-4941-9696-6E600AB87F8A}.AppStore|Any CPU.Deploy.0 = Release|Any CPU
		{E5838BC8-D859-4941-9696-6E600AB87F8A}.AppStore|ARM.ActiveCfg = Release|Any CPU
		{E5838BC8-D859-4941-9696-6E600AB87F8A}.AppStore|ARM.Build.0 = Release|Any CPU
		{E5838BC8-D859-4941-9696-6E600AB87F8A}.AppStore|ARM.Deploy.0 = Release|Any CPU
		{E5838BC8-D859-4941-9696-6E600AB87F8A}.AppStore|iPhone.ActiveCfg = Release|Any CPU
		{E5838BC8-D859-4941-9696-6E600AB87F8A}.AppStore|iPhone.Build.0 = Release|Any CPU
		{E5838BC8-D859-4941-9696-6E600AB87F8A}.AppStore|iPhone.Deploy.0 = Release|Any CPU
		{E5838BC8-D859-4941-9696-6E600AB87F8A}.AppStore|iPhoneSimulator.ActiveCfg = Release|Any CPU
		{E5838BC8-D859-4941-9696-6E600AB87F8A}.AppStore|iPhoneSimulator.Build.0 = Release|Any CPU
		{E5838BC8-D859-4941-9696-6E600AB87F8A}.AppStore|iPhoneSimulator.Deploy.0 = Release|Any CPU
		{E5838BC8-D859-4941-9696-6E600AB87F8A}.AppStore|x64.ActiveCfg = Release|Any CPU
		{E5838BC8-D859-4941-9696-6E600AB87F8A}.AppStore|x64.Build.0 = Release|Any CPU
		{E5838BC8-D859-4941-9696-6E600AB87F8A}.AppStore|x64.Deploy.0 = Release|Any CPU
		{E5838BC8-D859-4941-9696-6E600AB87F8A}.AppStore|x86.ActiveCfg = Release|Any CPU
		{E5838BC8-D859-4941-9696-6E600AB87F8A}.AppStore|x86.Build.0 = Release|Any CPU
		{E5838BC8-D859-4941-9696-6E600AB87F8A}.AppStore|x86.Deploy.0 = Release|Any CPU
		{E5838BC8-D859-4941-9696-6E600AB87F8A}.Debug|Any CPU.ActiveCfg = Debug|Any CPU
		{E5838BC8-D859-4941-9696-6E600AB87F8A}.Debug|Any CPU.Build.0 = Debug|Any CPU
		{E5838BC8-D859-4941-9696-6E600AB87F8A}.Debug|Any CPU.Deploy.0 = Debug|Any CPU
		{E5838BC8-D859-4941-9696-6E600AB87F8A}.Debug|ARM.ActiveCfg = Debug|Any CPU
		{E5838BC8-D859-4941-9696-6E600AB87F8A}.Debug|ARM.Build.0 = Debug|Any CPU
		{E5838BC8-D859-4941-9696-6E600AB87F8A}.Debug|ARM.Deploy.0 = Debug|Any CPU
		{E5838BC8-D859-4941-9696-6E600AB87F8A}.Debug|iPhone.ActiveCfg = Debug|Any CPU
		{E5838BC8-D859-4941-9696-6E600AB87F8A}.Debug|iPhone.Build.0 = Debug|Any CPU
		{E5838BC8-D859-4941-9696-6E600AB87F8A}.Debug|iPhone.Deploy.0 = Debug|Any CPU
		{E5838BC8-D859-4941-9696-6E600AB87F8A}.Debug|iPhoneSimulator.ActiveCfg = Debug|Any CPU
		{E5838BC8-D859-4941-9696-6E600AB87F8A}.Debug|iPhoneSimulator.Build.0 = Debug|Any CPU
		{E5838BC8-D859-4941-9696-6E600AB87F8A}.Debug|iPhoneSimulator.Deploy.0 = Debug|Any CPU
		{E5838BC8-D859-4941-9696-6E600AB87F8A}.Debug|x64.ActiveCfg = Debug|Any CPU
		{E5838BC8-D859-4941-9696-6E600AB87F8A}.Debug|x64.Build.0 = Debug|Any CPU
		{E5838BC8-D859-4941-9696-6E600AB87F8A}.Debug|x64.Deploy.0 = Debug|Any CPU
		{E5838BC8-D859-4941-9696-6E600AB87F8A}.Debug|x86.ActiveCfg = Debug|Any CPU
		{E5838BC8-D859-4941-9696-6E600AB87F8A}.Debug|x86.Build.0 = Debug|Any CPU
		{E5838BC8-D859-4941-9696-6E600AB87F8A}.Debug|x86.Deploy.0 = Debug|Any CPU
		{E5838BC8-D859-4941-9696-6E600AB87F8A}.Release|Any CPU.ActiveCfg = Release|Any CPU
		{E5838BC8-D859-4941-9696-6E600AB87F8A}.Release|Any CPU.Build.0 = Release|Any CPU
		{E5838BC8-D859-4941-9696-6E600AB87F8A}.Release|Any CPU.Deploy.0 = Release|Any CPU
		{E5838BC8-D859-4941-9696-6E600AB87F8A}.Release|ARM.ActiveCfg = Release|Any CPU
		{E5838BC8-D859-4941-9696-6E600AB87F8A}.Release|ARM.Build.0 = Release|Any CPU
		{E5838BC8-D859-4941-9696-6E600AB87F8A}.Release|ARM.Deploy.0 = Release|Any CPU
		{E5838BC8-D859-4941-9696-6E600AB87F8A}.Release|iPhone.ActiveCfg = Release|Any CPU
		{E5838BC8-D859-4941-9696-6E600AB87F8A}.Release|iPhone.Build.0 = Release|Any CPU
		{E5838BC8-D859-4941-9696-6E600AB87F8A}.Release|iPhone.Deploy.0 = Release|Any CPU
		{E5838BC8-D859-4941-9696-6E600AB87F8A}.Release|iPhoneSimulator.ActiveCfg = Release|Any CPU
		{E5838BC8-D859-4941-9696-6E600AB87F8A}.Release|iPhoneSimulator.Build.0 = Release|Any CPU
		{E5838BC8-D859-4941-9696-6E600AB87F8A}.Release|iPhoneSimulator.Deploy.0 = Release|Any CPU
		{E5838BC8-D859-4941-9696-6E600AB87F8A}.Release|x64.ActiveCfg = Release|Any CPU
		{E5838BC8-D859-4941-9696-6E600AB87F8A}.Release|x64.Build.0 = Release|Any CPU
		{E5838BC8-D859-4941-9696-6E600AB87F8A}.Release|x64.Deploy.0 = Release|Any CPU
		{E5838BC8-D859-4941-9696-6E600AB87F8A}.Release|x86.ActiveCfg = Release|Any CPU
		{E5838BC8-D859-4941-9696-6E600AB87F8A}.Release|x86.Build.0 = Release|Any CPU
		{E5838BC8-D859-4941-9696-6E600AB87F8A}.Release|x86.Deploy.0 = Release|Any CPU
		{49127650-D6CD-40C0-B237-1C510D7BC702}.Ad-Hoc|Any CPU.ActiveCfg = Debug|x64
		{49127650-D6CD-40C0-B237-1C510D7BC702}.Ad-Hoc|Any CPU.Build.0 = Debug|x64
		{49127650-D6CD-40C0-B237-1C510D7BC702}.Ad-Hoc|Any CPU.Deploy.0 = Debug|x64
		{49127650-D6CD-40C0-B237-1C510D7BC702}.Ad-Hoc|ARM.ActiveCfg = Release|ARM
		{49127650-D6CD-40C0-B237-1C510D7BC702}.Ad-Hoc|ARM.Build.0 = Release|ARM
		{49127650-D6CD-40C0-B237-1C510D7BC702}.Ad-Hoc|ARM.Deploy.0 = Release|ARM
		{49127650-D6CD-40C0-B237-1C510D7BC702}.Ad-Hoc|iPhone.ActiveCfg = Debug|x64
		{49127650-D6CD-40C0-B237-1C510D7BC702}.Ad-Hoc|iPhone.Build.0 = Debug|x64
		{49127650-D6CD-40C0-B237-1C510D7BC702}.Ad-Hoc|iPhone.Deploy.0 = Debug|x64
		{49127650-D6CD-40C0-B237-1C510D7BC702}.Ad-Hoc|iPhoneSimulator.ActiveCfg = Debug|x64
		{49127650-D6CD-40C0-B237-1C510D7BC702}.Ad-Hoc|iPhoneSimulator.Build.0 = Debug|x64
		{49127650-D6CD-40C0-B237-1C510D7BC702}.Ad-Hoc|iPhoneSimulator.Deploy.0 = Debug|x64
		{49127650-D6CD-40C0-B237-1C510D7BC702}.Ad-Hoc|x64.ActiveCfg = Release|x64
		{49127650-D6CD-40C0-B237-1C510D7BC702}.Ad-Hoc|x64.Build.0 = Release|x64
		{49127650-D6CD-40C0-B237-1C510D7BC702}.Ad-Hoc|x64.Deploy.0 = Release|x64
		{49127650-D6CD-40C0-B237-1C510D7BC702}.Ad-Hoc|x86.ActiveCfg = Release|x86
		{49127650-D6CD-40C0-B237-1C510D7BC702}.Ad-Hoc|x86.Build.0 = Release|x86
		{49127650-D6CD-40C0-B237-1C510D7BC702}.Ad-Hoc|x86.Deploy.0 = Release|x86
		{49127650-D6CD-40C0-B237-1C510D7BC702}.AppStore|Any CPU.ActiveCfg = Debug|x64
		{49127650-D6CD-40C0-B237-1C510D7BC702}.AppStore|Any CPU.Build.0 = Debug|x64
		{49127650-D6CD-40C0-B237-1C510D7BC702}.AppStore|Any CPU.Deploy.0 = Debug|x64
		{49127650-D6CD-40C0-B237-1C510D7BC702}.AppStore|ARM.ActiveCfg = Release|ARM
		{49127650-D6CD-40C0-B237-1C510D7BC702}.AppStore|ARM.Build.0 = Release|ARM
		{49127650-D6CD-40C0-B237-1C510D7BC702}.AppStore|ARM.Deploy.0 = Release|ARM
		{49127650-D6CD-40C0-B237-1C510D7BC702}.AppStore|iPhone.ActiveCfg = Debug|x64
		{49127650-D6CD-40C0-B237-1C510D7BC702}.AppStore|iPhone.Build.0 = Debug|x64
		{49127650-D6CD-40C0-B237-1C510D7BC702}.AppStore|iPhone.Deploy.0 = Debug|x64
		{49127650-D6CD-40C0-B237-1C510D7BC702}.AppStore|iPhoneSimulator.ActiveCfg = Debug|x64
		{49127650-D6CD-40C0-B237-1C510D7BC702}.AppStore|iPhoneSimulator.Build.0 = Debug|x64
		{49127650-D6CD-40C0-B237-1C510D7BC702}.AppStore|iPhoneSimulator.Deploy.0 = Debug|x64
		{49127650-D6CD-40C0-B237-1C510D7BC702}.AppStore|x64.ActiveCfg = Release|x64
		{49127650-D6CD-40C0-B237-1C510D7BC702}.AppStore|x64.Build.0 = Release|x64
		{49127650-D6CD-40C0-B237-1C510D7BC702}.AppStore|x64.Deploy.0 = Release|x64
		{49127650-D6CD-40C0-B237-1C510D7BC702}.AppStore|x86.ActiveCfg = Release|x86
		{49127650-D6CD-40C0-B237-1C510D7BC702}.AppStore|x86.Build.0 = Release|x86
		{49127650-D6CD-40C0-B237-1C510D7BC702}.AppStore|x86.Deploy.0 = Release|x86
		{49127650-D6CD-40C0-B237-1C510D7BC702}.Debug|Any CPU.ActiveCfg = Debug|x86
		{49127650-D6CD-40C0-B237-1C510D7BC702}.Debug|ARM.ActiveCfg = Debug|ARM
		{49127650-D6CD-40C0-B237-1C510D7BC702}.Debug|ARM.Build.0 = Debug|ARM
		{49127650-D6CD-40C0-B237-1C510D7BC702}.Debug|ARM.Deploy.0 = Debug|ARM
		{49127650-D6CD-40C0-B237-1C510D7BC702}.Debug|iPhone.ActiveCfg = Debug|x86
		{49127650-D6CD-40C0-B237-1C510D7BC702}.Debug|iPhoneSimulator.ActiveCfg = Debug|x86
		{49127650-D6CD-40C0-B237-1C510D7BC702}.Debug|x64.ActiveCfg = Debug|x64
		{49127650-D6CD-40C0-B237-1C510D7BC702}.Debug|x64.Build.0 = Debug|x64
		{49127650-D6CD-40C0-B237-1C510D7BC702}.Debug|x64.Deploy.0 = Debug|x64
		{49127650-D6CD-40C0-B237-1C510D7BC702}.Debug|x86.ActiveCfg = Debug|x86
		{49127650-D6CD-40C0-B237-1C510D7BC702}.Debug|x86.Build.0 = Debug|x86
		{49127650-D6CD-40C0-B237-1C510D7BC702}.Debug|x86.Deploy.0 = Debug|x86
		{49127650-D6CD-40C0-B237-1C510D7BC702}.Release|Any CPU.ActiveCfg = Release|x86
		{49127650-D6CD-40C0-B237-1C510D7BC702}.Release|ARM.ActiveCfg = Release|ARM
		{49127650-D6CD-40C0-B237-1C510D7BC702}.Release|ARM.Build.0 = Release|ARM
		{49127650-D6CD-40C0-B237-1C510D7BC702}.Release|ARM.Deploy.0 = Release|ARM
		{49127650-D6CD-40C0-B237-1C510D7BC702}.Release|iPhone.ActiveCfg = Release|x86
		{49127650-D6CD-40C0-B237-1C510D7BC702}.Release|iPhoneSimulator.ActiveCfg = Release|x86
		{49127650-D6CD-40C0-B237-1C510D7BC702}.Release|x64.ActiveCfg = Release|x64
		{49127650-D6CD-40C0-B237-1C510D7BC702}.Release|x64.Build.0 = Release|x64
		{49127650-D6CD-40C0-B237-1C510D7BC702}.Release|x64.Deploy.0 = Release|x64
		{49127650-D6CD-40C0-B237-1C510D7BC702}.Release|x86.ActiveCfg = Release|x86
		{49127650-D6CD-40C0-B237-1C510D7BC702}.Release|x86.Build.0 = Release|x86
		{49127650-D6CD-40C0-B237-1C510D7BC702}.Release|x86.Deploy.0 = Release|x86
		{E3FADFE3-6F51-4444-B3D2-74EBD9E726B9}.Ad-Hoc|Any CPU.ActiveCfg = Ad-Hoc|iPhone
		{E3FADFE3-6F51-4444-B3D2-74EBD9E726B9}.Ad-Hoc|ARM.ActiveCfg = Ad-Hoc|iPhone
		{E3FADFE3-6F51-4444-B3D2-74EBD9E726B9}.Ad-Hoc|iPhone.ActiveCfg = Ad-Hoc|iPhone
		{E3FADFE3-6F51-4444-B3D2-74EBD9E726B9}.Ad-Hoc|iPhone.Build.0 = Ad-Hoc|iPhone
		{E3FADFE3-6F51-4444-B3D2-74EBD9E726B9}.Ad-Hoc|iPhoneSimulator.ActiveCfg = Ad-Hoc|iPhoneSimulator
		{E3FADFE3-6F51-4444-B3D2-74EBD9E726B9}.Ad-Hoc|iPhoneSimulator.Build.0 = Ad-Hoc|iPhoneSimulator
		{E3FADFE3-6F51-4444-B3D2-74EBD9E726B9}.Ad-Hoc|x64.ActiveCfg = Ad-Hoc|iPhone
		{E3FADFE3-6F51-4444-B3D2-74EBD9E726B9}.Ad-Hoc|x86.ActiveCfg = Ad-Hoc|iPhone
		{E3FADFE3-6F51-4444-B3D2-74EBD9E726B9}.AppStore|Any CPU.ActiveCfg = AppStore|iPhone
		{E3FADFE3-6F51-4444-B3D2-74EBD9E726B9}.AppStore|ARM.ActiveCfg = AppStore|iPhone
		{E3FADFE3-6F51-4444-B3D2-74EBD9E726B9}.AppStore|iPhone.ActiveCfg = AppStore|iPhone
		{E3FADFE3-6F51-4444-B3D2-74EBD9E726B9}.AppStore|iPhone.Build.0 = AppStore|iPhone
		{E3FADFE3-6F51-4444-B3D2-74EBD9E726B9}.AppStore|iPhoneSimulator.ActiveCfg = AppStore|iPhoneSimulator
		{E3FADFE3-6F51-4444-B3D2-74EBD9E726B9}.AppStore|iPhoneSimulator.Build.0 = AppStore|iPhoneSimulator
		{E3FADFE3-6F51-4444-B3D2-74EBD9E726B9}.AppStore|x64.ActiveCfg = AppStore|iPhone
		{E3FADFE3-6F51-4444-B3D2-74EBD9E726B9}.AppStore|x86.ActiveCfg = AppStore|iPhone
		{E3FADFE3-6F51-4444-B3D2-74EBD9E726B9}.Debug|Any CPU.ActiveCfg = Debug|iPhone
		{E3FADFE3-6F51-4444-B3D2-74EBD9E726B9}.Debug|ARM.ActiveCfg = Debug|iPhone
		{E3FADFE3-6F51-4444-B3D2-74EBD9E726B9}.Debug|iPhone.ActiveCfg = Debug|iPhone
		{E3FADFE3-6F51-4444-B3D2-74EBD9E726B9}.Debug|iPhone.Build.0 = Debug|iPhone
		{E3FADFE3-6F51-4444-B3D2-74EBD9E726B9}.Debug|iPhoneSimulator.ActiveCfg = Debug|iPhoneSimulator
		{E3FADFE3-6F51-4444-B3D2-74EBD9E726B9}.Debug|iPhoneSimulator.Build.0 = Debug|iPhoneSimulator
		{E3FADFE3-6F51-4444-B3D2-74EBD9E726B9}.Debug|x64.ActiveCfg = Debug|iPhone
		{E3FADFE3-6F51-4444-B3D2-74EBD9E726B9}.Debug|x86.ActiveCfg = Debug|iPhone
		{E3FADFE3-6F51-4444-B3D2-74EBD9E726B9}.Release|Any CPU.ActiveCfg = Release|iPhone
		{E3FADFE3-6F51-4444-B3D2-74EBD9E726B9}.Release|ARM.ActiveCfg = Release|iPhone
		{E3FADFE3-6F51-4444-B3D2-74EBD9E726B9}.Release|iPhone.ActiveCfg = Release|iPhone
		{E3FADFE3-6F51-4444-B3D2-74EBD9E726B9}.Release|iPhone.Build.0 = Release|iPhone
		{E3FADFE3-6F51-4444-B3D2-74EBD9E726B9}.Release|iPhoneSimulator.ActiveCfg = Release|iPhoneSimulator
		{E3FADFE3-6F51-4444-B3D2-74EBD9E726B9}.Release|iPhoneSimulator.Build.0 = Release|iPhoneSimulator
		{E3FADFE3-6F51-4444-B3D2-74EBD9E726B9}.Release|x64.ActiveCfg = Release|iPhone
		{E3FADFE3-6F51-4444-B3D2-74EBD9E726B9}.Release|x86.ActiveCfg = Release|iPhone
		{67F9D3A8-F71E-4428-913F-C37AE82CDB24}.Ad-Hoc|Any CPU.ActiveCfg = Release|Any CPU
		{67F9D3A8-F71E-4428-913F-C37AE82CDB24}.Ad-Hoc|Any CPU.Build.0 = Release|Any CPU
		{67F9D3A8-F71E-4428-913F-C37AE82CDB24}.Ad-Hoc|ARM.ActiveCfg = Release|Any CPU
		{67F9D3A8-F71E-4428-913F-C37AE82CDB24}.Ad-Hoc|ARM.Build.0 = Release|Any CPU
		{67F9D3A8-F71E-4428-913F-C37AE82CDB24}.Ad-Hoc|iPhone.ActiveCfg = Release|Any CPU
		{67F9D3A8-F71E-4428-913F-C37AE82CDB24}.Ad-Hoc|iPhone.Build.0 = Release|Any CPU
		{67F9D3A8-F71E-4428-913F-C37AE82CDB24}.Ad-Hoc|iPhoneSimulator.ActiveCfg = Release|Any CPU
		{67F9D3A8-F71E-4428-913F-C37AE82CDB24}.Ad-Hoc|iPhoneSimulator.Build.0 = Release|Any CPU
		{67F9D3A8-F71E-4428-913F-C37AE82CDB24}.Ad-Hoc|x64.ActiveCfg = Release|Any CPU
		{67F9D3A8-F71E-4428-913F-C37AE82CDB24}.Ad-Hoc|x64.Build.0 = Release|Any CPU
		{67F9D3A8-F71E-4428-913F-C37AE82CDB24}.Ad-Hoc|x86.ActiveCfg = Release|Any CPU
		{67F9D3A8-F71E-4428-913F-C37AE82CDB24}.Ad-Hoc|x86.Build.0 = Release|Any CPU
		{67F9D3A8-F71E-4428-913F-C37AE82CDB24}.AppStore|Any CPU.ActiveCfg = Release|Any CPU
		{67F9D3A8-F71E-4428-913F-C37AE82CDB24}.AppStore|Any CPU.Build.0 = Release|Any CPU
		{67F9D3A8-F71E-4428-913F-C37AE82CDB24}.AppStore|ARM.ActiveCfg = Release|Any CPU
		{67F9D3A8-F71E-4428-913F-C37AE82CDB24}.AppStore|ARM.Build.0 = Release|Any CPU
		{67F9D3A8-F71E-4428-913F-C37AE82CDB24}.AppStore|iPhone.ActiveCfg = Release|Any CPU
		{67F9D3A8-F71E-4428-913F-C37AE82CDB24}.AppStore|iPhone.Build.0 = Release|Any CPU
		{67F9D3A8-F71E-4428-913F-C37AE82CDB24}.AppStore|iPhoneSimulator.ActiveCfg = Release|Any CPU
		{67F9D3A8-F71E-4428-913F-C37AE82CDB24}.AppStore|iPhoneSimulator.Build.0 = Release|Any CPU
		{67F9D3A8-F71E-4428-913F-C37AE82CDB24}.AppStore|x64.ActiveCfg = Release|Any CPU
		{67F9D3A8-F71E-4428-913F-C37AE82CDB24}.AppStore|x64.Build.0 = Release|Any CPU
		{67F9D3A8-F71E-4428-913F-C37AE82CDB24}.AppStore|x86.ActiveCfg = Release|Any CPU
		{67F9D3A8-F71E-4428-913F-C37AE82CDB24}.AppStore|x86.Build.0 = Release|Any CPU
		{67F9D3A8-F71E-4428-913F-C37AE82CDB24}.Debug|Any CPU.ActiveCfg = Debug|Any CPU
		{67F9D3A8-F71E-4428-913F-C37AE82CDB24}.Debug|Any CPU.Build.0 = Debug|Any CPU
		{67F9D3A8-F71E-4428-913F-C37AE82CDB24}.Debug|ARM.ActiveCfg = Debug|Any CPU
		{67F9D3A8-F71E-4428-913F-C37AE82CDB24}.Debug|ARM.Build.0 = Debug|Any CPU
		{67F9D3A8-F71E-4428-913F-C37AE82CDB24}.Debug|iPhone.ActiveCfg = Debug|Any CPU
		{67F9D3A8-F71E-4428-913F-C37AE82CDB24}.Debug|iPhone.Build.0 = Debug|Any CPU
		{67F9D3A8-F71E-4428-913F-C37AE82CDB24}.Debug|iPhoneSimulator.ActiveCfg = Debug|Any CPU
		{67F9D3A8-F71E-4428-913F-C37AE82CDB24}.Debug|iPhoneSimulator.Build.0 = Debug|Any CPU
		{67F9D3A8-F71E-4428-913F-C37AE82CDB24}.Debug|x64.ActiveCfg = Debug|Any CPU
		{67F9D3A8-F71E-4428-913F-C37AE82CDB24}.Debug|x64.Build.0 = Debug|Any CPU
		{67F9D3A8-F71E-4428-913F-C37AE82CDB24}.Debug|x86.ActiveCfg = Debug|Any CPU
		{67F9D3A8-F71E-4428-913F-C37AE82CDB24}.Debug|x86.Build.0 = Debug|Any CPU
		{67F9D3A8-F71E-4428-913F-C37AE82CDB24}.Release|Any CPU.ActiveCfg = Release|Any CPU
		{67F9D3A8-F71E-4428-913F-C37AE82CDB24}.Release|Any CPU.Build.0 = Release|Any CPU
		{67F9D3A8-F71E-4428-913F-C37AE82CDB24}.Release|ARM.ActiveCfg = Release|Any CPU
		{67F9D3A8-F71E-4428-913F-C37AE82CDB24}.Release|ARM.Build.0 = Release|Any CPU
		{67F9D3A8-F71E-4428-913F-C37AE82CDB24}.Release|iPhone.ActiveCfg = Release|Any CPU
		{67F9D3A8-F71E-4428-913F-C37AE82CDB24}.Release|iPhone.Build.0 = Release|Any CPU
		{67F9D3A8-F71E-4428-913F-C37AE82CDB24}.Release|iPhoneSimulator.ActiveCfg = Release|Any CPU
		{67F9D3A8-F71E-4428-913F-C37AE82CDB24}.Release|iPhoneSimulator.Build.0 = Release|Any CPU
		{67F9D3A8-F71E-4428-913F-C37AE82CDB24}.Release|x64.ActiveCfg = Release|Any CPU
		{67F9D3A8-F71E-4428-913F-C37AE82CDB24}.Release|x64.Build.0 = Release|Any CPU
		{67F9D3A8-F71E-4428-913F-C37AE82CDB24}.Release|x86.ActiveCfg = Release|Any CPU
		{67F9D3A8-F71E-4428-913F-C37AE82CDB24}.Release|x86.Build.0 = Release|Any CPU
		{F1B5E784-2284-488B-8D1C-6A9C2775FED0}.Ad-Hoc|Any CPU.ActiveCfg = Debug|Any CPU
		{F1B5E784-2284-488B-8D1C-6A9C2775FED0}.Ad-Hoc|Any CPU.Build.0 = Debug|Any CPU
		{F1B5E784-2284-488B-8D1C-6A9C2775FED0}.Ad-Hoc|ARM.ActiveCfg = Debug|Any CPU
		{F1B5E784-2284-488B-8D1C-6A9C2775FED0}.Ad-Hoc|ARM.Build.0 = Debug|Any CPU
		{F1B5E784-2284-488B-8D1C-6A9C2775FED0}.Ad-Hoc|iPhone.ActiveCfg = Debug|Any CPU
		{F1B5E784-2284-488B-8D1C-6A9C2775FED0}.Ad-Hoc|iPhone.Build.0 = Debug|Any CPU
		{F1B5E784-2284-488B-8D1C-6A9C2775FED0}.Ad-Hoc|iPhoneSimulator.ActiveCfg = Debug|Any CPU
		{F1B5E784-2284-488B-8D1C-6A9C2775FED0}.Ad-Hoc|iPhoneSimulator.Build.0 = Debug|Any CPU
		{F1B5E784-2284-488B-8D1C-6A9C2775FED0}.Ad-Hoc|x64.ActiveCfg = Debug|Any CPU
		{F1B5E784-2284-488B-8D1C-6A9C2775FED0}.Ad-Hoc|x64.Build.0 = Debug|Any CPU
		{F1B5E784-2284-488B-8D1C-6A9C2775FED0}.Ad-Hoc|x86.ActiveCfg = Debug|Any CPU
		{F1B5E784-2284-488B-8D1C-6A9C2775FED0}.Ad-Hoc|x86.Build.0 = Debug|Any CPU
		{F1B5E784-2284-488B-8D1C-6A9C2775FED0}.AppStore|Any CPU.ActiveCfg = Debug|Any CPU
		{F1B5E784-2284-488B-8D1C-6A9C2775FED0}.AppStore|Any CPU.Build.0 = Debug|Any CPU
		{F1B5E784-2284-488B-8D1C-6A9C2775FED0}.AppStore|ARM.ActiveCfg = Debug|Any CPU
		{F1B5E784-2284-488B-8D1C-6A9C2775FED0}.AppStore|ARM.Build.0 = Debug|Any CPU
		{F1B5E784-2284-488B-8D1C-6A9C2775FED0}.AppStore|iPhone.ActiveCfg = Debug|Any CPU
		{F1B5E784-2284-488B-8D1C-6A9C2775FED0}.AppStore|iPhone.Build.0 = Debug|Any CPU
		{F1B5E784-2284-488B-8D1C-6A9C2775FED0}.AppStore|iPhoneSimulator.ActiveCfg = Debug|Any CPU
		{F1B5E784-2284-488B-8D1C-6A9C2775FED0}.AppStore|iPhoneSimulator.Build.0 = Debug|Any CPU
		{F1B5E784-2284-488B-8D1C-6A9C2775FED0}.AppStore|x64.ActiveCfg = Debug|Any CPU
		{F1B5E784-2284-488B-8D1C-6A9C2775FED0}.AppStore|x64.Build.0 = Debug|Any CPU
		{F1B5E784-2284-488B-8D1C-6A9C2775FED0}.AppStore|x86.ActiveCfg = Debug|Any CPU
		{F1B5E784-2284-488B-8D1C-6A9C2775FED0}.AppStore|x86.Build.0 = Debug|Any CPU
		{F1B5E784-2284-488B-8D1C-6A9C2775FED0}.Debug|Any CPU.ActiveCfg = Debug|Any CPU
		{F1B5E784-2284-488B-8D1C-6A9C2775FED0}.Debug|Any CPU.Build.0 = Debug|Any CPU
		{F1B5E784-2284-488B-8D1C-6A9C2775FED0}.Debug|ARM.ActiveCfg = Debug|Any CPU
		{F1B5E784-2284-488B-8D1C-6A9C2775FED0}.Debug|ARM.Build.0 = Debug|Any CPU
		{F1B5E784-2284-488B-8D1C-6A9C2775FED0}.Debug|iPhone.ActiveCfg = Debug|Any CPU
		{F1B5E784-2284-488B-8D1C-6A9C2775FED0}.Debug|iPhone.Build.0 = Debug|Any CPU
		{F1B5E784-2284-488B-8D1C-6A9C2775FED0}.Debug|iPhoneSimulator.ActiveCfg = Debug|Any CPU
		{F1B5E784-2284-488B-8D1C-6A9C2775FED0}.Debug|iPhoneSimulator.Build.0 = Debug|Any CPU
		{F1B5E784-2284-488B-8D1C-6A9C2775FED0}.Debug|x64.ActiveCfg = Debug|Any CPU
		{F1B5E784-2284-488B-8D1C-6A9C2775FED0}.Debug|x64.Build.0 = Debug|Any CPU
		{F1B5E784-2284-488B-8D1C-6A9C2775FED0}.Debug|x86.ActiveCfg = Debug|Any CPU
		{F1B5E784-2284-488B-8D1C-6A9C2775FED0}.Debug|x86.Build.0 = Debug|Any CPU
		{F1B5E784-2284-488B-8D1C-6A9C2775FED0}.Release|Any CPU.ActiveCfg = Release|Any CPU
		{F1B5E784-2284-488B-8D1C-6A9C2775FED0}.Release|Any CPU.Build.0 = Release|Any CPU
		{F1B5E784-2284-488B-8D1C-6A9C2775FED0}.Release|ARM.ActiveCfg = Release|Any CPU
		{F1B5E784-2284-488B-8D1C-6A9C2775FED0}.Release|ARM.Build.0 = Release|Any CPU
		{F1B5E784-2284-488B-8D1C-6A9C2775FED0}.Release|iPhone.ActiveCfg = Release|Any CPU
		{F1B5E784-2284-488B-8D1C-6A9C2775FED0}.Release|iPhone.Build.0 = Release|Any CPU
		{F1B5E784-2284-488B-8D1C-6A9C2775FED0}.Release|iPhoneSimulator.ActiveCfg = Release|Any CPU
		{F1B5E784-2284-488B-8D1C-6A9C2775FED0}.Release|iPhoneSimulator.Build.0 = Release|Any CPU
		{F1B5E784-2284-488B-8D1C-6A9C2775FED0}.Release|x64.ActiveCfg = Release|Any CPU
		{F1B5E784-2284-488B-8D1C-6A9C2775FED0}.Release|x64.Build.0 = Release|Any CPU
		{F1B5E784-2284-488B-8D1C-6A9C2775FED0}.Release|x86.ActiveCfg = Release|Any CPU
		{F1B5E784-2284-488B-8D1C-6A9C2775FED0}.Release|x86.Build.0 = Release|Any CPU
		{37D8CB29-1A83-4454-AA3F-94A7C64E8F7C}.Ad-Hoc|Any CPU.ActiveCfg = Release|Any CPU
		{37D8CB29-1A83-4454-AA3F-94A7C64E8F7C}.Ad-Hoc|Any CPU.Build.0 = Release|Any CPU
		{37D8CB29-1A83-4454-AA3F-94A7C64E8F7C}.Ad-Hoc|Any CPU.Deploy.0 = Release|Any CPU
		{37D8CB29-1A83-4454-AA3F-94A7C64E8F7C}.Ad-Hoc|ARM.ActiveCfg = Release|Any CPU
		{37D8CB29-1A83-4454-AA3F-94A7C64E8F7C}.Ad-Hoc|ARM.Build.0 = Release|Any CPU
		{37D8CB29-1A83-4454-AA3F-94A7C64E8F7C}.Ad-Hoc|ARM.Deploy.0 = Release|Any CPU
		{37D8CB29-1A83-4454-AA3F-94A7C64E8F7C}.Ad-Hoc|iPhone.ActiveCfg = Release|Any CPU
		{37D8CB29-1A83-4454-AA3F-94A7C64E8F7C}.Ad-Hoc|iPhone.Build.0 = Release|Any CPU
		{37D8CB29-1A83-4454-AA3F-94A7C64E8F7C}.Ad-Hoc|iPhone.Deploy.0 = Release|Any CPU
		{37D8CB29-1A83-4454-AA3F-94A7C64E8F7C}.Ad-Hoc|iPhoneSimulator.ActiveCfg = Release|Any CPU
		{37D8CB29-1A83-4454-AA3F-94A7C64E8F7C}.Ad-Hoc|iPhoneSimulator.Build.0 = Release|Any CPU
		{37D8CB29-1A83-4454-AA3F-94A7C64E8F7C}.Ad-Hoc|iPhoneSimulator.Deploy.0 = Release|Any CPU
		{37D8CB29-1A83-4454-AA3F-94A7C64E8F7C}.Ad-Hoc|x64.ActiveCfg = Release|Any CPU
		{37D8CB29-1A83-4454-AA3F-94A7C64E8F7C}.Ad-Hoc|x64.Build.0 = Release|Any CPU
		{37D8CB29-1A83-4454-AA3F-94A7C64E8F7C}.Ad-Hoc|x64.Deploy.0 = Release|Any CPU
		{37D8CB29-1A83-4454-AA3F-94A7C64E8F7C}.Ad-Hoc|x86.ActiveCfg = Release|Any CPU
		{37D8CB29-1A83-4454-AA3F-94A7C64E8F7C}.Ad-Hoc|x86.Build.0 = Release|Any CPU
		{37D8CB29-1A83-4454-AA3F-94A7C64E8F7C}.Ad-Hoc|x86.Deploy.0 = Release|Any CPU
		{37D8CB29-1A83-4454-AA3F-94A7C64E8F7C}.AppStore|Any CPU.ActiveCfg = Release|Any CPU
		{37D8CB29-1A83-4454-AA3F-94A7C64E8F7C}.AppStore|Any CPU.Build.0 = Release|Any CPU
		{37D8CB29-1A83-4454-AA3F-94A7C64E8F7C}.AppStore|Any CPU.Deploy.0 = Release|Any CPU
		{37D8CB29-1A83-4454-AA3F-94A7C64E8F7C}.AppStore|ARM.ActiveCfg = Release|Any CPU
		{37D8CB29-1A83-4454-AA3F-94A7C64E8F7C}.AppStore|ARM.Build.0 = Release|Any CPU
		{37D8CB29-1A83-4454-AA3F-94A7C64E8F7C}.AppStore|ARM.Deploy.0 = Release|Any CPU
		{37D8CB29-1A83-4454-AA3F-94A7C64E8F7C}.AppStore|iPhone.ActiveCfg = Release|Any CPU
		{37D8CB29-1A83-4454-AA3F-94A7C64E8F7C}.AppStore|iPhone.Build.0 = Release|Any CPU
		{37D8CB29-1A83-4454-AA3F-94A7C64E8F7C}.AppStore|iPhone.Deploy.0 = Release|Any CPU
		{37D8CB29-1A83-4454-AA3F-94A7C64E8F7C}.AppStore|iPhoneSimulator.ActiveCfg = Release|Any CPU
		{37D8CB29-1A83-4454-AA3F-94A7C64E8F7C}.AppStore|iPhoneSimulator.Build.0 = Release|Any CPU
		{37D8CB29-1A83-4454-AA3F-94A7C64E8F7C}.AppStore|iPhoneSimulator.Deploy.0 = Release|Any CPU
		{37D8CB29-1A83-4454-AA3F-94A7C64E8F7C}.AppStore|x64.ActiveCfg = Release|Any CPU
		{37D8CB29-1A83-4454-AA3F-94A7C64E8F7C}.AppStore|x64.Build.0 = Release|Any CPU
		{37D8CB29-1A83-4454-AA3F-94A7C64E8F7C}.AppStore|x64.Deploy.0 = Release|Any CPU
		{37D8CB29-1A83-4454-AA3F-94A7C64E8F7C}.AppStore|x86.ActiveCfg = Release|Any CPU
		{37D8CB29-1A83-4454-AA3F-94A7C64E8F7C}.AppStore|x86.Build.0 = Release|Any CPU
		{37D8CB29-1A83-4454-AA3F-94A7C64E8F7C}.AppStore|x86.Deploy.0 = Release|Any CPU
		{37D8CB29-1A83-4454-AA3F-94A7C64E8F7C}.Debug|Any CPU.ActiveCfg = Debug|Any CPU
		{37D8CB29-1A83-4454-AA3F-94A7C64E8F7C}.Debug|Any CPU.Build.0 = Debug|Any CPU
		{37D8CB29-1A83-4454-AA3F-94A7C64E8F7C}.Debug|Any CPU.Deploy.0 = Debug|Any CPU
		{37D8CB29-1A83-4454-AA3F-94A7C64E8F7C}.Debug|ARM.ActiveCfg = Debug|Any CPU
		{37D8CB29-1A83-4454-AA3F-94A7C64E8F7C}.Debug|ARM.Build.0 = Debug|Any CPU
		{37D8CB29-1A83-4454-AA3F-94A7C64E8F7C}.Debug|ARM.Deploy.0 = Debug|Any CPU
		{37D8CB29-1A83-4454-AA3F-94A7C64E8F7C}.Debug|iPhone.ActiveCfg = Debug|Any CPU
		{37D8CB29-1A83-4454-AA3F-94A7C64E8F7C}.Debug|iPhone.Build.0 = Debug|Any CPU
		{37D8CB29-1A83-4454-AA3F-94A7C64E8F7C}.Debug|iPhone.Deploy.0 = Debug|Any CPU
		{37D8CB29-1A83-4454-AA3F-94A7C64E8F7C}.Debug|iPhoneSimulator.ActiveCfg = Debug|Any CPU
		{37D8CB29-1A83-4454-AA3F-94A7C64E8F7C}.Debug|iPhoneSimulator.Build.0 = Debug|Any CPU
		{37D8CB29-1A83-4454-AA3F-94A7C64E8F7C}.Debug|iPhoneSimulator.Deploy.0 = Debug|Any CPU
		{37D8CB29-1A83-4454-AA3F-94A7C64E8F7C}.Debug|x64.ActiveCfg = Debug|Any CPU
		{37D8CB29-1A83-4454-AA3F-94A7C64E8F7C}.Debug|x64.Build.0 = Debug|Any CPU
		{37D8CB29-1A83-4454-AA3F-94A7C64E8F7C}.Debug|x64.Deploy.0 = Debug|Any CPU
		{37D8CB29-1A83-4454-AA3F-94A7C64E8F7C}.Debug|x86.ActiveCfg = Debug|Any CPU
		{37D8CB29-1A83-4454-AA3F-94A7C64E8F7C}.Debug|x86.Build.0 = Debug|Any CPU
		{37D8CB29-1A83-4454-AA3F-94A7C64E8F7C}.Debug|x86.Deploy.0 = Debug|Any CPU
		{37D8CB29-1A83-4454-AA3F-94A7C64E8F7C}.Release|Any CPU.ActiveCfg = Release|Any CPU
		{37D8CB29-1A83-4454-AA3F-94A7C64E8F7C}.Release|Any CPU.Build.0 = Release|Any CPU
		{37D8CB29-1A83-4454-AA3F-94A7C64E8F7C}.Release|Any CPU.Deploy.0 = Release|Any CPU
		{37D8CB29-1A83-4454-AA3F-94A7C64E8F7C}.Release|ARM.ActiveCfg = Release|Any CPU
		{37D8CB29-1A83-4454-AA3F-94A7C64E8F7C}.Release|ARM.Build.0 = Release|Any CPU
		{37D8CB29-1A83-4454-AA3F-94A7C64E8F7C}.Release|ARM.Deploy.0 = Release|Any CPU
		{37D8CB29-1A83-4454-AA3F-94A7C64E8F7C}.Release|iPhone.ActiveCfg = Release|Any CPU
		{37D8CB29-1A83-4454-AA3F-94A7C64E8F7C}.Release|iPhone.Build.0 = Release|Any CPU
		{37D8CB29-1A83-4454-AA3F-94A7C64E8F7C}.Release|iPhone.Deploy.0 = Release|Any CPU
		{37D8CB29-1A83-4454-AA3F-94A7C64E8F7C}.Release|iPhoneSimulator.ActiveCfg = Release|Any CPU
		{37D8CB29-1A83-4454-AA3F-94A7C64E8F7C}.Release|iPhoneSimulator.Build.0 = Release|Any CPU
		{37D8CB29-1A83-4454-AA3F-94A7C64E8F7C}.Release|iPhoneSimulator.Deploy.0 = Release|Any CPU
		{37D8CB29-1A83-4454-AA3F-94A7C64E8F7C}.Release|x64.ActiveCfg = Release|Any CPU
		{37D8CB29-1A83-4454-AA3F-94A7C64E8F7C}.Release|x64.Build.0 = Release|Any CPU
		{37D8CB29-1A83-4454-AA3F-94A7C64E8F7C}.Release|x64.Deploy.0 = Release|Any CPU
		{37D8CB29-1A83-4454-AA3F-94A7C64E8F7C}.Release|x86.ActiveCfg = Release|Any CPU
		{37D8CB29-1A83-4454-AA3F-94A7C64E8F7C}.Release|x86.Build.0 = Release|Any CPU
		{37D8CB29-1A83-4454-AA3F-94A7C64E8F7C}.Release|x86.Deploy.0 = Release|Any CPU
		{FEBCC18C-9F1C-42C9-A925-CE9C20F315C4}.Ad-Hoc|Any CPU.ActiveCfg = Ad-Hoc|iPhone
		{FEBCC18C-9F1C-42C9-A925-CE9C20F315C4}.Ad-Hoc|ARM.ActiveCfg = Ad-Hoc|iPhone
		{FEBCC18C-9F1C-42C9-A925-CE9C20F315C4}.Ad-Hoc|iPhone.ActiveCfg = Ad-Hoc|iPhone
		{FEBCC18C-9F1C-42C9-A925-CE9C20F315C4}.Ad-Hoc|iPhone.Build.0 = Ad-Hoc|iPhone
		{FEBCC18C-9F1C-42C9-A925-CE9C20F315C4}.Ad-Hoc|iPhoneSimulator.ActiveCfg = Ad-Hoc|iPhoneSimulator
		{FEBCC18C-9F1C-42C9-A925-CE9C20F315C4}.Ad-Hoc|iPhoneSimulator.Build.0 = Ad-Hoc|iPhoneSimulator
		{FEBCC18C-9F1C-42C9-A925-CE9C20F315C4}.Ad-Hoc|x64.ActiveCfg = Ad-Hoc|iPhone
		{FEBCC18C-9F1C-42C9-A925-CE9C20F315C4}.Ad-Hoc|x86.ActiveCfg = Ad-Hoc|iPhone
		{FEBCC18C-9F1C-42C9-A925-CE9C20F315C4}.AppStore|Any CPU.ActiveCfg = AppStore|iPhone
		{FEBCC18C-9F1C-42C9-A925-CE9C20F315C4}.AppStore|ARM.ActiveCfg = AppStore|iPhone
		{FEBCC18C-9F1C-42C9-A925-CE9C20F315C4}.AppStore|iPhone.ActiveCfg = AppStore|iPhone
		{FEBCC18C-9F1C-42C9-A925-CE9C20F315C4}.AppStore|iPhone.Build.0 = AppStore|iPhone
		{FEBCC18C-9F1C-42C9-A925-CE9C20F315C4}.AppStore|iPhoneSimulator.ActiveCfg = AppStore|iPhoneSimulator
		{FEBCC18C-9F1C-42C9-A925-CE9C20F315C4}.AppStore|iPhoneSimulator.Build.0 = AppStore|iPhoneSimulator
		{FEBCC18C-9F1C-42C9-A925-CE9C20F315C4}.AppStore|x64.ActiveCfg = AppStore|iPhone
		{FEBCC18C-9F1C-42C9-A925-CE9C20F315C4}.AppStore|x86.ActiveCfg = AppStore|iPhone
		{FEBCC18C-9F1C-42C9-A925-CE9C20F315C4}.Debug|Any CPU.ActiveCfg = Debug|iPhone
		{FEBCC18C-9F1C-42C9-A925-CE9C20F315C4}.Debug|ARM.ActiveCfg = Debug|iPhone
		{FEBCC18C-9F1C-42C9-A925-CE9C20F315C4}.Debug|iPhone.ActiveCfg = Debug|iPhone
		{FEBCC18C-9F1C-42C9-A925-CE9C20F315C4}.Debug|iPhone.Build.0 = Debug|iPhone
		{FEBCC18C-9F1C-42C9-A925-CE9C20F315C4}.Debug|iPhoneSimulator.ActiveCfg = Debug|iPhoneSimulator
		{FEBCC18C-9F1C-42C9-A925-CE9C20F315C4}.Debug|iPhoneSimulator.Build.0 = Debug|iPhoneSimulator
		{FEBCC18C-9F1C-42C9-A925-CE9C20F315C4}.Debug|x64.ActiveCfg = Debug|iPhone
		{FEBCC18C-9F1C-42C9-A925-CE9C20F315C4}.Debug|x86.ActiveCfg = Debug|iPhone
		{FEBCC18C-9F1C-42C9-A925-CE9C20F315C4}.Release|Any CPU.ActiveCfg = Release|iPhone
		{FEBCC18C-9F1C-42C9-A925-CE9C20F315C4}.Release|ARM.ActiveCfg = Release|iPhone
		{FEBCC18C-9F1C-42C9-A925-CE9C20F315C4}.Release|iPhone.ActiveCfg = Release|iPhone
		{FEBCC18C-9F1C-42C9-A925-CE9C20F315C4}.Release|iPhone.Build.0 = Release|iPhone
		{FEBCC18C-9F1C-42C9-A925-CE9C20F315C4}.Release|iPhoneSimulator.ActiveCfg = Release|iPhoneSimulator
		{FEBCC18C-9F1C-42C9-A925-CE9C20F315C4}.Release|iPhoneSimulator.Build.0 = Release|iPhoneSimulator
		{FEBCC18C-9F1C-42C9-A925-CE9C20F315C4}.Release|x64.ActiveCfg = Release|iPhone
		{FEBCC18C-9F1C-42C9-A925-CE9C20F315C4}.Release|x86.ActiveCfg = Release|iPhone
		{FB612C79-1193-48B5-99D9-A3F0F185273A}.Ad-Hoc|Any CPU.ActiveCfg = Release|x86
		{FB612C79-1193-48B5-99D9-A3F0F185273A}.Ad-Hoc|Any CPU.Build.0 = Release|x86
		{FB612C79-1193-48B5-99D9-A3F0F185273A}.Ad-Hoc|Any CPU.Deploy.0 = Release|x86
		{FB612C79-1193-48B5-99D9-A3F0F185273A}.Ad-Hoc|ARM.ActiveCfg = Release|ARM
		{FB612C79-1193-48B5-99D9-A3F0F185273A}.Ad-Hoc|ARM.Build.0 = Release|ARM
		{FB612C79-1193-48B5-99D9-A3F0F185273A}.Ad-Hoc|ARM.Deploy.0 = Release|ARM
		{FB612C79-1193-48B5-99D9-A3F0F185273A}.Ad-Hoc|iPhone.ActiveCfg = Release|x86
		{FB612C79-1193-48B5-99D9-A3F0F185273A}.Ad-Hoc|iPhone.Build.0 = Release|x86
		{FB612C79-1193-48B5-99D9-A3F0F185273A}.Ad-Hoc|iPhone.Deploy.0 = Release|x86
		{FB612C79-1193-48B5-99D9-A3F0F185273A}.Ad-Hoc|iPhoneSimulator.ActiveCfg = Release|x86
		{FB612C79-1193-48B5-99D9-A3F0F185273A}.Ad-Hoc|iPhoneSimulator.Build.0 = Release|x86
		{FB612C79-1193-48B5-99D9-A3F0F185273A}.Ad-Hoc|iPhoneSimulator.Deploy.0 = Release|x86
		{FB612C79-1193-48B5-99D9-A3F0F185273A}.Ad-Hoc|x64.ActiveCfg = Release|x64
		{FB612C79-1193-48B5-99D9-A3F0F185273A}.Ad-Hoc|x64.Build.0 = Release|x64
		{FB612C79-1193-48B5-99D9-A3F0F185273A}.Ad-Hoc|x64.Deploy.0 = Release|x64
		{FB612C79-1193-48B5-99D9-A3F0F185273A}.Ad-Hoc|x86.ActiveCfg = Release|x86
		{FB612C79-1193-48B5-99D9-A3F0F185273A}.Ad-Hoc|x86.Build.0 = Release|x86
		{FB612C79-1193-48B5-99D9-A3F0F185273A}.Ad-Hoc|x86.Deploy.0 = Release|x86
		{FB612C79-1193-48B5-99D9-A3F0F185273A}.AppStore|Any CPU.ActiveCfg = Release|x86
		{FB612C79-1193-48B5-99D9-A3F0F185273A}.AppStore|Any CPU.Build.0 = Release|x86
		{FB612C79-1193-48B5-99D9-A3F0F185273A}.AppStore|Any CPU.Deploy.0 = Release|x86
		{FB612C79-1193-48B5-99D9-A3F0F185273A}.AppStore|ARM.ActiveCfg = Release|ARM
		{FB612C79-1193-48B5-99D9-A3F0F185273A}.AppStore|ARM.Build.0 = Release|ARM
		{FB612C79-1193-48B5-99D9-A3F0F185273A}.AppStore|ARM.Deploy.0 = Release|ARM
		{FB612C79-1193-48B5-99D9-A3F0F185273A}.AppStore|iPhone.ActiveCfg = Release|x86
		{FB612C79-1193-48B5-99D9-A3F0F185273A}.AppStore|iPhone.Build.0 = Release|x86
		{FB612C79-1193-48B5-99D9-A3F0F185273A}.AppStore|iPhone.Deploy.0 = Release|x86
		{FB612C79-1193-48B5-99D9-A3F0F185273A}.AppStore|iPhoneSimulator.ActiveCfg = Release|x86
		{FB612C79-1193-48B5-99D9-A3F0F185273A}.AppStore|iPhoneSimulator.Build.0 = Release|x86
		{FB612C79-1193-48B5-99D9-A3F0F185273A}.AppStore|iPhoneSimulator.Deploy.0 = Release|x86
		{FB612C79-1193-48B5-99D9-A3F0F185273A}.AppStore|x64.ActiveCfg = Release|x64
		{FB612C79-1193-48B5-99D9-A3F0F185273A}.AppStore|x64.Build.0 = Release|x64
		{FB612C79-1193-48B5-99D9-A3F0F185273A}.AppStore|x64.Deploy.0 = Release|x64
		{FB612C79-1193-48B5-99D9-A3F0F185273A}.AppStore|x86.ActiveCfg = Release|x86
		{FB612C79-1193-48B5-99D9-A3F0F185273A}.AppStore|x86.Build.0 = Release|x86
		{FB612C79-1193-48B5-99D9-A3F0F185273A}.AppStore|x86.Deploy.0 = Release|x86
		{FB612C79-1193-48B5-99D9-A3F0F185273A}.Debug|Any CPU.ActiveCfg = Debug|x86
		{FB612C79-1193-48B5-99D9-A3F0F185273A}.Debug|Any CPU.Build.0 = Debug|x86
		{FB612C79-1193-48B5-99D9-A3F0F185273A}.Debug|Any CPU.Deploy.0 = Debug|x86
		{FB612C79-1193-48B5-99D9-A3F0F185273A}.Debug|ARM.ActiveCfg = Debug|ARM
		{FB612C79-1193-48B5-99D9-A3F0F185273A}.Debug|ARM.Build.0 = Debug|ARM
		{FB612C79-1193-48B5-99D9-A3F0F185273A}.Debug|ARM.Deploy.0 = Debug|ARM
		{FB612C79-1193-48B5-99D9-A3F0F185273A}.Debug|iPhone.ActiveCfg = Debug|x86
		{FB612C79-1193-48B5-99D9-A3F0F185273A}.Debug|iPhoneSimulator.ActiveCfg = Debug|x86
		{FB612C79-1193-48B5-99D9-A3F0F185273A}.Debug|x64.ActiveCfg = Debug|x64
		{FB612C79-1193-48B5-99D9-A3F0F185273A}.Debug|x64.Build.0 = Debug|x64
		{FB612C79-1193-48B5-99D9-A3F0F185273A}.Debug|x64.Deploy.0 = Debug|x64
		{FB612C79-1193-48B5-99D9-A3F0F185273A}.Debug|x86.ActiveCfg = Debug|x86
		{FB612C79-1193-48B5-99D9-A3F0F185273A}.Debug|x86.Build.0 = Debug|x86
		{FB612C79-1193-48B5-99D9-A3F0F185273A}.Debug|x86.Deploy.0 = Debug|x86
		{FB612C79-1193-48B5-99D9-A3F0F185273A}.Release|Any CPU.ActiveCfg = Release|x86
		{FB612C79-1193-48B5-99D9-A3F0F185273A}.Release|Any CPU.Build.0 = Release|x86
		{FB612C79-1193-48B5-99D9-A3F0F185273A}.Release|Any CPU.Deploy.0 = Release|x86
		{FB612C79-1193-48B5-99D9-A3F0F185273A}.Release|ARM.ActiveCfg = Release|ARM
		{FB612C79-1193-48B5-99D9-A3F0F185273A}.Release|ARM.Build.0 = Release|ARM
		{FB612C79-1193-48B5-99D9-A3F0F185273A}.Release|ARM.Deploy.0 = Release|ARM
		{FB612C79-1193-48B5-99D9-A3F0F185273A}.Release|iPhone.ActiveCfg = Release|x86
		{FB612C79-1193-48B5-99D9-A3F0F185273A}.Release|iPhoneSimulator.ActiveCfg = Release|x86
		{FB612C79-1193-48B5-99D9-A3F0F185273A}.Release|x64.ActiveCfg = Release|x64
		{FB612C79-1193-48B5-99D9-A3F0F185273A}.Release|x64.Build.0 = Release|x64
		{FB612C79-1193-48B5-99D9-A3F0F185273A}.Release|x64.Deploy.0 = Release|x64
		{FB612C79-1193-48B5-99D9-A3F0F185273A}.Release|x86.ActiveCfg = Release|x86
		{FB612C79-1193-48B5-99D9-A3F0F185273A}.Release|x86.Build.0 = Release|x86
		{FB612C79-1193-48B5-99D9-A3F0F185273A}.Release|x86.Deploy.0 = Release|x86
		{467DACCC-F1CA-4126-ABB1-C724459D21B2}.Ad-Hoc|Any CPU.ActiveCfg = Debug|Any CPU
		{467DACCC-F1CA-4126-ABB1-C724459D21B2}.Ad-Hoc|Any CPU.Build.0 = Debug|Any CPU
		{467DACCC-F1CA-4126-ABB1-C724459D21B2}.Ad-Hoc|ARM.ActiveCfg = Debug|Any CPU
		{467DACCC-F1CA-4126-ABB1-C724459D21B2}.Ad-Hoc|ARM.Build.0 = Debug|Any CPU
		{467DACCC-F1CA-4126-ABB1-C724459D21B2}.Ad-Hoc|iPhone.ActiveCfg = Debug|Any CPU
		{467DACCC-F1CA-4126-ABB1-C724459D21B2}.Ad-Hoc|iPhone.Build.0 = Debug|Any CPU
		{467DACCC-F1CA-4126-ABB1-C724459D21B2}.Ad-Hoc|iPhoneSimulator.ActiveCfg = Debug|Any CPU
		{467DACCC-F1CA-4126-ABB1-C724459D21B2}.Ad-Hoc|iPhoneSimulator.Build.0 = Debug|Any CPU
		{467DACCC-F1CA-4126-ABB1-C724459D21B2}.Ad-Hoc|x64.ActiveCfg = Debug|Any CPU
		{467DACCC-F1CA-4126-ABB1-C724459D21B2}.Ad-Hoc|x64.Build.0 = Debug|Any CPU
		{467DACCC-F1CA-4126-ABB1-C724459D21B2}.Ad-Hoc|x86.ActiveCfg = Debug|Any CPU
		{467DACCC-F1CA-4126-ABB1-C724459D21B2}.Ad-Hoc|x86.Build.0 = Debug|Any CPU
		{467DACCC-F1CA-4126-ABB1-C724459D21B2}.AppStore|Any CPU.ActiveCfg = Debug|Any CPU
		{467DACCC-F1CA-4126-ABB1-C724459D21B2}.AppStore|Any CPU.Build.0 = Debug|Any CPU
		{467DACCC-F1CA-4126-ABB1-C724459D21B2}.AppStore|ARM.ActiveCfg = Debug|Any CPU
		{467DACCC-F1CA-4126-ABB1-C724459D21B2}.AppStore|ARM.Build.0 = Debug|Any CPU
		{467DACCC-F1CA-4126-ABB1-C724459D21B2}.AppStore|iPhone.ActiveCfg = Debug|Any CPU
		{467DACCC-F1CA-4126-ABB1-C724459D21B2}.AppStore|iPhone.Build.0 = Debug|Any CPU
		{467DACCC-F1CA-4126-ABB1-C724459D21B2}.AppStore|iPhoneSimulator.ActiveCfg = Debug|Any CPU
		{467DACCC-F1CA-4126-ABB1-C724459D21B2}.AppStore|iPhoneSimulator.Build.0 = Debug|Any CPU
		{467DACCC-F1CA-4126-ABB1-C724459D21B2}.AppStore|x64.ActiveCfg = Debug|Any CPU
		{467DACCC-F1CA-4126-ABB1-C724459D21B2}.AppStore|x64.Build.0 = Debug|Any CPU
		{467DACCC-F1CA-4126-ABB1-C724459D21B2}.AppStore|x86.ActiveCfg = Debug|Any CPU
		{467DACCC-F1CA-4126-ABB1-C724459D21B2}.AppStore|x86.Build.0 = Debug|Any CPU
		{467DACCC-F1CA-4126-ABB1-C724459D21B2}.Debug|Any CPU.ActiveCfg = Debug|Any CPU
		{467DACCC-F1CA-4126-ABB1-C724459D21B2}.Debug|Any CPU.Build.0 = Debug|Any CPU
		{467DACCC-F1CA-4126-ABB1-C724459D21B2}.Debug|ARM.ActiveCfg = Debug|Any CPU
		{467DACCC-F1CA-4126-ABB1-C724459D21B2}.Debug|ARM.Build.0 = Debug|Any CPU
		{467DACCC-F1CA-4126-ABB1-C724459D21B2}.Debug|iPhone.ActiveCfg = Debug|Any CPU
		{467DACCC-F1CA-4126-ABB1-C724459D21B2}.Debug|iPhone.Build.0 = Debug|Any CPU
		{467DACCC-F1CA-4126-ABB1-C724459D21B2}.Debug|iPhoneSimulator.ActiveCfg = Debug|Any CPU
		{467DACCC-F1CA-4126-ABB1-C724459D21B2}.Debug|iPhoneSimulator.Build.0 = Debug|Any CPU
		{467DACCC-F1CA-4126-ABB1-C724459D21B2}.Debug|x64.ActiveCfg = Debug|Any CPU
		{467DACCC-F1CA-4126-ABB1-C724459D21B2}.Debug|x64.Build.0 = Debug|Any CPU
		{467DACCC-F1CA-4126-ABB1-C724459D21B2}.Debug|x86.ActiveCfg = Debug|Any CPU
		{467DACCC-F1CA-4126-ABB1-C724459D21B2}.Debug|x86.Build.0 = Debug|Any CPU
		{467DACCC-F1CA-4126-ABB1-C724459D21B2}.Release|Any CPU.ActiveCfg = Release|Any CPU
		{467DACCC-F1CA-4126-ABB1-C724459D21B2}.Release|Any CPU.Build.0 = Release|Any CPU
		{467DACCC-F1CA-4126-ABB1-C724459D21B2}.Release|ARM.ActiveCfg = Release|Any CPU
		{467DACCC-F1CA-4126-ABB1-C724459D21B2}.Release|ARM.Build.0 = Release|Any CPU
		{467DACCC-F1CA-4126-ABB1-C724459D21B2}.Release|iPhone.ActiveCfg = Release|Any CPU
		{467DACCC-F1CA-4126-ABB1-C724459D21B2}.Release|iPhone.Build.0 = Release|Any CPU
		{467DACCC-F1CA-4126-ABB1-C724459D21B2}.Release|iPhoneSimulator.ActiveCfg = Release|Any CPU
		{467DACCC-F1CA-4126-ABB1-C724459D21B2}.Release|iPhoneSimulator.Build.0 = Release|Any CPU
		{467DACCC-F1CA-4126-ABB1-C724459D21B2}.Release|x64.ActiveCfg = Release|Any CPU
		{467DACCC-F1CA-4126-ABB1-C724459D21B2}.Release|x64.Build.0 = Release|Any CPU
		{467DACCC-F1CA-4126-ABB1-C724459D21B2}.Release|x86.ActiveCfg = Release|Any CPU
		{467DACCC-F1CA-4126-ABB1-C724459D21B2}.Release|x86.Build.0 = Release|Any CPU
		{376EFFA9-0C30-4AA1-BF2B-B744641D1D1F}.Ad-Hoc|Any CPU.ActiveCfg = Debug|Any CPU
		{376EFFA9-0C30-4AA1-BF2B-B744641D1D1F}.Ad-Hoc|Any CPU.Build.0 = Debug|Any CPU
		{376EFFA9-0C30-4AA1-BF2B-B744641D1D1F}.Ad-Hoc|ARM.ActiveCfg = Debug|Any CPU
		{376EFFA9-0C30-4AA1-BF2B-B744641D1D1F}.Ad-Hoc|ARM.Build.0 = Debug|Any CPU
		{376EFFA9-0C30-4AA1-BF2B-B744641D1D1F}.Ad-Hoc|iPhone.ActiveCfg = Debug|Any CPU
		{376EFFA9-0C30-4AA1-BF2B-B744641D1D1F}.Ad-Hoc|iPhone.Build.0 = Debug|Any CPU
		{376EFFA9-0C30-4AA1-BF2B-B744641D1D1F}.Ad-Hoc|iPhoneSimulator.ActiveCfg = Debug|Any CPU
		{376EFFA9-0C30-4AA1-BF2B-B744641D1D1F}.Ad-Hoc|iPhoneSimulator.Build.0 = Debug|Any CPU
		{376EFFA9-0C30-4AA1-BF2B-B744641D1D1F}.Ad-Hoc|x64.ActiveCfg = Debug|Any CPU
		{376EFFA9-0C30-4AA1-BF2B-B744641D1D1F}.Ad-Hoc|x64.Build.0 = Debug|Any CPU
		{376EFFA9-0C30-4AA1-BF2B-B744641D1D1F}.Ad-Hoc|x86.ActiveCfg = Debug|Any CPU
		{376EFFA9-0C30-4AA1-BF2B-B744641D1D1F}.Ad-Hoc|x86.Build.0 = Debug|Any CPU
		{376EFFA9-0C30-4AA1-BF2B-B744641D1D1F}.AppStore|Any CPU.ActiveCfg = Debug|Any CPU
		{376EFFA9-0C30-4AA1-BF2B-B744641D1D1F}.AppStore|Any CPU.Build.0 = Debug|Any CPU
		{376EFFA9-0C30-4AA1-BF2B-B744641D1D1F}.AppStore|ARM.ActiveCfg = Debug|Any CPU
		{376EFFA9-0C30-4AA1-BF2B-B744641D1D1F}.AppStore|ARM.Build.0 = Debug|Any CPU
		{376EFFA9-0C30-4AA1-BF2B-B744641D1D1F}.AppStore|iPhone.ActiveCfg = Debug|Any CPU
		{376EFFA9-0C30-4AA1-BF2B-B744641D1D1F}.AppStore|iPhone.Build.0 = Debug|Any CPU
		{376EFFA9-0C30-4AA1-BF2B-B744641D1D1F}.AppStore|iPhoneSimulator.ActiveCfg = Debug|Any CPU
		{376EFFA9-0C30-4AA1-BF2B-B744641D1D1F}.AppStore|iPhoneSimulator.Build.0 = Debug|Any CPU
		{376EFFA9-0C30-4AA1-BF2B-B744641D1D1F}.AppStore|x64.ActiveCfg = Debug|Any CPU
		{376EFFA9-0C30-4AA1-BF2B-B744641D1D1F}.AppStore|x64.Build.0 = Debug|Any CPU
		{376EFFA9-0C30-4AA1-BF2B-B744641D1D1F}.AppStore|x86.ActiveCfg = Debug|Any CPU
		{376EFFA9-0C30-4AA1-BF2B-B744641D1D1F}.AppStore|x86.Build.0 = Debug|Any CPU
		{376EFFA9-0C30-4AA1-BF2B-B744641D1D1F}.Debug|Any CPU.ActiveCfg = Debug|Any CPU
		{376EFFA9-0C30-4AA1-BF2B-B744641D1D1F}.Debug|Any CPU.Build.0 = Debug|Any CPU
		{376EFFA9-0C30-4AA1-BF2B-B744641D1D1F}.Debug|ARM.ActiveCfg = Debug|Any CPU
		{376EFFA9-0C30-4AA1-BF2B-B744641D1D1F}.Debug|ARM.Build.0 = Debug|Any CPU
		{376EFFA9-0C30-4AA1-BF2B-B744641D1D1F}.Debug|iPhone.ActiveCfg = Debug|Any CPU
		{376EFFA9-0C30-4AA1-BF2B-B744641D1D1F}.Debug|iPhone.Build.0 = Debug|Any CPU
		{376EFFA9-0C30-4AA1-BF2B-B744641D1D1F}.Debug|iPhoneSimulator.ActiveCfg = Debug|Any CPU
		{376EFFA9-0C30-4AA1-BF2B-B744641D1D1F}.Debug|iPhoneSimulator.Build.0 = Debug|Any CPU
		{376EFFA9-0C30-4AA1-BF2B-B744641D1D1F}.Debug|x64.ActiveCfg = Debug|Any CPU
		{376EFFA9-0C30-4AA1-BF2B-B744641D1D1F}.Debug|x64.Build.0 = Debug|Any CPU
		{376EFFA9-0C30-4AA1-BF2B-B744641D1D1F}.Debug|x86.ActiveCfg = Debug|Any CPU
		{376EFFA9-0C30-4AA1-BF2B-B744641D1D1F}.Debug|x86.Build.0 = Debug|Any CPU
		{376EFFA9-0C30-4AA1-BF2B-B744641D1D1F}.Release|Any CPU.ActiveCfg = Release|Any CPU
		{376EFFA9-0C30-4AA1-BF2B-B744641D1D1F}.Release|Any CPU.Build.0 = Release|Any CPU
		{376EFFA9-0C30-4AA1-BF2B-B744641D1D1F}.Release|ARM.ActiveCfg = Release|Any CPU
		{376EFFA9-0C30-4AA1-BF2B-B744641D1D1F}.Release|ARM.Build.0 = Release|Any CPU
		{376EFFA9-0C30-4AA1-BF2B-B744641D1D1F}.Release|iPhone.ActiveCfg = Release|Any CPU
		{376EFFA9-0C30-4AA1-BF2B-B744641D1D1F}.Release|iPhone.Build.0 = Release|Any CPU
		{376EFFA9-0C30-4AA1-BF2B-B744641D1D1F}.Release|iPhoneSimulator.ActiveCfg = Release|Any CPU
		{376EFFA9-0C30-4AA1-BF2B-B744641D1D1F}.Release|iPhoneSimulator.Build.0 = Release|Any CPU
		{376EFFA9-0C30-4AA1-BF2B-B744641D1D1F}.Release|x64.ActiveCfg = Release|Any CPU
		{376EFFA9-0C30-4AA1-BF2B-B744641D1D1F}.Release|x64.Build.0 = Release|Any CPU
		{376EFFA9-0C30-4AA1-BF2B-B744641D1D1F}.Release|x86.ActiveCfg = Release|Any CPU
		{376EFFA9-0C30-4AA1-BF2B-B744641D1D1F}.Release|x86.Build.0 = Release|Any CPU
		{D1D47930-CEA0-4A76-AFF1-AC8025E31C8B}.Ad-Hoc|Any CPU.ActiveCfg = Debug|Any CPU
		{D1D47930-CEA0-4A76-AFF1-AC8025E31C8B}.Ad-Hoc|Any CPU.Build.0 = Debug|Any CPU
		{D1D47930-CEA0-4A76-AFF1-AC8025E31C8B}.Ad-Hoc|ARM.ActiveCfg = Debug|Any CPU
		{D1D47930-CEA0-4A76-AFF1-AC8025E31C8B}.Ad-Hoc|ARM.Build.0 = Debug|Any CPU
		{D1D47930-CEA0-4A76-AFF1-AC8025E31C8B}.Ad-Hoc|iPhone.ActiveCfg = Debug|Any CPU
		{D1D47930-CEA0-4A76-AFF1-AC8025E31C8B}.Ad-Hoc|iPhone.Build.0 = Debug|Any CPU
		{D1D47930-CEA0-4A76-AFF1-AC8025E31C8B}.Ad-Hoc|iPhoneSimulator.ActiveCfg = Debug|Any CPU
		{D1D47930-CEA0-4A76-AFF1-AC8025E31C8B}.Ad-Hoc|iPhoneSimulator.Build.0 = Debug|Any CPU
		{D1D47930-CEA0-4A76-AFF1-AC8025E31C8B}.Ad-Hoc|x64.ActiveCfg = Debug|Any CPU
		{D1D47930-CEA0-4A76-AFF1-AC8025E31C8B}.Ad-Hoc|x64.Build.0 = Debug|Any CPU
		{D1D47930-CEA0-4A76-AFF1-AC8025E31C8B}.Ad-Hoc|x86.ActiveCfg = Debug|Any CPU
		{D1D47930-CEA0-4A76-AFF1-AC8025E31C8B}.Ad-Hoc|x86.Build.0 = Debug|Any CPU
		{D1D47930-CEA0-4A76-AFF1-AC8025E31C8B}.AppStore|Any CPU.ActiveCfg = Debug|Any CPU
		{D1D47930-CEA0-4A76-AFF1-AC8025E31C8B}.AppStore|Any CPU.Build.0 = Debug|Any CPU
		{D1D47930-CEA0-4A76-AFF1-AC8025E31C8B}.AppStore|ARM.ActiveCfg = Debug|Any CPU
		{D1D47930-CEA0-4A76-AFF1-AC8025E31C8B}.AppStore|ARM.Build.0 = Debug|Any CPU
		{D1D47930-CEA0-4A76-AFF1-AC8025E31C8B}.AppStore|iPhone.ActiveCfg = Debug|Any CPU
		{D1D47930-CEA0-4A76-AFF1-AC8025E31C8B}.AppStore|iPhone.Build.0 = Debug|Any CPU
		{D1D47930-CEA0-4A76-AFF1-AC8025E31C8B}.AppStore|iPhoneSimulator.ActiveCfg = Debug|Any CPU
		{D1D47930-CEA0-4A76-AFF1-AC8025E31C8B}.AppStore|iPhoneSimulator.Build.0 = Debug|Any CPU
		{D1D47930-CEA0-4A76-AFF1-AC8025E31C8B}.AppStore|x64.ActiveCfg = Debug|Any CPU
		{D1D47930-CEA0-4A76-AFF1-AC8025E31C8B}.AppStore|x64.Build.0 = Debug|Any CPU
		{D1D47930-CEA0-4A76-AFF1-AC8025E31C8B}.AppStore|x86.ActiveCfg = Debug|Any CPU
		{D1D47930-CEA0-4A76-AFF1-AC8025E31C8B}.AppStore|x86.Build.0 = Debug|Any CPU
		{D1D47930-CEA0-4A76-AFF1-AC8025E31C8B}.Debug|Any CPU.ActiveCfg = Debug|Any CPU
		{D1D47930-CEA0-4A76-AFF1-AC8025E31C8B}.Debug|Any CPU.Build.0 = Debug|Any CPU
		{D1D47930-CEA0-4A76-AFF1-AC8025E31C8B}.Debug|ARM.ActiveCfg = Debug|Any CPU
		{D1D47930-CEA0-4A76-AFF1-AC8025E31C8B}.Debug|ARM.Build.0 = Debug|Any CPU
		{D1D47930-CEA0-4A76-AFF1-AC8025E31C8B}.Debug|iPhone.ActiveCfg = Debug|Any CPU
		{D1D47930-CEA0-4A76-AFF1-AC8025E31C8B}.Debug|iPhone.Build.0 = Debug|Any CPU
		{D1D47930-CEA0-4A76-AFF1-AC8025E31C8B}.Debug|iPhoneSimulator.ActiveCfg = Debug|Any CPU
		{D1D47930-CEA0-4A76-AFF1-AC8025E31C8B}.Debug|iPhoneSimulator.Build.0 = Debug|Any CPU
		{D1D47930-CEA0-4A76-AFF1-AC8025E31C8B}.Debug|x64.ActiveCfg = Debug|Any CPU
		{D1D47930-CEA0-4A76-AFF1-AC8025E31C8B}.Debug|x64.Build.0 = Debug|Any CPU
		{D1D47930-CEA0-4A76-AFF1-AC8025E31C8B}.Debug|x86.ActiveCfg = Debug|Any CPU
		{D1D47930-CEA0-4A76-AFF1-AC8025E31C8B}.Debug|x86.Build.0 = Debug|Any CPU
		{D1D47930-CEA0-4A76-AFF1-AC8025E31C8B}.Release|Any CPU.ActiveCfg = Release|Any CPU
		{D1D47930-CEA0-4A76-AFF1-AC8025E31C8B}.Release|Any CPU.Build.0 = Release|Any CPU
		{D1D47930-CEA0-4A76-AFF1-AC8025E31C8B}.Release|ARM.ActiveCfg = Release|Any CPU
		{D1D47930-CEA0-4A76-AFF1-AC8025E31C8B}.Release|ARM.Build.0 = Release|Any CPU
		{D1D47930-CEA0-4A76-AFF1-AC8025E31C8B}.Release|iPhone.ActiveCfg = Release|Any CPU
		{D1D47930-CEA0-4A76-AFF1-AC8025E31C8B}.Release|iPhone.Build.0 = Release|Any CPU
		{D1D47930-CEA0-4A76-AFF1-AC8025E31C8B}.Release|iPhoneSimulator.ActiveCfg = Release|Any CPU
		{D1D47930-CEA0-4A76-AFF1-AC8025E31C8B}.Release|iPhoneSimulator.Build.0 = Release|Any CPU
		{D1D47930-CEA0-4A76-AFF1-AC8025E31C8B}.Release|x64.ActiveCfg = Release|Any CPU
		{D1D47930-CEA0-4A76-AFF1-AC8025E31C8B}.Release|x64.Build.0 = Release|Any CPU
		{D1D47930-CEA0-4A76-AFF1-AC8025E31C8B}.Release|x86.ActiveCfg = Release|Any CPU
		{D1D47930-CEA0-4A76-AFF1-AC8025E31C8B}.Release|x86.Build.0 = Release|Any CPU
		{B98CFB76-AE5A-43DB-8AEA-5E9AE275F5FA}.Ad-Hoc|Any CPU.ActiveCfg = Release|Any CPU
		{B98CFB76-AE5A-43DB-8AEA-5E9AE275F5FA}.Ad-Hoc|Any CPU.Build.0 = Release|Any CPU
		{B98CFB76-AE5A-43DB-8AEA-5E9AE275F5FA}.Ad-Hoc|ARM.ActiveCfg = Release|Any CPU
		{B98CFB76-AE5A-43DB-8AEA-5E9AE275F5FA}.Ad-Hoc|ARM.Build.0 = Release|Any CPU
		{B98CFB76-AE5A-43DB-8AEA-5E9AE275F5FA}.Ad-Hoc|iPhone.ActiveCfg = Release|Any CPU
		{B98CFB76-AE5A-43DB-8AEA-5E9AE275F5FA}.Ad-Hoc|iPhone.Build.0 = Release|Any CPU
		{B98CFB76-AE5A-43DB-8AEA-5E9AE275F5FA}.Ad-Hoc|iPhoneSimulator.ActiveCfg = Release|Any CPU
		{B98CFB76-AE5A-43DB-8AEA-5E9AE275F5FA}.Ad-Hoc|iPhoneSimulator.Build.0 = Release|Any CPU
		{B98CFB76-AE5A-43DB-8AEA-5E9AE275F5FA}.Ad-Hoc|x64.ActiveCfg = Release|Any CPU
		{B98CFB76-AE5A-43DB-8AEA-5E9AE275F5FA}.Ad-Hoc|x64.Build.0 = Release|Any CPU
		{B98CFB76-AE5A-43DB-8AEA-5E9AE275F5FA}.Ad-Hoc|x86.ActiveCfg = Release|Any CPU
		{B98CFB76-AE5A-43DB-8AEA-5E9AE275F5FA}.Ad-Hoc|x86.Build.0 = Release|Any CPU
		{B98CFB76-AE5A-43DB-8AEA-5E9AE275F5FA}.AppStore|Any CPU.ActiveCfg = Release|Any CPU
		{B98CFB76-AE5A-43DB-8AEA-5E9AE275F5FA}.AppStore|Any CPU.Build.0 = Release|Any CPU
		{B98CFB76-AE5A-43DB-8AEA-5E9AE275F5FA}.AppStore|ARM.ActiveCfg = Release|Any CPU
		{B98CFB76-AE5A-43DB-8AEA-5E9AE275F5FA}.AppStore|ARM.Build.0 = Release|Any CPU
		{B98CFB76-AE5A-43DB-8AEA-5E9AE275F5FA}.AppStore|iPhone.ActiveCfg = Release|Any CPU
		{B98CFB76-AE5A-43DB-8AEA-5E9AE275F5FA}.AppStore|iPhone.Build.0 = Release|Any CPU
		{B98CFB76-AE5A-43DB-8AEA-5E9AE275F5FA}.AppStore|iPhoneSimulator.ActiveCfg = Release|Any CPU
		{B98CFB76-AE5A-43DB-8AEA-5E9AE275F5FA}.AppStore|iPhoneSimulator.Build.0 = Release|Any CPU
		{B98CFB76-AE5A-43DB-8AEA-5E9AE275F5FA}.AppStore|x64.ActiveCfg = Release|Any CPU
		{B98CFB76-AE5A-43DB-8AEA-5E9AE275F5FA}.AppStore|x64.Build.0 = Release|Any CPU
		{B98CFB76-AE5A-43DB-8AEA-5E9AE275F5FA}.AppStore|x86.ActiveCfg = Release|Any CPU
		{B98CFB76-AE5A-43DB-8AEA-5E9AE275F5FA}.AppStore|x86.Build.0 = Release|Any CPU
		{B98CFB76-AE5A-43DB-8AEA-5E9AE275F5FA}.Debug|Any CPU.ActiveCfg = Debug|Any CPU
		{B98CFB76-AE5A-43DB-8AEA-5E9AE275F5FA}.Debug|Any CPU.Build.0 = Debug|Any CPU
		{B98CFB76-AE5A-43DB-8AEA-5E9AE275F5FA}.Debug|ARM.ActiveCfg = Debug|Any CPU
		{B98CFB76-AE5A-43DB-8AEA-5E9AE275F5FA}.Debug|ARM.Build.0 = Debug|Any CPU
		{B98CFB76-AE5A-43DB-8AEA-5E9AE275F5FA}.Debug|iPhone.ActiveCfg = Debug|Any CPU
		{B98CFB76-AE5A-43DB-8AEA-5E9AE275F5FA}.Debug|iPhone.Build.0 = Debug|Any CPU
		{B98CFB76-AE5A-43DB-8AEA-5E9AE275F5FA}.Debug|iPhoneSimulator.ActiveCfg = Debug|Any CPU
		{B98CFB76-AE5A-43DB-8AEA-5E9AE275F5FA}.Debug|iPhoneSimulator.Build.0 = Debug|Any CPU
		{B98CFB76-AE5A-43DB-8AEA-5E9AE275F5FA}.Debug|x64.ActiveCfg = Debug|Any CPU
		{B98CFB76-AE5A-43DB-8AEA-5E9AE275F5FA}.Debug|x64.Build.0 = Debug|Any CPU
		{B98CFB76-AE5A-43DB-8AEA-5E9AE275F5FA}.Debug|x86.ActiveCfg = Debug|Any CPU
		{B98CFB76-AE5A-43DB-8AEA-5E9AE275F5FA}.Debug|x86.Build.0 = Debug|Any CPU
		{B98CFB76-AE5A-43DB-8AEA-5E9AE275F5FA}.Release|Any CPU.ActiveCfg = Release|Any CPU
		{B98CFB76-AE5A-43DB-8AEA-5E9AE275F5FA}.Release|Any CPU.Build.0 = Release|Any CPU
		{B98CFB76-AE5A-43DB-8AEA-5E9AE275F5FA}.Release|ARM.ActiveCfg = Release|Any CPU
		{B98CFB76-AE5A-43DB-8AEA-5E9AE275F5FA}.Release|ARM.Build.0 = Release|Any CPU
		{B98CFB76-AE5A-43DB-8AEA-5E9AE275F5FA}.Release|iPhone.ActiveCfg = Release|Any CPU
		{B98CFB76-AE5A-43DB-8AEA-5E9AE275F5FA}.Release|iPhone.Build.0 = Release|Any CPU
		{B98CFB76-AE5A-43DB-8AEA-5E9AE275F5FA}.Release|iPhoneSimulator.ActiveCfg = Release|Any CPU
		{B98CFB76-AE5A-43DB-8AEA-5E9AE275F5FA}.Release|iPhoneSimulator.Build.0 = Release|Any CPU
		{B98CFB76-AE5A-43DB-8AEA-5E9AE275F5FA}.Release|x64.ActiveCfg = Release|Any CPU
		{B98CFB76-AE5A-43DB-8AEA-5E9AE275F5FA}.Release|x64.Build.0 = Release|Any CPU
		{B98CFB76-AE5A-43DB-8AEA-5E9AE275F5FA}.Release|x86.ActiveCfg = Release|Any CPU
		{B98CFB76-AE5A-43DB-8AEA-5E9AE275F5FA}.Release|x86.Build.0 = Release|Any CPU
		{6860BEFA-E4E5-4563-8FFB-9E94C65A83DC}.Ad-Hoc|Any CPU.ActiveCfg = Debug|Any CPU
		{6860BEFA-E4E5-4563-8FFB-9E94C65A83DC}.Ad-Hoc|Any CPU.Build.0 = Debug|Any CPU
		{6860BEFA-E4E5-4563-8FFB-9E94C65A83DC}.Ad-Hoc|ARM.ActiveCfg = Debug|Any CPU
		{6860BEFA-E4E5-4563-8FFB-9E94C65A83DC}.Ad-Hoc|ARM.Build.0 = Debug|Any CPU
		{6860BEFA-E4E5-4563-8FFB-9E94C65A83DC}.Ad-Hoc|iPhone.ActiveCfg = Debug|Any CPU
		{6860BEFA-E4E5-4563-8FFB-9E94C65A83DC}.Ad-Hoc|iPhone.Build.0 = Debug|Any CPU
		{6860BEFA-E4E5-4563-8FFB-9E94C65A83DC}.Ad-Hoc|iPhoneSimulator.ActiveCfg = Debug|Any CPU
		{6860BEFA-E4E5-4563-8FFB-9E94C65A83DC}.Ad-Hoc|iPhoneSimulator.Build.0 = Debug|Any CPU
		{6860BEFA-E4E5-4563-8FFB-9E94C65A83DC}.Ad-Hoc|x64.ActiveCfg = Debug|Any CPU
		{6860BEFA-E4E5-4563-8FFB-9E94C65A83DC}.Ad-Hoc|x64.Build.0 = Debug|Any CPU
		{6860BEFA-E4E5-4563-8FFB-9E94C65A83DC}.Ad-Hoc|x86.ActiveCfg = Debug|Any CPU
		{6860BEFA-E4E5-4563-8FFB-9E94C65A83DC}.Ad-Hoc|x86.Build.0 = Debug|Any CPU
		{6860BEFA-E4E5-4563-8FFB-9E94C65A83DC}.AppStore|Any CPU.ActiveCfg = Debug|Any CPU
		{6860BEFA-E4E5-4563-8FFB-9E94C65A83DC}.AppStore|Any CPU.Build.0 = Debug|Any CPU
		{6860BEFA-E4E5-4563-8FFB-9E94C65A83DC}.AppStore|ARM.ActiveCfg = Debug|Any CPU
		{6860BEFA-E4E5-4563-8FFB-9E94C65A83DC}.AppStore|ARM.Build.0 = Debug|Any CPU
		{6860BEFA-E4E5-4563-8FFB-9E94C65A83DC}.AppStore|iPhone.ActiveCfg = Debug|Any CPU
		{6860BEFA-E4E5-4563-8FFB-9E94C65A83DC}.AppStore|iPhone.Build.0 = Debug|Any CPU
		{6860BEFA-E4E5-4563-8FFB-9E94C65A83DC}.AppStore|iPhoneSimulator.ActiveCfg = Debug|Any CPU
		{6860BEFA-E4E5-4563-8FFB-9E94C65A83DC}.AppStore|iPhoneSimulator.Build.0 = Debug|Any CPU
		{6860BEFA-E4E5-4563-8FFB-9E94C65A83DC}.AppStore|x64.ActiveCfg = Debug|Any CPU
		{6860BEFA-E4E5-4563-8FFB-9E94C65A83DC}.AppStore|x64.Build.0 = Debug|Any CPU
		{6860BEFA-E4E5-4563-8FFB-9E94C65A83DC}.AppStore|x86.ActiveCfg = Debug|Any CPU
		{6860BEFA-E4E5-4563-8FFB-9E94C65A83DC}.AppStore|x86.Build.0 = Debug|Any CPU
		{6860BEFA-E4E5-4563-8FFB-9E94C65A83DC}.Debug|Any CPU.ActiveCfg = Debug|Any CPU
		{6860BEFA-E4E5-4563-8FFB-9E94C65A83DC}.Debug|Any CPU.Build.0 = Debug|Any CPU
		{6860BEFA-E4E5-4563-8FFB-9E94C65A83DC}.Debug|ARM.ActiveCfg = Debug|Any CPU
		{6860BEFA-E4E5-4563-8FFB-9E94C65A83DC}.Debug|ARM.Build.0 = Debug|Any CPU
		{6860BEFA-E4E5-4563-8FFB-9E94C65A83DC}.Debug|iPhone.ActiveCfg = Debug|Any CPU
		{6860BEFA-E4E5-4563-8FFB-9E94C65A83DC}.Debug|iPhone.Build.0 = Debug|Any CPU
		{6860BEFA-E4E5-4563-8FFB-9E94C65A83DC}.Debug|iPhoneSimulator.ActiveCfg = Debug|Any CPU
		{6860BEFA-E4E5-4563-8FFB-9E94C65A83DC}.Debug|iPhoneSimulator.Build.0 = Debug|Any CPU
		{6860BEFA-E4E5-4563-8FFB-9E94C65A83DC}.Debug|x64.ActiveCfg = Debug|Any CPU
		{6860BEFA-E4E5-4563-8FFB-9E94C65A83DC}.Debug|x64.Build.0 = Debug|Any CPU
		{6860BEFA-E4E5-4563-8FFB-9E94C65A83DC}.Debug|x86.ActiveCfg = Debug|Any CPU
		{6860BEFA-E4E5-4563-8FFB-9E94C65A83DC}.Debug|x86.Build.0 = Debug|Any CPU
		{6860BEFA-E4E5-4563-8FFB-9E94C65A83DC}.Release|Any CPU.ActiveCfg = Release|Any CPU
		{6860BEFA-E4E5-4563-8FFB-9E94C65A83DC}.Release|Any CPU.Build.0 = Release|Any CPU
		{6860BEFA-E4E5-4563-8FFB-9E94C65A83DC}.Release|ARM.ActiveCfg = Release|Any CPU
		{6860BEFA-E4E5-4563-8FFB-9E94C65A83DC}.Release|ARM.Build.0 = Release|Any CPU
		{6860BEFA-E4E5-4563-8FFB-9E94C65A83DC}.Release|iPhone.ActiveCfg = Release|Any CPU
		{6860BEFA-E4E5-4563-8FFB-9E94C65A83DC}.Release|iPhone.Build.0 = Release|Any CPU
		{6860BEFA-E4E5-4563-8FFB-9E94C65A83DC}.Release|iPhoneSimulator.ActiveCfg = Release|Any CPU
		{6860BEFA-E4E5-4563-8FFB-9E94C65A83DC}.Release|iPhoneSimulator.Build.0 = Release|Any CPU
		{6860BEFA-E4E5-4563-8FFB-9E94C65A83DC}.Release|x64.ActiveCfg = Release|Any CPU
		{6860BEFA-E4E5-4563-8FFB-9E94C65A83DC}.Release|x64.Build.0 = Release|Any CPU
		{6860BEFA-E4E5-4563-8FFB-9E94C65A83DC}.Release|x86.ActiveCfg = Release|Any CPU
		{6860BEFA-E4E5-4563-8FFB-9E94C65A83DC}.Release|x86.Build.0 = Release|Any CPU
		{A0DDA149-1953-40BE-85F4-BAEF3B738C55}.Ad-Hoc|Any CPU.ActiveCfg = Debug|Any CPU
		{A0DDA149-1953-40BE-85F4-BAEF3B738C55}.Ad-Hoc|Any CPU.Build.0 = Debug|Any CPU
		{A0DDA149-1953-40BE-85F4-BAEF3B738C55}.Ad-Hoc|ARM.ActiveCfg = Debug|Any CPU
		{A0DDA149-1953-40BE-85F4-BAEF3B738C55}.Ad-Hoc|ARM.Build.0 = Debug|Any CPU
		{A0DDA149-1953-40BE-85F4-BAEF3B738C55}.Ad-Hoc|iPhone.ActiveCfg = Debug|Any CPU
		{A0DDA149-1953-40BE-85F4-BAEF3B738C55}.Ad-Hoc|iPhone.Build.0 = Debug|Any CPU
		{A0DDA149-1953-40BE-85F4-BAEF3B738C55}.Ad-Hoc|iPhoneSimulator.ActiveCfg = Debug|Any CPU
		{A0DDA149-1953-40BE-85F4-BAEF3B738C55}.Ad-Hoc|iPhoneSimulator.Build.0 = Debug|Any CPU
		{A0DDA149-1953-40BE-85F4-BAEF3B738C55}.Ad-Hoc|x64.ActiveCfg = Debug|Any CPU
		{A0DDA149-1953-40BE-85F4-BAEF3B738C55}.Ad-Hoc|x64.Build.0 = Debug|Any CPU
		{A0DDA149-1953-40BE-85F4-BAEF3B738C55}.Ad-Hoc|x86.ActiveCfg = Debug|Any CPU
		{A0DDA149-1953-40BE-85F4-BAEF3B738C55}.Ad-Hoc|x86.Build.0 = Debug|Any CPU
		{A0DDA149-1953-40BE-85F4-BAEF3B738C55}.AppStore|Any CPU.ActiveCfg = Debug|Any CPU
		{A0DDA149-1953-40BE-85F4-BAEF3B738C55}.AppStore|Any CPU.Build.0 = Debug|Any CPU
		{A0DDA149-1953-40BE-85F4-BAEF3B738C55}.AppStore|ARM.ActiveCfg = Debug|Any CPU
		{A0DDA149-1953-40BE-85F4-BAEF3B738C55}.AppStore|ARM.Build.0 = Debug|Any CPU
		{A0DDA149-1953-40BE-85F4-BAEF3B738C55}.AppStore|iPhone.ActiveCfg = Debug|Any CPU
		{A0DDA149-1953-40BE-85F4-BAEF3B738C55}.AppStore|iPhone.Build.0 = Debug|Any CPU
		{A0DDA149-1953-40BE-85F4-BAEF3B738C55}.AppStore|iPhoneSimulator.ActiveCfg = Debug|Any CPU
		{A0DDA149-1953-40BE-85F4-BAEF3B738C55}.AppStore|iPhoneSimulator.Build.0 = Debug|Any CPU
		{A0DDA149-1953-40BE-85F4-BAEF3B738C55}.AppStore|x64.ActiveCfg = Debug|Any CPU
		{A0DDA149-1953-40BE-85F4-BAEF3B738C55}.AppStore|x64.Build.0 = Debug|Any CPU
		{A0DDA149-1953-40BE-85F4-BAEF3B738C55}.AppStore|x86.ActiveCfg = Debug|Any CPU
		{A0DDA149-1953-40BE-85F4-BAEF3B738C55}.AppStore|x86.Build.0 = Debug|Any CPU
		{A0DDA149-1953-40BE-85F4-BAEF3B738C55}.Debug|Any CPU.ActiveCfg = Debug|Any CPU
		{A0DDA149-1953-40BE-85F4-BAEF3B738C55}.Debug|Any CPU.Build.0 = Debug|Any CPU
		{A0DDA149-1953-40BE-85F4-BAEF3B738C55}.Debug|ARM.ActiveCfg = Debug|Any CPU
		{A0DDA149-1953-40BE-85F4-BAEF3B738C55}.Debug|ARM.Build.0 = Debug|Any CPU
		{A0DDA149-1953-40BE-85F4-BAEF3B738C55}.Debug|iPhone.ActiveCfg = Debug|Any CPU
		{A0DDA149-1953-40BE-85F4-BAEF3B738C55}.Debug|iPhone.Build.0 = Debug|Any CPU
		{A0DDA149-1953-40BE-85F4-BAEF3B738C55}.Debug|iPhoneSimulator.ActiveCfg = Debug|Any CPU
		{A0DDA149-1953-40BE-85F4-BAEF3B738C55}.Debug|iPhoneSimulator.Build.0 = Debug|Any CPU
		{A0DDA149-1953-40BE-85F4-BAEF3B738C55}.Debug|x64.ActiveCfg = Debug|Any CPU
		{A0DDA149-1953-40BE-85F4-BAEF3B738C55}.Debug|x64.Build.0 = Debug|Any CPU
		{A0DDA149-1953-40BE-85F4-BAEF3B738C55}.Debug|x86.ActiveCfg = Debug|Any CPU
		{A0DDA149-1953-40BE-85F4-BAEF3B738C55}.Debug|x86.Build.0 = Debug|Any CPU
		{A0DDA149-1953-40BE-85F4-BAEF3B738C55}.Release|Any CPU.ActiveCfg = Release|Any CPU
		{A0DDA149-1953-40BE-85F4-BAEF3B738C55}.Release|Any CPU.Build.0 = Release|Any CPU
		{A0DDA149-1953-40BE-85F4-BAEF3B738C55}.Release|ARM.ActiveCfg = Release|Any CPU
		{A0DDA149-1953-40BE-85F4-BAEF3B738C55}.Release|ARM.Build.0 = Release|Any CPU
		{A0DDA149-1953-40BE-85F4-BAEF3B738C55}.Release|iPhone.ActiveCfg = Release|Any CPU
		{A0DDA149-1953-40BE-85F4-BAEF3B738C55}.Release|iPhone.Build.0 = Release|Any CPU
		{A0DDA149-1953-40BE-85F4-BAEF3B738C55}.Release|iPhoneSimulator.ActiveCfg = Release|Any CPU
		{A0DDA149-1953-40BE-85F4-BAEF3B738C55}.Release|iPhoneSimulator.Build.0 = Release|Any CPU
		{A0DDA149-1953-40BE-85F4-BAEF3B738C55}.Release|x64.ActiveCfg = Release|Any CPU
		{A0DDA149-1953-40BE-85F4-BAEF3B738C55}.Release|x64.Build.0 = Release|Any CPU
		{A0DDA149-1953-40BE-85F4-BAEF3B738C55}.Release|x86.ActiveCfg = Release|Any CPU
		{A0DDA149-1953-40BE-85F4-BAEF3B738C55}.Release|x86.Build.0 = Release|Any CPU
		{67B56BCA-D6D6-4C13-8207-C2C12F6C389E}.Ad-Hoc|Any CPU.ActiveCfg = Debug|Any CPU
		{67B56BCA-D6D6-4C13-8207-C2C12F6C389E}.Ad-Hoc|Any CPU.Build.0 = Debug|Any CPU
		{67B56BCA-D6D6-4C13-8207-C2C12F6C389E}.Ad-Hoc|ARM.ActiveCfg = Debug|Any CPU
		{67B56BCA-D6D6-4C13-8207-C2C12F6C389E}.Ad-Hoc|ARM.Build.0 = Debug|Any CPU
		{67B56BCA-D6D6-4C13-8207-C2C12F6C389E}.Ad-Hoc|iPhone.ActiveCfg = Debug|Any CPU
		{67B56BCA-D6D6-4C13-8207-C2C12F6C389E}.Ad-Hoc|iPhone.Build.0 = Debug|Any CPU
		{67B56BCA-D6D6-4C13-8207-C2C12F6C389E}.Ad-Hoc|iPhoneSimulator.ActiveCfg = Debug|Any CPU
		{67B56BCA-D6D6-4C13-8207-C2C12F6C389E}.Ad-Hoc|iPhoneSimulator.Build.0 = Debug|Any CPU
		{67B56BCA-D6D6-4C13-8207-C2C12F6C389E}.Ad-Hoc|x64.ActiveCfg = Debug|Any CPU
		{67B56BCA-D6D6-4C13-8207-C2C12F6C389E}.Ad-Hoc|x64.Build.0 = Debug|Any CPU
		{67B56BCA-D6D6-4C13-8207-C2C12F6C389E}.Ad-Hoc|x86.ActiveCfg = Debug|Any CPU
		{67B56BCA-D6D6-4C13-8207-C2C12F6C389E}.Ad-Hoc|x86.Build.0 = Debug|Any CPU
		{67B56BCA-D6D6-4C13-8207-C2C12F6C389E}.AppStore|Any CPU.ActiveCfg = Debug|Any CPU
		{67B56BCA-D6D6-4C13-8207-C2C12F6C389E}.AppStore|Any CPU.Build.0 = Debug|Any CPU
		{67B56BCA-D6D6-4C13-8207-C2C12F6C389E}.AppStore|ARM.ActiveCfg = Debug|Any CPU
		{67B56BCA-D6D6-4C13-8207-C2C12F6C389E}.AppStore|ARM.Build.0 = Debug|Any CPU
		{67B56BCA-D6D6-4C13-8207-C2C12F6C389E}.AppStore|iPhone.ActiveCfg = Debug|Any CPU
		{67B56BCA-D6D6-4C13-8207-C2C12F6C389E}.AppStore|iPhone.Build.0 = Debug|Any CPU
		{67B56BCA-D6D6-4C13-8207-C2C12F6C389E}.AppStore|iPhoneSimulator.ActiveCfg = Debug|Any CPU
		{67B56BCA-D6D6-4C13-8207-C2C12F6C389E}.AppStore|iPhoneSimulator.Build.0 = Debug|Any CPU
		{67B56BCA-D6D6-4C13-8207-C2C12F6C389E}.AppStore|x64.ActiveCfg = Debug|Any CPU
		{67B56BCA-D6D6-4C13-8207-C2C12F6C389E}.AppStore|x64.Build.0 = Debug|Any CPU
		{67B56BCA-D6D6-4C13-8207-C2C12F6C389E}.AppStore|x86.ActiveCfg = Debug|Any CPU
		{67B56BCA-D6D6-4C13-8207-C2C12F6C389E}.AppStore|x86.Build.0 = Debug|Any CPU
		{67B56BCA-D6D6-4C13-8207-C2C12F6C389E}.Debug|Any CPU.ActiveCfg = Debug|Any CPU
		{67B56BCA-D6D6-4C13-8207-C2C12F6C389E}.Debug|Any CPU.Build.0 = Debug|Any CPU
		{67B56BCA-D6D6-4C13-8207-C2C12F6C389E}.Debug|ARM.ActiveCfg = Debug|Any CPU
		{67B56BCA-D6D6-4C13-8207-C2C12F6C389E}.Debug|ARM.Build.0 = Debug|Any CPU
		{67B56BCA-D6D6-4C13-8207-C2C12F6C389E}.Debug|iPhone.ActiveCfg = Debug|Any CPU
		{67B56BCA-D6D6-4C13-8207-C2C12F6C389E}.Debug|iPhone.Build.0 = Debug|Any CPU
		{67B56BCA-D6D6-4C13-8207-C2C12F6C389E}.Debug|iPhoneSimulator.ActiveCfg = Debug|Any CPU
		{67B56BCA-D6D6-4C13-8207-C2C12F6C389E}.Debug|iPhoneSimulator.Build.0 = Debug|Any CPU
		{67B56BCA-D6D6-4C13-8207-C2C12F6C389E}.Debug|x64.ActiveCfg = Debug|Any CPU
		{67B56BCA-D6D6-4C13-8207-C2C12F6C389E}.Debug|x64.Build.0 = Debug|Any CPU
		{67B56BCA-D6D6-4C13-8207-C2C12F6C389E}.Debug|x86.ActiveCfg = Debug|Any CPU
		{67B56BCA-D6D6-4C13-8207-C2C12F6C389E}.Debug|x86.Build.0 = Debug|Any CPU
		{67B56BCA-D6D6-4C13-8207-C2C12F6C389E}.Release|Any CPU.ActiveCfg = Release|Any CPU
		{67B56BCA-D6D6-4C13-8207-C2C12F6C389E}.Release|Any CPU.Build.0 = Release|Any CPU
		{67B56BCA-D6D6-4C13-8207-C2C12F6C389E}.Release|ARM.ActiveCfg = Release|Any CPU
		{67B56BCA-D6D6-4C13-8207-C2C12F6C389E}.Release|ARM.Build.0 = Release|Any CPU
		{67B56BCA-D6D6-4C13-8207-C2C12F6C389E}.Release|iPhone.ActiveCfg = Release|Any CPU
		{67B56BCA-D6D6-4C13-8207-C2C12F6C389E}.Release|iPhone.Build.0 = Release|Any CPU
		{67B56BCA-D6D6-4C13-8207-C2C12F6C389E}.Release|iPhoneSimulator.ActiveCfg = Release|Any CPU
		{67B56BCA-D6D6-4C13-8207-C2C12F6C389E}.Release|iPhoneSimulator.Build.0 = Release|Any CPU
		{67B56BCA-D6D6-4C13-8207-C2C12F6C389E}.Release|x64.ActiveCfg = Release|Any CPU
		{67B56BCA-D6D6-4C13-8207-C2C12F6C389E}.Release|x64.Build.0 = Release|Any CPU
		{67B56BCA-D6D6-4C13-8207-C2C12F6C389E}.Release|x86.ActiveCfg = Release|Any CPU
		{67B56BCA-D6D6-4C13-8207-C2C12F6C389E}.Release|x86.Build.0 = Release|Any CPU
		{1B56105E-6971-4BBF-AF8D-65C1AA207003}.Ad-Hoc|Any CPU.ActiveCfg = Debug|Any CPU
		{1B56105E-6971-4BBF-AF8D-65C1AA207003}.Ad-Hoc|Any CPU.Build.0 = Debug|Any CPU
		{1B56105E-6971-4BBF-AF8D-65C1AA207003}.Ad-Hoc|ARM.ActiveCfg = Debug|Any CPU
		{1B56105E-6971-4BBF-AF8D-65C1AA207003}.Ad-Hoc|ARM.Build.0 = Debug|Any CPU
		{1B56105E-6971-4BBF-AF8D-65C1AA207003}.Ad-Hoc|iPhone.ActiveCfg = Debug|Any CPU
		{1B56105E-6971-4BBF-AF8D-65C1AA207003}.Ad-Hoc|iPhone.Build.0 = Debug|Any CPU
		{1B56105E-6971-4BBF-AF8D-65C1AA207003}.Ad-Hoc|iPhoneSimulator.ActiveCfg = Debug|Any CPU
		{1B56105E-6971-4BBF-AF8D-65C1AA207003}.Ad-Hoc|iPhoneSimulator.Build.0 = Debug|Any CPU
		{1B56105E-6971-4BBF-AF8D-65C1AA207003}.Ad-Hoc|x64.ActiveCfg = Debug|Any CPU
		{1B56105E-6971-4BBF-AF8D-65C1AA207003}.Ad-Hoc|x64.Build.0 = Debug|Any CPU
		{1B56105E-6971-4BBF-AF8D-65C1AA207003}.Ad-Hoc|x86.ActiveCfg = Debug|Any CPU
		{1B56105E-6971-4BBF-AF8D-65C1AA207003}.Ad-Hoc|x86.Build.0 = Debug|Any CPU
		{1B56105E-6971-4BBF-AF8D-65C1AA207003}.AppStore|Any CPU.ActiveCfg = Debug|Any CPU
		{1B56105E-6971-4BBF-AF8D-65C1AA207003}.AppStore|Any CPU.Build.0 = Debug|Any CPU
		{1B56105E-6971-4BBF-AF8D-65C1AA207003}.AppStore|ARM.ActiveCfg = Debug|Any CPU
		{1B56105E-6971-4BBF-AF8D-65C1AA207003}.AppStore|ARM.Build.0 = Debug|Any CPU
		{1B56105E-6971-4BBF-AF8D-65C1AA207003}.AppStore|iPhone.ActiveCfg = Debug|Any CPU
		{1B56105E-6971-4BBF-AF8D-65C1AA207003}.AppStore|iPhone.Build.0 = Debug|Any CPU
		{1B56105E-6971-4BBF-AF8D-65C1AA207003}.AppStore|iPhoneSimulator.ActiveCfg = Debug|Any CPU
		{1B56105E-6971-4BBF-AF8D-65C1AA207003}.AppStore|iPhoneSimulator.Build.0 = Debug|Any CPU
		{1B56105E-6971-4BBF-AF8D-65C1AA207003}.AppStore|x64.ActiveCfg = Debug|Any CPU
		{1B56105E-6971-4BBF-AF8D-65C1AA207003}.AppStore|x64.Build.0 = Debug|Any CPU
		{1B56105E-6971-4BBF-AF8D-65C1AA207003}.AppStore|x86.ActiveCfg = Debug|Any CPU
		{1B56105E-6971-4BBF-AF8D-65C1AA207003}.AppStore|x86.Build.0 = Debug|Any CPU
		{1B56105E-6971-4BBF-AF8D-65C1AA207003}.Debug|Any CPU.ActiveCfg = Debug|Any CPU
		{1B56105E-6971-4BBF-AF8D-65C1AA207003}.Debug|Any CPU.Build.0 = Debug|Any CPU
		{1B56105E-6971-4BBF-AF8D-65C1AA207003}.Debug|ARM.ActiveCfg = Debug|Any CPU
		{1B56105E-6971-4BBF-AF8D-65C1AA207003}.Debug|ARM.Build.0 = Debug|Any CPU
		{1B56105E-6971-4BBF-AF8D-65C1AA207003}.Debug|iPhone.ActiveCfg = Debug|Any CPU
		{1B56105E-6971-4BBF-AF8D-65C1AA207003}.Debug|iPhone.Build.0 = Debug|Any CPU
		{1B56105E-6971-4BBF-AF8D-65C1AA207003}.Debug|iPhoneSimulator.ActiveCfg = Debug|Any CPU
		{1B56105E-6971-4BBF-AF8D-65C1AA207003}.Debug|iPhoneSimulator.Build.0 = Debug|Any CPU
		{1B56105E-6971-4BBF-AF8D-65C1AA207003}.Debug|x64.ActiveCfg = Debug|Any CPU
		{1B56105E-6971-4BBF-AF8D-65C1AA207003}.Debug|x64.Build.0 = Debug|Any CPU
		{1B56105E-6971-4BBF-AF8D-65C1AA207003}.Debug|x86.ActiveCfg = Debug|Any CPU
		{1B56105E-6971-4BBF-AF8D-65C1AA207003}.Debug|x86.Build.0 = Debug|Any CPU
		{1B56105E-6971-4BBF-AF8D-65C1AA207003}.Release|Any CPU.ActiveCfg = Release|Any CPU
		{1B56105E-6971-4BBF-AF8D-65C1AA207003}.Release|Any CPU.Build.0 = Release|Any CPU
		{1B56105E-6971-4BBF-AF8D-65C1AA207003}.Release|ARM.ActiveCfg = Release|Any CPU
		{1B56105E-6971-4BBF-AF8D-65C1AA207003}.Release|ARM.Build.0 = Release|Any CPU
		{1B56105E-6971-4BBF-AF8D-65C1AA207003}.Release|iPhone.ActiveCfg = Release|Any CPU
		{1B56105E-6971-4BBF-AF8D-65C1AA207003}.Release|iPhone.Build.0 = Release|Any CPU
		{1B56105E-6971-4BBF-AF8D-65C1AA207003}.Release|iPhoneSimulator.ActiveCfg = Release|Any CPU
		{1B56105E-6971-4BBF-AF8D-65C1AA207003}.Release|iPhoneSimulator.Build.0 = Release|Any CPU
		{1B56105E-6971-4BBF-AF8D-65C1AA207003}.Release|x64.ActiveCfg = Release|Any CPU
		{1B56105E-6971-4BBF-AF8D-65C1AA207003}.Release|x64.Build.0 = Release|Any CPU
		{1B56105E-6971-4BBF-AF8D-65C1AA207003}.Release|x86.ActiveCfg = Release|Any CPU
		{1B56105E-6971-4BBF-AF8D-65C1AA207003}.Release|x86.Build.0 = Release|Any CPU
	EndGlobalSection
	GlobalSection(SolutionProperties) = preSolution
		HideSolutionNode = FALSE
	EndGlobalSection
	GlobalSection(NestedProjects) = preSolution
		{67F9D3A8-F71E-4428-913F-C37AE82CDB24} = {963727F9-05FC-4953-9C7D-F456FE69F689}
		{37D8CB29-1A83-4454-AA3F-94A7C64E8F7C} = {DC1FABAB-0FC1-407E-B2CE-9033FE08C95C}
		{FEBCC18C-9F1C-42C9-A925-CE9C20F315C4} = {DC1FABAB-0FC1-407E-B2CE-9033FE08C95C}
		{FB612C79-1193-48B5-99D9-A3F0F185273A} = {DC1FABAB-0FC1-407E-B2CE-9033FE08C95C}
		{D1D47930-CEA0-4A76-AFF1-AC8025E31C8B} = {963727F9-05FC-4953-9C7D-F456FE69F689}
		{6860BEFA-E4E5-4563-8FFB-9E94C65A83DC} = {963727F9-05FC-4953-9C7D-F456FE69F689}
		{A0DDA149-1953-40BE-85F4-BAEF3B738C55} = {963727F9-05FC-4953-9C7D-F456FE69F689}
		{67B56BCA-D6D6-4C13-8207-C2C12F6C389E} = {963727F9-05FC-4953-9C7D-F456FE69F689}
		{1B56105E-6971-4BBF-AF8D-65C1AA207003} = {EB58A410-8760-44CC-8AE1-AB2F65E84E9A}
	EndGlobalSection
	GlobalSection(ExtensibilityGlobals) = postSolution
		SolutionGuid = {E380D658-A835-41C0-A63A-D65A9C92844F}
		RESX_AutoCreateNewLanguageFiles = True
		RESX_NeutralResourcesLanguage = en-GB
		RESX_ShowPerformanceTraces = True
	EndGlobalSection
EndGlobal
