
Microsoft Visual Studio Solution File, Format Version 12.00
# Visual Studio 2012
Project("{FAE04EC0-301F-11D3-BF4B-00C04F79EFBC}") = "UnifiedCloudStorage.iOS", "UnifiedCloudStorage\UnifiedCloudStorage.iOS.csproj", "{E30CE4C1-6B5D-4533-A4A2-70817FF6D847}"
EndProject
Global
	GlobalSection(SolutionConfigurationPlatforms) = preSolution
		Debug|iPhoneSimulator = Debug|iPhoneSimulator
		Release|iPhone = Release|iPhone
		Release|iPhoneSimulator = Release|iPhoneSimulator
		Debug|iPhone = Debug|iPhone
	EndGlobalSection
	GlobalSection(ProjectConfigurationPlatforms) = postSolution
		{E30CE4C1-6B5D-4533-A4A2-70817FF6D847}.Debug|iPhoneSimulator.ActiveCfg = Debug|iPhoneSimulator
		{E30CE4C1-6B5D-4533-A4A2-70817FF6D847}.Debug|iPhoneSimulator.Build.0 = Debug|iPhoneSimulator
		{E30CE4C1-6B5D-4533-A4A2-70817FF6D847}.Release|iPhone.ActiveCfg = Release|iPhone
		{E30CE4C1-6B5D-4533-A4A2-70817FF6D847}.Release|iPhone.Build.0 = Release|iPhone
		{E30CE4C1-6B5D-4533-A4A2-70817FF6D847}.Release|iPhoneSimulator.ActiveCfg = Release|iPhoneSimulator
		{E30CE4C1-6B5D-4533-A4A2-70817FF6D847}.Release|iPhoneSimulator.Build.0 = Release|iPhoneSimulator
		{E30CE4C1-6B5D-4533-A4A2-70817FF6D847}.Debug|iPhone.ActiveCfg = Debug|iPhone
		{E30CE4C1-6B5D-4533-A4A2-70817FF6D847}.Debug|iPhone.Build.0 = Debug|iPhone
	EndGlobalSection
EndGlobal
